
Microsoft Visual Studio Solution File, Format Version 12.00
# Visual Studio Version 17
VisualStudioVersion = 17.0.31710.8
MinimumVisualStudioVersion = 10.0.40219.1
Project("{9A19103F-16F7-4668-BE54-9A1E7A4F7556}") = "CnGalWebSite.WebAssembly", "CnGalWebSite\CnGalWebSite.WebAssembly\CnGalWebSite.WebAssembly.csproj", "{4BEE7B32-53CD-4950-8994-CF74F1B41122}"
EndProject
Project("{9A19103F-16F7-4668-BE54-9A1E7A4F7556}") = "CnGalWebSite.Shared", "CnGalWebSite\CnGalWebSite.Shared\CnGalWebSite.Shared.csproj", "{2388DCE4-CDD6-49E1-BD1A-34AB700D633B}"
EndProject
Project("{9A19103F-16F7-4668-BE54-9A1E7A4F7556}") = "CnGalWebSite.APIServer", "CnGalWebSite\CnGalWebSite.APIServer\CnGalWebSite.APIServer.csproj", "{FCD2BF67-8361-4E30-AD2A-4ED7CECB2C69}"
EndProject
Project("{9A19103F-16F7-4668-BE54-9A1E7A4F7556}") = "CnGalWebSite.DataModel", "CnGalWebSite\CnGalWebSite.DataModel\CnGalWebSite.DataModel.csproj", "{99C37FB0-59D6-465B-9EC6-B7AA29D51522}"
EndProject
Project("{9A19103F-16F7-4668-BE54-9A1E7A4F7556}") = "CnGalWebSite.DrawingBed", "CnGalWebSite\CnGalWebSite.DrawingBed\CnGalWebSite.DrawingBed.csproj", "{F1CB2ACF-FE68-4052-B2E6-5F1FA5F10DFF}"
EndProject
Project("{9A19103F-16F7-4668-BE54-9A1E7A4F7556}") = "CnGalWebSite.Helper", "CnGalWebSite\CnGalWebSite.Helper\CnGalWebSite.Helper.csproj", "{E92547FA-F144-4367-96D3-FAFA20087F48}"
EndProject
Project("{9A19103F-16F7-4668-BE54-9A1E7A4F7556}") = "CnGalWebSite.PublicToolbox", "CnGalWebSite\CnGalWebSite.PublicToolbox\CnGalWebSite.PublicToolbox.csproj", "{5DA487BA-909F-4962-9898-9D05BDC52945}"
EndProject
Project("{9A19103F-16F7-4668-BE54-9A1E7A4F7556}") = "CnGalWebSite.HealthCheck", "CnGalWebSite\CnGalWebSite.HealthCheck\CnGalWebSite.HealthCheck.csproj", "{BC4DD6EB-7DD8-41BC-8CEC-4218D6CBB8DC}"
EndProject
Project("{9A19103F-16F7-4668-BE54-9A1E7A4F7556}") = "CnGalWebSite.IdentityServer", "CnGalWebSite\CnGalWebSite.IdentityServer\CnGalWebSite.IdentityServer.csproj", "{37188F5A-8A3B-4DF4-A792-3D98C23BF633}"
EndProject
Project("{9A19103F-16F7-4668-BE54-9A1E7A4F7556}") = "CnGalWebSite.Extensions", "CnGalWebSite\CnGalWebSite.Extensions\CnGalWebSite.Extensions.csproj", "{095C9FDA-372E-4E31-A4B3-7758EC5B67E0}"
EndProject
Project("{9A19103F-16F7-4668-BE54-9A1E7A4F7556}") = "CnGalWebSite.IdentityServer.Models", "CnGalWebSite\CnGalWebSite.IdentityServer.Models\CnGalWebSite.IdentityServer.Models.csproj", "{85D55C25-95AC-429E-8283-ECE37EBEDB89}"
EndProject
Project("{9A19103F-16F7-4668-BE54-9A1E7A4F7556}") = "CnGalWebSite.IdentityServer.Admin.SSR", "CnGalWebSite\CnGalWebSite.IdentityServer.Admin.SSR\CnGalWebSite.IdentityServer.Admin.SSR.csproj", "{4551A897-E421-4CAF-BE73-EFA66641D8A2}"
EndProject
Project("{9A19103F-16F7-4668-BE54-9A1E7A4F7556}") = "CnGalWebSite.IdentityServer.Admin.WASM", "CnGalWebSite\CnGalWebSite.IdentityServer.Admin.WASM\CnGalWebSite.IdentityServer.Admin.WASM.csproj", "{BFFA9D30-BF78-46D1-8F3E-F7EB13AEDD25}"
EndProject
Project("{9A19103F-16F7-4668-BE54-9A1E7A4F7556}") = "CnGalWebSite.IdentityServer.Admin.Shared", "CnGalWebSite\CnGalWebSite.IdentityServer.Admin.Shared\CnGalWebSite.IdentityServer.Admin.Shared.csproj", "{88228306-0F68-41E2-AEBA-5A8E8467CDA6}"
EndProject
Project("{9A19103F-16F7-4668-BE54-9A1E7A4F7556}") = "CnGalWebSite.DrawingBed.Models", "CnGalWebSite\CnGalWebSite.DrawingBed.Models\CnGalWebSite.DrawingBed.Models.csproj", "{74D192BF-81D7-47B5-A792-0CB20C85DDA9}"
EndProject
Project("{9A19103F-16F7-4668-BE54-9A1E7A4F7556}") = "CnGalWebSite.DrawingBed.Helper", "CnGalWebSite\CnGalWebSite.DrawingBed.Helper\CnGalWebSite.DrawingBed.Helper.csproj", "{EDB745FE-24F4-41E6-BD3B-C806C959458C}"
EndProject
Project("{9A19103F-16F7-4668-BE54-9A1E7A4F7556}") = "CnGalWebSite.Core", "CnGalWebSite\CnGalWebSite.Core\CnGalWebSite.Core.csproj", "{B60BE8AA-D81C-4047-9B3F-E682196CBF39}"
EndProject
Project("{9A19103F-16F7-4668-BE54-9A1E7A4F7556}") = "CnGalWebSite.Components", "CnGalWebSite\CnGalWebSite.Components\CnGalWebSite.Components.csproj", "{FEBAABAF-97CB-43A9-B96F-3A0B86DDC9AA}"
EndProject
Project("{9A19103F-16F7-4668-BE54-9A1E7A4F7556}") = "CnGalWebSite.RobotClientX", "CnGalWebSite\CnGalWebSite.RobotClientX\CnGalWebSite.RobotClientX.csproj", "{54FEDB5D-7AA2-4380-AA2D-5D9EEF737B32}"
EndProject
Project("{9A19103F-16F7-4668-BE54-9A1E7A4F7556}") = "CnGalWebSite.RobotClientX.Models", "CnGalWebSite\CnGalWebSite.RobotClientX.Models\CnGalWebSite.RobotClientX.Models.csproj", "{DC4DD43A-E365-4505-983A-9DFB725FA51C}"
EndProject
Project("{2150E333-8FDC-42A3-9474-1A3956D46DE8}") = "主站", "主站", "{97040347-AE2C-4854-AC26-01B4CCDA8527}"
EndProject
Project("{2150E333-8FDC-42A3-9474-1A3956D46DE8}") = "公共库", "公共库", "{D6519E7C-FC81-4EE7-A7BB-FC3F49D8D627}"
EndProject
Project("{2150E333-8FDC-42A3-9474-1A3956D46DE8}") = "图床", "图床", "{E3E3182B-8DAF-412F-A957-056C3929F5CF}"
EndProject
Project("{2150E333-8FDC-42A3-9474-1A3956D46DE8}") = "开放平台", "开放平台", "{21737D5B-3644-40E1-8619-15F59390BB30}"
EndProject
Project("{2150E333-8FDC-42A3-9474-1A3956D46DE8}") = "看板娘", "看板娘", "{27623C85-C07C-48CD-BCFB-6C350C7E4D40}"
EndProject
Project("{2150E333-8FDC-42A3-9474-1A3956D46DE8}") = "后端", "后端", "{29FE33B2-1281-45DC-817C-52786F64DE7D}"
EndProject
Project("{2150E333-8FDC-42A3-9474-1A3956D46DE8}") = "前端", "前端", "{6F149B9E-F2DA-47A8-8B9F-F8AE3570F4A8}"
EndProject
Project("{2150E333-8FDC-42A3-9474-1A3956D46DE8}") = "公共库", "公共库", "{18FF3D36-B0CA-446B-A048-05A83171CA7B}"
EndProject
Project("{2150E333-8FDC-42A3-9474-1A3956D46DE8}") = "组件库", "组件库", "{AB061EFA-363F-430A-BBF5-B8668F081868}"
EndProject
Project("{2150E333-8FDC-42A3-9474-1A3956D46DE8}") = "构建目标", "构建目标", "{2846624C-CC77-47D0-90B7-F9EE09EC6BF1}"
EndProject
Project("{9A19103F-16F7-4668-BE54-9A1E7A4F7556}") = "CnGalWebSite.Shared.Service", "CnGalWebSite\CnGalWebSite.Shared.Service\CnGalWebSite.Shared.Service.csproj", "{E34E7AE5-34E1-4861-93C1-D035E51A3243}"
EndProject
Project("{9A19103F-16F7-4668-BE54-9A1E7A4F7556}") = "CnGalWebSite.Shared.Models", "CnGalWebSite\CnGalWebSite.Shared.Models\CnGalWebSite.Shared.Models.csproj", "{2275EF31-85BD-4C81-9CA9-153EF2717709}"
EndProject
Project("{9A19103F-16F7-4668-BE54-9A1E7A4F7556}") = "CnGalWebSite.Shared.Extentions", "CnGalWebSite\CnGalWebSite.Shared.Extentions\CnGalWebSite.Shared.Extentions.csproj", "{AD8161DB-8568-48F4-AF51-A67DBE8FD7DB}"
EndProject
Project("{9A19103F-16F7-4668-BE54-9A1E7A4F7556}") = "CnGalWebSite.Shared.Component", "CnGalWebSite\CnGalWebSite.Shared.Component\CnGalWebSite.Shared.Component.csproj", "{2594F04F-AB25-40BF-83D3-1F6C29C0D0D3}"
EndProject
Project("{9A19103F-16F7-4668-BE54-9A1E7A4F7556}") = "CnGalWebSite.Shared.Common", "CnGalWebSite\CnGalWebSite.Shared.Common\CnGalWebSite.Shared.Common.csproj", "{D72D30B3-2259-42B8-8FD8-EF251BFD745E}"
EndProject
Project("{9A19103F-16F7-4668-BE54-9A1E7A4F7556}") = "CnGalWebSite.Shared.Layout", "CnGalWebSite\CnGalWebSite.Shared.Layout\CnGalWebSite.Shared.Layout.csproj", "{D8D33FAD-8343-425C-A90A-1864B915D902}"
EndProject
Project("{9A19103F-16F7-4668-BE54-9A1E7A4F7556}") = "CnGalWebSite.Shared.MasaComponent", "CnGalWebSite\CnGalWebSite.Shared.MasaComponent\CnGalWebSite.Shared.MasaComponent.csproj", "{6E9423B2-284C-416C-86B1-01BBF8689F0B}"
EndProject
Project("{2150E333-8FDC-42A3-9474-1A3956D46DE8}") = "测试", "测试", "{A6CEAA1A-85A3-4760-A958-37B1A92D840D}"
EndProject
Project("{9A19103F-16F7-4668-BE54-9A1E7A4F7556}") = "CnGalWebSite.UnitTest", "CnGalWebSite\CnGalWebSite.UnitTest\CnGalWebSite.UnitTest.csproj", "{4012E05C-ADF4-43A6-B7CC-5DF56BBDC9E4}"
EndProject
Project("{9A19103F-16F7-4668-BE54-9A1E7A4F7556}") = "CnGalWebSite.Kanban", "CnGalWebSite\CnGalWebSite.Kanban\CnGalWebSite.Kanban.csproj", "{867C8C08-6918-4B5A-A429-2A4E083E5B7B}"
EndProject
Project("{2150E333-8FDC-42A3-9474-1A3956D46DE8}") = "企划站", "企划站", "{1ED048B8-6078-4CEB-BDD5-FD3CD6B8A868}"
EndProject
Project("{9A19103F-16F7-4668-BE54-9A1E7A4F7556}") = "CnGalWebSite.ProjectSite.SSR", "CnGalWebSite\CnGalWebSite.ProjectSite.SSR\CnGalWebSite.ProjectSite.SSR.csproj", "{49E768F8-A828-4450-BCD3-47FB647F94CD}"
EndProject
Project("{9A19103F-16F7-4668-BE54-9A1E7A4F7556}") = "CnGalWebSite.ProjectSite.WASM", "CnGalWebSite\CnGalWebSite.ProjectSite.WASM\CnGalWebSite.ProjectSite.WASM.csproj", "{31045E9F-270B-439B-B128-A5521623455F}"
EndProject
Project("{9A19103F-16F7-4668-BE54-9A1E7A4F7556}") = "CnGalWebSite.ProjectSite.Shared", "CnGalWebSite\CnGalWebSite.ProjectSite.Shared\CnGalWebSite.ProjectSite.Shared.csproj", "{4279B30C-CDFE-4BB4-BD97-ED7B674E7932}"
EndProject
Project("{9A19103F-16F7-4668-BE54-9A1E7A4F7556}") = "CnGalWebSite.ProjectSite.API", "CnGalWebSite\CnGalWebSite.ProjectSite.API\CnGalWebSite.ProjectSite.API.csproj", "{5BF89009-9230-4B93-A7F9-B490B648EB28}"
EndProject
Project("{9A19103F-16F7-4668-BE54-9A1E7A4F7556}") = "CnGalWebSite.ProjectSite.Models", "CnGalWebSite\CnGalWebSite.ProjectSite.Models\CnGalWebSite.ProjectSite.Models.csproj", "{44902F0E-19A9-40B5-BD50-CEE5D08A553B}"
EndProject
Project("{2150E333-8FDC-42A3-9474-1A3956D46DE8}") = "游戏站", "游戏站", "{1FF79FD3-D814-4D14-8491-70607153E531}"
EndProject
Project("{9A19103F-16F7-4668-BE54-9A1E7A4F7556}") = "CnGalWebSite.GameSite.SSR", "CnGalWebSite\CnGalWebSite.GameSite.SSR\CnGalWebSite.GameSite.SSR.csproj", "{202F5225-F580-4887-A2CF-0F2D3F800D5E}"
EndProject
Project("{9A19103F-16F7-4668-BE54-9A1E7A4F7556}") = "CnGalWebSite.GameSite.WASM", "CnGalWebSite\CnGalWebSite.GameSite.WASM\CnGalWebSite.GameSite.WASM.csproj", "{F9E9FE20-D26C-4BF1-AE73-625E5D35D7A6}"
EndProject
Project("{9A19103F-16F7-4668-BE54-9A1E7A4F7556}") = "CnGalWebSite.GameSite.Shared", "CnGalWebSite\CnGalWebSite.GameSite.Shared\CnGalWebSite.GameSite.Shared.csproj", "{C556372C-545A-4CF6-877F-A9AD20C7C2C7}"
EndProject
Project("{9A19103F-16F7-4668-BE54-9A1E7A4F7556}") = "CnGalWebSite.GameSite.Models", "CnGalWebSite\CnGalWebSite.GameSite.Models\CnGalWebSite.GameSite.Models.csproj", "{34A5E2DA-ADB5-4D20-9113-DC6AD6564A79}"
EndProject
Project("{9A19103F-16F7-4668-BE54-9A1E7A4F7556}") = "CnGalWebSite.GameSite.API", "CnGalWebSite\CnGalWebSite.GameSite.API\CnGalWebSite.GameSite.API.csproj", "{12416B28-47CE-40DC-92E3-FCFD36E40D0A}"
EndProject
Project("{9A19103F-16F7-4668-BE54-9A1E7A4F7556}") = "CnGalWebSite.EventBus", "CnGalWebSite\CnGalWebSite.EventBus\CnGalWebSite.EventBus.csproj", "{5ACDF685-F5C1-45DC-A099-EADE86560D1E}"
EndProject
Project("{9A19103F-16F7-4668-BE54-9A1E7A4F7556}") = "CnGalWebSite.BlazorWeb", "CnGalWebSite\CnGalWebSite.BlazorWeb\CnGalWebSite.BlazorWeb.csproj", "{EC500405-D4D9-44BB-ABE9-14853562DD85}"
EndProject
Project("{2150E333-8FDC-42A3-9474-1A3956D46DE8}") = "定时任务", "定时任务", "{C402C9F2-CB27-4361-A79C-C76599B2D564}"
EndProject
Project("{9A19103F-16F7-4668-BE54-9A1E7A4F7556}") = "CnGalWebSite.TimedTask", "CnGalWebSite\CnGalWebSite.TimedTask\CnGalWebSite.TimedTask.csproj", "{275B53D2-2342-4EF7-A378-1A57B253625C}"
EndProject
Project("{9A19103F-16F7-4668-BE54-9A1E7A4F7556}") = "CnGalWebSite.TimedTask.Models", "CnGalWebSite\CnGalWebSite.TimedTask.Models\CnGalWebSite.TimedTask.Models.csproj", "{96F368C4-098C-4ED5-A3F6-613C3B404C4D}"
EndProject
Project("{9A19103F-16F7-4668-BE54-9A1E7A4F7556}") = "CnGalWebSite.Kanban.ChatGPT", "CnGalWebSite\CnGalWebSite.Kanban.ChatGPT\CnGalWebSite.Kanban.ChatGPT.csproj", "{FC998E1D-CAC5-46FC-A310-F1AD2EA4E5B2}"
EndProject
Project("{2150E333-8FDC-42A3-9474-1A3956D46DE8}") = "审核", "审核", "{0AD54B7F-5170-4B84-A7AA-862A95DD0EE2}"
EndProject
Project("{9A19103F-16F7-4668-BE54-9A1E7A4F7556}") = "CnGalWebSite.ExamineService", "CnGalWebSite\CnGalWebSite.ExamineService\CnGalWebSite.ExamineService.csproj", "{708EADA8-5513-43FD-9005-0DE03A1AD0F7}"
EndProject
Project("{2150E333-8FDC-42A3-9474-1A3956D46DE8}") = "展会", "展会", "{02EA681E-C7D8-13C7-8484-4AC65E1B71E8}"
EndProject
Project("{FAE04EC0-301F-11D3-BF4B-00C04F79EFBC}") = "CnGalWebSite.Expo", "CnGalWebSite\CnGalWebSite.Expo\CnGalWebSite.Expo.csproj", "{D1E661C8-E386-49C0-97C6-3B5B6EF3B327}"
EndProject
Global
	GlobalSection(SolutionConfigurationPlatforms) = preSolution
		Debug|Any CPU = Debug|Any CPU
		Debug|ARM = Debug|ARM
		Debug|ARM64 = Debug|ARM64
		Debug|x64 = Debug|x64
		Debug|x86 = Debug|x86
		Release|Any CPU = Release|Any CPU
		Release|ARM = Release|ARM
		Release|ARM64 = Release|ARM64
		Release|x64 = Release|x64
		Release|x86 = Release|x86
	EndGlobalSection
	GlobalSection(ProjectConfigurationPlatforms) = postSolution
		{4BEE7B32-53CD-4950-8994-CF74F1B41122}.Debug|Any CPU.ActiveCfg = Debug|Any CPU
		{4BEE7B32-53CD-4950-8994-CF74F1B41122}.Debug|Any CPU.Build.0 = Debug|Any CPU
		{4BEE7B32-53CD-4950-8994-CF74F1B41122}.Debug|ARM.ActiveCfg = Debug|Any CPU
		{4BEE7B32-53CD-4950-8994-CF74F1B41122}.Debug|ARM.Build.0 = Debug|Any CPU
		{4BEE7B32-53CD-4950-8994-CF74F1B41122}.Debug|ARM64.ActiveCfg = Debug|Any CPU
		{4BEE7B32-53CD-4950-8994-CF74F1B41122}.Debug|ARM64.Build.0 = Debug|Any CPU
		{4BEE7B32-53CD-4950-8994-CF74F1B41122}.Debug|x64.ActiveCfg = Debug|Any CPU
		{4BEE7B32-53CD-4950-8994-CF74F1B41122}.Debug|x64.Build.0 = Debug|Any CPU
		{4BEE7B32-53CD-4950-8994-CF74F1B41122}.Debug|x86.ActiveCfg = Debug|Any CPU
		{4BEE7B32-53CD-4950-8994-CF74F1B41122}.Debug|x86.Build.0 = Debug|Any CPU
		{4BEE7B32-53CD-4950-8994-CF74F1B41122}.Release|Any CPU.ActiveCfg = Release|Any CPU
		{4BEE7B32-53CD-4950-8994-CF74F1B41122}.Release|Any CPU.Build.0 = Release|Any CPU
		{4BEE7B32-53CD-4950-8994-CF74F1B41122}.Release|ARM.ActiveCfg = Release|Any CPU
		{4BEE7B32-53CD-4950-8994-CF74F1B41122}.Release|ARM.Build.0 = Release|Any CPU
		{4BEE7B32-53CD-4950-8994-CF74F1B41122}.Release|ARM64.ActiveCfg = Release|Any CPU
		{4BEE7B32-53CD-4950-8994-CF74F1B41122}.Release|ARM64.Build.0 = Release|Any CPU
		{4BEE7B32-53CD-4950-8994-CF74F1B41122}.Release|x64.ActiveCfg = Release|Any CPU
		{4BEE7B32-53CD-4950-8994-CF74F1B41122}.Release|x64.Build.0 = Release|Any CPU
		{4BEE7B32-53CD-4950-8994-CF74F1B41122}.Release|x86.ActiveCfg = Release|Any CPU
		{4BEE7B32-53CD-4950-8994-CF74F1B41122}.Release|x86.Build.0 = Release|Any CPU
		{2388DCE4-CDD6-49E1-BD1A-34AB700D633B}.Debug|Any CPU.ActiveCfg = Debug|Any CPU
		{2388DCE4-CDD6-49E1-BD1A-34AB700D633B}.Debug|Any CPU.Build.0 = Debug|Any CPU
		{2388DCE4-CDD6-49E1-BD1A-34AB700D633B}.Debug|ARM.ActiveCfg = Debug|Any CPU
		{2388DCE4-CDD6-49E1-BD1A-34AB700D633B}.Debug|ARM.Build.0 = Debug|Any CPU
		{2388DCE4-CDD6-49E1-BD1A-34AB700D633B}.Debug|ARM64.ActiveCfg = Debug|Any CPU
		{2388DCE4-CDD6-49E1-BD1A-34AB700D633B}.Debug|ARM64.Build.0 = Debug|Any CPU
		{2388DCE4-CDD6-49E1-BD1A-34AB700D633B}.Debug|x64.ActiveCfg = Debug|Any CPU
		{2388DCE4-CDD6-49E1-BD1A-34AB700D633B}.Debug|x64.Build.0 = Debug|Any CPU
		{2388DCE4-CDD6-49E1-BD1A-34AB700D633B}.Debug|x86.ActiveCfg = Debug|Any CPU
		{2388DCE4-CDD6-49E1-BD1A-34AB700D633B}.Debug|x86.Build.0 = Debug|Any CPU
		{2388DCE4-CDD6-49E1-BD1A-34AB700D633B}.Release|Any CPU.ActiveCfg = Release|Any CPU
		{2388DCE4-CDD6-49E1-BD1A-34AB700D633B}.Release|Any CPU.Build.0 = Release|Any CPU
		{2388DCE4-CDD6-49E1-BD1A-34AB700D633B}.Release|ARM.ActiveCfg = Release|Any CPU
		{2388DCE4-CDD6-49E1-BD1A-34AB700D633B}.Release|ARM.Build.0 = Release|Any CPU
		{2388DCE4-CDD6-49E1-BD1A-34AB700D633B}.Release|ARM64.ActiveCfg = Release|Any CPU
		{2388DCE4-CDD6-49E1-BD1A-34AB700D633B}.Release|ARM64.Build.0 = Release|Any CPU
		{2388DCE4-CDD6-49E1-BD1A-34AB700D633B}.Release|x64.ActiveCfg = Release|Any CPU
		{2388DCE4-CDD6-49E1-BD1A-34AB700D633B}.Release|x64.Build.0 = Release|Any CPU
		{2388DCE4-CDD6-49E1-BD1A-34AB700D633B}.Release|x86.ActiveCfg = Release|Any CPU
		{2388DCE4-CDD6-49E1-BD1A-34AB700D633B}.Release|x86.Build.0 = Release|Any CPU
		{FCD2BF67-8361-4E30-AD2A-4ED7CECB2C69}.Debug|Any CPU.ActiveCfg = Debug|Any CPU
		{FCD2BF67-8361-4E30-AD2A-4ED7CECB2C69}.Debug|Any CPU.Build.0 = Debug|Any CPU
		{FCD2BF67-8361-4E30-AD2A-4ED7CECB2C69}.Debug|ARM.ActiveCfg = Debug|Any CPU
		{FCD2BF67-8361-4E30-AD2A-4ED7CECB2C69}.Debug|ARM.Build.0 = Debug|Any CPU
		{FCD2BF67-8361-4E30-AD2A-4ED7CECB2C69}.Debug|ARM64.ActiveCfg = Debug|Any CPU
		{FCD2BF67-8361-4E30-AD2A-4ED7CECB2C69}.Debug|ARM64.Build.0 = Debug|Any CPU
		{FCD2BF67-8361-4E30-AD2A-4ED7CECB2C69}.Debug|x64.ActiveCfg = Debug|Any CPU
		{FCD2BF67-8361-4E30-AD2A-4ED7CECB2C69}.Debug|x64.Build.0 = Debug|Any CPU
		{FCD2BF67-8361-4E30-AD2A-4ED7CECB2C69}.Debug|x86.ActiveCfg = Debug|Any CPU
		{FCD2BF67-8361-4E30-AD2A-4ED7CECB2C69}.Debug|x86.Build.0 = Debug|Any CPU
		{FCD2BF67-8361-4E30-AD2A-4ED7CECB2C69}.Release|Any CPU.ActiveCfg = Release|Any CPU
		{FCD2BF67-8361-4E30-AD2A-4ED7CECB2C69}.Release|Any CPU.Build.0 = Release|Any CPU
		{FCD2BF67-8361-4E30-AD2A-4ED7CECB2C69}.Release|ARM.ActiveCfg = Release|Any CPU
		{FCD2BF67-8361-4E30-AD2A-4ED7CECB2C69}.Release|ARM.Build.0 = Release|Any CPU
		{FCD2BF67-8361-4E30-AD2A-4ED7CECB2C69}.Release|ARM64.ActiveCfg = Release|Any CPU
		{FCD2BF67-8361-4E30-AD2A-4ED7CECB2C69}.Release|ARM64.Build.0 = Release|Any CPU
		{FCD2BF67-8361-4E30-AD2A-4ED7CECB2C69}.Release|x64.ActiveCfg = Release|Any CPU
		{FCD2BF67-8361-4E30-AD2A-4ED7CECB2C69}.Release|x64.Build.0 = Release|Any CPU
		{FCD2BF67-8361-4E30-AD2A-4ED7CECB2C69}.Release|x86.ActiveCfg = Release|Any CPU
		{FCD2BF67-8361-4E30-AD2A-4ED7CECB2C69}.Release|x86.Build.0 = Release|Any CPU
		{99C37FB0-59D6-465B-9EC6-B7AA29D51522}.Debug|Any CPU.ActiveCfg = Debug|Any CPU
		{99C37FB0-59D6-465B-9EC6-B7AA29D51522}.Debug|Any CPU.Build.0 = Debug|Any CPU
		{99C37FB0-59D6-465B-9EC6-B7AA29D51522}.Debug|ARM.ActiveCfg = Debug|Any CPU
		{99C37FB0-59D6-465B-9EC6-B7AA29D51522}.Debug|ARM.Build.0 = Debug|Any CPU
		{99C37FB0-59D6-465B-9EC6-B7AA29D51522}.Debug|ARM64.ActiveCfg = Debug|Any CPU
		{99C37FB0-59D6-465B-9EC6-B7AA29D51522}.Debug|ARM64.Build.0 = Debug|Any CPU
		{99C37FB0-59D6-465B-9EC6-B7AA29D51522}.Debug|x64.ActiveCfg = Debug|Any CPU
		{99C37FB0-59D6-465B-9EC6-B7AA29D51522}.Debug|x64.Build.0 = Debug|Any CPU
		{99C37FB0-59D6-465B-9EC6-B7AA29D51522}.Debug|x86.ActiveCfg = Debug|Any CPU
		{99C37FB0-59D6-465B-9EC6-B7AA29D51522}.Debug|x86.Build.0 = Debug|Any CPU
		{99C37FB0-59D6-465B-9EC6-B7AA29D51522}.Release|Any CPU.ActiveCfg = Release|Any CPU
		{99C37FB0-59D6-465B-9EC6-B7AA29D51522}.Release|Any CPU.Build.0 = Release|Any CPU
		{99C37FB0-59D6-465B-9EC6-B7AA29D51522}.Release|ARM.ActiveCfg = Release|Any CPU
		{99C37FB0-59D6-465B-9EC6-B7AA29D51522}.Release|ARM.Build.0 = Release|Any CPU
		{99C37FB0-59D6-465B-9EC6-B7AA29D51522}.Release|ARM64.ActiveCfg = Release|Any CPU
		{99C37FB0-59D6-465B-9EC6-B7AA29D51522}.Release|ARM64.Build.0 = Release|Any CPU
		{99C37FB0-59D6-465B-9EC6-B7AA29D51522}.Release|x64.ActiveCfg = Release|Any CPU
		{99C37FB0-59D6-465B-9EC6-B7AA29D51522}.Release|x64.Build.0 = Release|Any CPU
		{99C37FB0-59D6-465B-9EC6-B7AA29D51522}.Release|x86.ActiveCfg = Release|Any CPU
		{99C37FB0-59D6-465B-9EC6-B7AA29D51522}.Release|x86.Build.0 = Release|Any CPU
		{F1CB2ACF-FE68-4052-B2E6-5F1FA5F10DFF}.Debug|Any CPU.ActiveCfg = Debug|Any CPU
		{F1CB2ACF-FE68-4052-B2E6-5F1FA5F10DFF}.Debug|Any CPU.Build.0 = Debug|Any CPU
		{F1CB2ACF-FE68-4052-B2E6-5F1FA5F10DFF}.Debug|ARM.ActiveCfg = Debug|Any CPU
		{F1CB2ACF-FE68-4052-B2E6-5F1FA5F10DFF}.Debug|ARM.Build.0 = Debug|Any CPU
		{F1CB2ACF-FE68-4052-B2E6-5F1FA5F10DFF}.Debug|ARM64.ActiveCfg = Debug|Any CPU
		{F1CB2ACF-FE68-4052-B2E6-5F1FA5F10DFF}.Debug|ARM64.Build.0 = Debug|Any CPU
		{F1CB2ACF-FE68-4052-B2E6-5F1FA5F10DFF}.Debug|x64.ActiveCfg = Debug|Any CPU
		{F1CB2ACF-FE68-4052-B2E6-5F1FA5F10DFF}.Debug|x64.Build.0 = Debug|Any CPU
		{F1CB2ACF-FE68-4052-B2E6-5F1FA5F10DFF}.Debug|x86.ActiveCfg = Debug|Any CPU
		{F1CB2ACF-FE68-4052-B2E6-5F1FA5F10DFF}.Debug|x86.Build.0 = Debug|Any CPU
		{F1CB2ACF-FE68-4052-B2E6-5F1FA5F10DFF}.Release|Any CPU.ActiveCfg = Release|Any CPU
		{F1CB2ACF-FE68-4052-B2E6-5F1FA5F10DFF}.Release|Any CPU.Build.0 = Release|Any CPU
		{F1CB2ACF-FE68-4052-B2E6-5F1FA5F10DFF}.Release|ARM.ActiveCfg = Release|Any CPU
		{F1CB2ACF-FE68-4052-B2E6-5F1FA5F10DFF}.Release|ARM.Build.0 = Release|Any CPU
		{F1CB2ACF-FE68-4052-B2E6-5F1FA5F10DFF}.Release|ARM64.ActiveCfg = Release|Any CPU
		{F1CB2ACF-FE68-4052-B2E6-5F1FA5F10DFF}.Release|ARM64.Build.0 = Release|Any CPU
		{F1CB2ACF-FE68-4052-B2E6-5F1FA5F10DFF}.Release|x64.ActiveCfg = Release|Any CPU
		{F1CB2ACF-FE68-4052-B2E6-5F1FA5F10DFF}.Release|x64.Build.0 = Release|Any CPU
		{F1CB2ACF-FE68-4052-B2E6-5F1FA5F10DFF}.Release|x86.ActiveCfg = Release|Any CPU
		{F1CB2ACF-FE68-4052-B2E6-5F1FA5F10DFF}.Release|x86.Build.0 = Release|Any CPU
		{E92547FA-F144-4367-96D3-FAFA20087F48}.Debug|Any CPU.ActiveCfg = Debug|Any CPU
		{E92547FA-F144-4367-96D3-FAFA20087F48}.Debug|Any CPU.Build.0 = Debug|Any CPU
		{E92547FA-F144-4367-96D3-FAFA20087F48}.Debug|ARM.ActiveCfg = Debug|Any CPU
		{E92547FA-F144-4367-96D3-FAFA20087F48}.Debug|ARM.Build.0 = Debug|Any CPU
		{E92547FA-F144-4367-96D3-FAFA20087F48}.Debug|ARM64.ActiveCfg = Debug|Any CPU
		{E92547FA-F144-4367-96D3-FAFA20087F48}.Debug|ARM64.Build.0 = Debug|Any CPU
		{E92547FA-F144-4367-96D3-FAFA20087F48}.Debug|x64.ActiveCfg = Debug|Any CPU
		{E92547FA-F144-4367-96D3-FAFA20087F48}.Debug|x64.Build.0 = Debug|Any CPU
		{E92547FA-F144-4367-96D3-FAFA20087F48}.Debug|x86.ActiveCfg = Debug|Any CPU
		{E92547FA-F144-4367-96D3-FAFA20087F48}.Debug|x86.Build.0 = Debug|Any CPU
		{E92547FA-F144-4367-96D3-FAFA20087F48}.Release|Any CPU.ActiveCfg = Release|Any CPU
		{E92547FA-F144-4367-96D3-FAFA20087F48}.Release|Any CPU.Build.0 = Release|Any CPU
		{E92547FA-F144-4367-96D3-FAFA20087F48}.Release|ARM.ActiveCfg = Release|Any CPU
		{E92547FA-F144-4367-96D3-FAFA20087F48}.Release|ARM.Build.0 = Release|Any CPU
		{E92547FA-F144-4367-96D3-FAFA20087F48}.Release|ARM64.ActiveCfg = Release|Any CPU
		{E92547FA-F144-4367-96D3-FAFA20087F48}.Release|ARM64.Build.0 = Release|Any CPU
		{E92547FA-F144-4367-96D3-FAFA20087F48}.Release|x64.ActiveCfg = Release|Any CPU
		{E92547FA-F144-4367-96D3-FAFA20087F48}.Release|x64.Build.0 = Release|Any CPU
		{E92547FA-F144-4367-96D3-FAFA20087F48}.Release|x86.ActiveCfg = Release|Any CPU
		{E92547FA-F144-4367-96D3-FAFA20087F48}.Release|x86.Build.0 = Release|Any CPU
		{5DA487BA-909F-4962-9898-9D05BDC52945}.Debug|Any CPU.ActiveCfg = Debug|Any CPU
		{5DA487BA-909F-4962-9898-9D05BDC52945}.Debug|Any CPU.Build.0 = Debug|Any CPU
		{5DA487BA-909F-4962-9898-9D05BDC52945}.Debug|ARM.ActiveCfg = Debug|Any CPU
		{5DA487BA-909F-4962-9898-9D05BDC52945}.Debug|ARM.Build.0 = Debug|Any CPU
		{5DA487BA-909F-4962-9898-9D05BDC52945}.Debug|ARM64.ActiveCfg = Debug|Any CPU
		{5DA487BA-909F-4962-9898-9D05BDC52945}.Debug|ARM64.Build.0 = Debug|Any CPU
		{5DA487BA-909F-4962-9898-9D05BDC52945}.Debug|x64.ActiveCfg = Debug|Any CPU
		{5DA487BA-909F-4962-9898-9D05BDC52945}.Debug|x64.Build.0 = Debug|Any CPU
		{5DA487BA-909F-4962-9898-9D05BDC52945}.Debug|x86.ActiveCfg = Debug|Any CPU
		{5DA487BA-909F-4962-9898-9D05BDC52945}.Debug|x86.Build.0 = Debug|Any CPU
		{5DA487BA-909F-4962-9898-9D05BDC52945}.Release|Any CPU.ActiveCfg = Release|Any CPU
		{5DA487BA-909F-4962-9898-9D05BDC52945}.Release|Any CPU.Build.0 = Release|Any CPU
		{5DA487BA-909F-4962-9898-9D05BDC52945}.Release|ARM.ActiveCfg = Release|Any CPU
		{5DA487BA-909F-4962-9898-9D05BDC52945}.Release|ARM.Build.0 = Release|Any CPU
		{5DA487BA-909F-4962-9898-9D05BDC52945}.Release|ARM64.ActiveCfg = Release|Any CPU
		{5DA487BA-909F-4962-9898-9D05BDC52945}.Release|ARM64.Build.0 = Release|Any CPU
		{5DA487BA-909F-4962-9898-9D05BDC52945}.Release|x64.ActiveCfg = Release|Any CPU
		{5DA487BA-909F-4962-9898-9D05BDC52945}.Release|x64.Build.0 = Release|Any CPU
		{5DA487BA-909F-4962-9898-9D05BDC52945}.Release|x86.ActiveCfg = Release|Any CPU
		{5DA487BA-909F-4962-9898-9D05BDC52945}.Release|x86.Build.0 = Release|Any CPU
		{BC4DD6EB-7DD8-41BC-8CEC-4218D6CBB8DC}.Debug|Any CPU.ActiveCfg = Debug|Any CPU
		{BC4DD6EB-7DD8-41BC-8CEC-4218D6CBB8DC}.Debug|Any CPU.Build.0 = Debug|Any CPU
		{BC4DD6EB-7DD8-41BC-8CEC-4218D6CBB8DC}.Debug|ARM.ActiveCfg = Debug|Any CPU
		{BC4DD6EB-7DD8-41BC-8CEC-4218D6CBB8DC}.Debug|ARM.Build.0 = Debug|Any CPU
		{BC4DD6EB-7DD8-41BC-8CEC-4218D6CBB8DC}.Debug|ARM64.ActiveCfg = Debug|Any CPU
		{BC4DD6EB-7DD8-41BC-8CEC-4218D6CBB8DC}.Debug|ARM64.Build.0 = Debug|Any CPU
		{BC4DD6EB-7DD8-41BC-8CEC-4218D6CBB8DC}.Debug|x64.ActiveCfg = Debug|Any CPU
		{BC4DD6EB-7DD8-41BC-8CEC-4218D6CBB8DC}.Debug|x64.Build.0 = Debug|Any CPU
		{BC4DD6EB-7DD8-41BC-8CEC-4218D6CBB8DC}.Debug|x86.ActiveCfg = Debug|Any CPU
		{BC4DD6EB-7DD8-41BC-8CEC-4218D6CBB8DC}.Debug|x86.Build.0 = Debug|Any CPU
		{BC4DD6EB-7DD8-41BC-8CEC-4218D6CBB8DC}.Release|Any CPU.ActiveCfg = Release|Any CPU
		{BC4DD6EB-7DD8-41BC-8CEC-4218D6CBB8DC}.Release|Any CPU.Build.0 = Release|Any CPU
		{BC4DD6EB-7DD8-41BC-8CEC-4218D6CBB8DC}.Release|ARM.ActiveCfg = Release|Any CPU
		{BC4DD6EB-7DD8-41BC-8CEC-4218D6CBB8DC}.Release|ARM.Build.0 = Release|Any CPU
		{BC4DD6EB-7DD8-41BC-8CEC-4218D6CBB8DC}.Release|ARM64.ActiveCfg = Release|Any CPU
		{BC4DD6EB-7DD8-41BC-8CEC-4218D6CBB8DC}.Release|ARM64.Build.0 = Release|Any CPU
		{BC4DD6EB-7DD8-41BC-8CEC-4218D6CBB8DC}.Release|x64.ActiveCfg = Release|Any CPU
		{BC4DD6EB-7DD8-41BC-8CEC-4218D6CBB8DC}.Release|x64.Build.0 = Release|Any CPU
		{BC4DD6EB-7DD8-41BC-8CEC-4218D6CBB8DC}.Release|x86.ActiveCfg = Release|Any CPU
		{BC4DD6EB-7DD8-41BC-8CEC-4218D6CBB8DC}.Release|x86.Build.0 = Release|Any CPU
		{37188F5A-8A3B-4DF4-A792-3D98C23BF633}.Debug|Any CPU.ActiveCfg = Debug|Any CPU
		{37188F5A-8A3B-4DF4-A792-3D98C23BF633}.Debug|Any CPU.Build.0 = Debug|Any CPU
		{37188F5A-8A3B-4DF4-A792-3D98C23BF633}.Debug|ARM.ActiveCfg = Debug|Any CPU
		{37188F5A-8A3B-4DF4-A792-3D98C23BF633}.Debug|ARM.Build.0 = Debug|Any CPU
		{37188F5A-8A3B-4DF4-A792-3D98C23BF633}.Debug|ARM64.ActiveCfg = Debug|Any CPU
		{37188F5A-8A3B-4DF4-A792-3D98C23BF633}.Debug|ARM64.Build.0 = Debug|Any CPU
		{37188F5A-8A3B-4DF4-A792-3D98C23BF633}.Debug|x64.ActiveCfg = Debug|Any CPU
		{37188F5A-8A3B-4DF4-A792-3D98C23BF633}.Debug|x64.Build.0 = Debug|Any CPU
		{37188F5A-8A3B-4DF4-A792-3D98C23BF633}.Debug|x86.ActiveCfg = Debug|Any CPU
		{37188F5A-8A3B-4DF4-A792-3D98C23BF633}.Debug|x86.Build.0 = Debug|Any CPU
		{37188F5A-8A3B-4DF4-A792-3D98C23BF633}.Release|Any CPU.ActiveCfg = Release|Any CPU
		{37188F5A-8A3B-4DF4-A792-3D98C23BF633}.Release|Any CPU.Build.0 = Release|Any CPU
		{37188F5A-8A3B-4DF4-A792-3D98C23BF633}.Release|ARM.ActiveCfg = Release|Any CPU
		{37188F5A-8A3B-4DF4-A792-3D98C23BF633}.Release|ARM.Build.0 = Release|Any CPU
		{37188F5A-8A3B-4DF4-A792-3D98C23BF633}.Release|ARM64.ActiveCfg = Release|Any CPU
		{37188F5A-8A3B-4DF4-A792-3D98C23BF633}.Release|ARM64.Build.0 = Release|Any CPU
		{37188F5A-8A3B-4DF4-A792-3D98C23BF633}.Release|x64.ActiveCfg = Release|Any CPU
		{37188F5A-8A3B-4DF4-A792-3D98C23BF633}.Release|x64.Build.0 = Release|Any CPU
		{37188F5A-8A3B-4DF4-A792-3D98C23BF633}.Release|x86.ActiveCfg = Release|Any CPU
		{37188F5A-8A3B-4DF4-A792-3D98C23BF633}.Release|x86.Build.0 = Release|Any CPU
		{095C9FDA-372E-4E31-A4B3-7758EC5B67E0}.Debug|Any CPU.ActiveCfg = Debug|Any CPU
		{095C9FDA-372E-4E31-A4B3-7758EC5B67E0}.Debug|Any CPU.Build.0 = Debug|Any CPU
		{095C9FDA-372E-4E31-A4B3-7758EC5B67E0}.Debug|ARM.ActiveCfg = Debug|Any CPU
		{095C9FDA-372E-4E31-A4B3-7758EC5B67E0}.Debug|ARM.Build.0 = Debug|Any CPU
		{095C9FDA-372E-4E31-A4B3-7758EC5B67E0}.Debug|ARM64.ActiveCfg = Debug|Any CPU
		{095C9FDA-372E-4E31-A4B3-7758EC5B67E0}.Debug|ARM64.Build.0 = Debug|Any CPU
		{095C9FDA-372E-4E31-A4B3-7758EC5B67E0}.Debug|x64.ActiveCfg = Debug|Any CPU
		{095C9FDA-372E-4E31-A4B3-7758EC5B67E0}.Debug|x64.Build.0 = Debug|Any CPU
		{095C9FDA-372E-4E31-A4B3-7758EC5B67E0}.Debug|x86.ActiveCfg = Debug|Any CPU
		{095C9FDA-372E-4E31-A4B3-7758EC5B67E0}.Debug|x86.Build.0 = Debug|Any CPU
		{095C9FDA-372E-4E31-A4B3-7758EC5B67E0}.Release|Any CPU.ActiveCfg = Release|Any CPU
		{095C9FDA-372E-4E31-A4B3-7758EC5B67E0}.Release|Any CPU.Build.0 = Release|Any CPU
		{095C9FDA-372E-4E31-A4B3-7758EC5B67E0}.Release|ARM.ActiveCfg = Release|Any CPU
		{095C9FDA-372E-4E31-A4B3-7758EC5B67E0}.Release|ARM.Build.0 = Release|Any CPU
		{095C9FDA-372E-4E31-A4B3-7758EC5B67E0}.Release|ARM64.ActiveCfg = Release|Any CPU
		{095C9FDA-372E-4E31-A4B3-7758EC5B67E0}.Release|ARM64.Build.0 = Release|Any CPU
		{095C9FDA-372E-4E31-A4B3-7758EC5B67E0}.Release|x64.ActiveCfg = Release|Any CPU
		{095C9FDA-372E-4E31-A4B3-7758EC5B67E0}.Release|x64.Build.0 = Release|Any CPU
		{095C9FDA-372E-4E31-A4B3-7758EC5B67E0}.Release|x86.ActiveCfg = Release|Any CPU
		{095C9FDA-372E-4E31-A4B3-7758EC5B67E0}.Release|x86.Build.0 = Release|Any CPU
		{85D55C25-95AC-429E-8283-ECE37EBEDB89}.Debug|Any CPU.ActiveCfg = Debug|Any CPU
		{85D55C25-95AC-429E-8283-ECE37EBEDB89}.Debug|Any CPU.Build.0 = Debug|Any CPU
		{85D55C25-95AC-429E-8283-ECE37EBEDB89}.Debug|ARM.ActiveCfg = Debug|Any CPU
		{85D55C25-95AC-429E-8283-ECE37EBEDB89}.Debug|ARM.Build.0 = Debug|Any CPU
		{85D55C25-95AC-429E-8283-ECE37EBEDB89}.Debug|ARM64.ActiveCfg = Debug|Any CPU
		{85D55C25-95AC-429E-8283-ECE37EBEDB89}.Debug|ARM64.Build.0 = Debug|Any CPU
		{85D55C25-95AC-429E-8283-ECE37EBEDB89}.Debug|x64.ActiveCfg = Debug|Any CPU
		{85D55C25-95AC-429E-8283-ECE37EBEDB89}.Debug|x64.Build.0 = Debug|Any CPU
		{85D55C25-95AC-429E-8283-ECE37EBEDB89}.Debug|x86.ActiveCfg = Debug|Any CPU
		{85D55C25-95AC-429E-8283-ECE37EBEDB89}.Debug|x86.Build.0 = Debug|Any CPU
		{85D55C25-95AC-429E-8283-ECE37EBEDB89}.Release|Any CPU.ActiveCfg = Release|Any CPU
		{85D55C25-95AC-429E-8283-ECE37EBEDB89}.Release|Any CPU.Build.0 = Release|Any CPU
		{85D55C25-95AC-429E-8283-ECE37EBEDB89}.Release|ARM.ActiveCfg = Release|Any CPU
		{85D55C25-95AC-429E-8283-ECE37EBEDB89}.Release|ARM.Build.0 = Release|Any CPU
		{85D55C25-95AC-429E-8283-ECE37EBEDB89}.Release|ARM64.ActiveCfg = Release|Any CPU
		{85D55C25-95AC-429E-8283-ECE37EBEDB89}.Release|ARM64.Build.0 = Release|Any CPU
		{85D55C25-95AC-429E-8283-ECE37EBEDB89}.Release|x64.ActiveCfg = Release|Any CPU
		{85D55C25-95AC-429E-8283-ECE37EBEDB89}.Release|x64.Build.0 = Release|Any CPU
		{85D55C25-95AC-429E-8283-ECE37EBEDB89}.Release|x86.ActiveCfg = Release|Any CPU
		{85D55C25-95AC-429E-8283-ECE37EBEDB89}.Release|x86.Build.0 = Release|Any CPU
		{4551A897-E421-4CAF-BE73-EFA66641D8A2}.Debug|Any CPU.ActiveCfg = Debug|Any CPU
		{4551A897-E421-4CAF-BE73-EFA66641D8A2}.Debug|Any CPU.Build.0 = Debug|Any CPU
		{4551A897-E421-4CAF-BE73-EFA66641D8A2}.Debug|ARM.ActiveCfg = Debug|Any CPU
		{4551A897-E421-4CAF-BE73-EFA66641D8A2}.Debug|ARM.Build.0 = Debug|Any CPU
		{4551A897-E421-4CAF-BE73-EFA66641D8A2}.Debug|ARM64.ActiveCfg = Debug|Any CPU
		{4551A897-E421-4CAF-BE73-EFA66641D8A2}.Debug|ARM64.Build.0 = Debug|Any CPU
		{4551A897-E421-4CAF-BE73-EFA66641D8A2}.Debug|x64.ActiveCfg = Debug|Any CPU
		{4551A897-E421-4CAF-BE73-EFA66641D8A2}.Debug|x64.Build.0 = Debug|Any CPU
		{4551A897-E421-4CAF-BE73-EFA66641D8A2}.Debug|x86.ActiveCfg = Debug|Any CPU
		{4551A897-E421-4CAF-BE73-EFA66641D8A2}.Debug|x86.Build.0 = Debug|Any CPU
		{4551A897-E421-4CAF-BE73-EFA66641D8A2}.Release|Any CPU.ActiveCfg = Release|Any CPU
		{4551A897-E421-4CAF-BE73-EFA66641D8A2}.Release|Any CPU.Build.0 = Release|Any CPU
		{4551A897-E421-4CAF-BE73-EFA66641D8A2}.Release|ARM.ActiveCfg = Release|Any CPU
		{4551A897-E421-4CAF-BE73-EFA66641D8A2}.Release|ARM.Build.0 = Release|Any CPU
		{4551A897-E421-4CAF-BE73-EFA66641D8A2}.Release|ARM64.ActiveCfg = Release|Any CPU
		{4551A897-E421-4CAF-BE73-EFA66641D8A2}.Release|ARM64.Build.0 = Release|Any CPU
		{4551A897-E421-4CAF-BE73-EFA66641D8A2}.Release|x64.ActiveCfg = Release|Any CPU
		{4551A897-E421-4CAF-BE73-EFA66641D8A2}.Release|x64.Build.0 = Release|Any CPU
		{4551A897-E421-4CAF-BE73-EFA66641D8A2}.Release|x86.ActiveCfg = Release|Any CPU
		{4551A897-E421-4CAF-BE73-EFA66641D8A2}.Release|x86.Build.0 = Release|Any CPU
		{BFFA9D30-BF78-46D1-8F3E-F7EB13AEDD25}.Debug|Any CPU.ActiveCfg = Debug|Any CPU
		{BFFA9D30-BF78-46D1-8F3E-F7EB13AEDD25}.Debug|Any CPU.Build.0 = Debug|Any CPU
		{BFFA9D30-BF78-46D1-8F3E-F7EB13AEDD25}.Debug|ARM.ActiveCfg = Debug|Any CPU
		{BFFA9D30-BF78-46D1-8F3E-F7EB13AEDD25}.Debug|ARM.Build.0 = Debug|Any CPU
		{BFFA9D30-BF78-46D1-8F3E-F7EB13AEDD25}.Debug|ARM64.ActiveCfg = Debug|Any CPU
		{BFFA9D30-BF78-46D1-8F3E-F7EB13AEDD25}.Debug|ARM64.Build.0 = Debug|Any CPU
		{BFFA9D30-BF78-46D1-8F3E-F7EB13AEDD25}.Debug|x64.ActiveCfg = Debug|Any CPU
		{BFFA9D30-BF78-46D1-8F3E-F7EB13AEDD25}.Debug|x64.Build.0 = Debug|Any CPU
		{BFFA9D30-BF78-46D1-8F3E-F7EB13AEDD25}.Debug|x86.ActiveCfg = Debug|Any CPU
		{BFFA9D30-BF78-46D1-8F3E-F7EB13AEDD25}.Debug|x86.Build.0 = Debug|Any CPU
		{BFFA9D30-BF78-46D1-8F3E-F7EB13AEDD25}.Release|Any CPU.ActiveCfg = Release|Any CPU
		{BFFA9D30-BF78-46D1-8F3E-F7EB13AEDD25}.Release|Any CPU.Build.0 = Release|Any CPU
		{BFFA9D30-BF78-46D1-8F3E-F7EB13AEDD25}.Release|ARM.ActiveCfg = Release|Any CPU
		{BFFA9D30-BF78-46D1-8F3E-F7EB13AEDD25}.Release|ARM.Build.0 = Release|Any CPU
		{BFFA9D30-BF78-46D1-8F3E-F7EB13AEDD25}.Release|ARM64.ActiveCfg = Release|Any CPU
		{BFFA9D30-BF78-46D1-8F3E-F7EB13AEDD25}.Release|ARM64.Build.0 = Release|Any CPU
		{BFFA9D30-BF78-46D1-8F3E-F7EB13AEDD25}.Release|x64.ActiveCfg = Release|Any CPU
		{BFFA9D30-BF78-46D1-8F3E-F7EB13AEDD25}.Release|x64.Build.0 = Release|Any CPU
		{BFFA9D30-BF78-46D1-8F3E-F7EB13AEDD25}.Release|x86.ActiveCfg = Release|Any CPU
		{BFFA9D30-BF78-46D1-8F3E-F7EB13AEDD25}.Release|x86.Build.0 = Release|Any CPU
		{88228306-0F68-41E2-AEBA-5A8E8467CDA6}.Debug|Any CPU.ActiveCfg = Debug|Any CPU
		{88228306-0F68-41E2-AEBA-5A8E8467CDA6}.Debug|Any CPU.Build.0 = Debug|Any CPU
		{88228306-0F68-41E2-AEBA-5A8E8467CDA6}.Debug|ARM.ActiveCfg = Debug|Any CPU
		{88228306-0F68-41E2-AEBA-5A8E8467CDA6}.Debug|ARM.Build.0 = Debug|Any CPU
		{88228306-0F68-41E2-AEBA-5A8E8467CDA6}.Debug|ARM64.ActiveCfg = Debug|Any CPU
		{88228306-0F68-41E2-AEBA-5A8E8467CDA6}.Debug|ARM64.Build.0 = Debug|Any CPU
		{88228306-0F68-41E2-AEBA-5A8E8467CDA6}.Debug|x64.ActiveCfg = Debug|Any CPU
		{88228306-0F68-41E2-AEBA-5A8E8467CDA6}.Debug|x64.Build.0 = Debug|Any CPU
		{88228306-0F68-41E2-AEBA-5A8E8467CDA6}.Debug|x86.ActiveCfg = Debug|Any CPU
		{88228306-0F68-41E2-AEBA-5A8E8467CDA6}.Debug|x86.Build.0 = Debug|Any CPU
		{88228306-0F68-41E2-AEBA-5A8E8467CDA6}.Release|Any CPU.ActiveCfg = Release|Any CPU
		{88228306-0F68-41E2-AEBA-5A8E8467CDA6}.Release|Any CPU.Build.0 = Release|Any CPU
		{88228306-0F68-41E2-AEBA-5A8E8467CDA6}.Release|ARM.ActiveCfg = Release|Any CPU
		{88228306-0F68-41E2-AEBA-5A8E8467CDA6}.Release|ARM.Build.0 = Release|Any CPU
		{88228306-0F68-41E2-AEBA-5A8E8467CDA6}.Release|ARM64.ActiveCfg = Release|Any CPU
		{88228306-0F68-41E2-AEBA-5A8E8467CDA6}.Release|ARM64.Build.0 = Release|Any CPU
		{88228306-0F68-41E2-AEBA-5A8E8467CDA6}.Release|x64.ActiveCfg = Release|Any CPU
		{88228306-0F68-41E2-AEBA-5A8E8467CDA6}.Release|x64.Build.0 = Release|Any CPU
		{88228306-0F68-41E2-AEBA-5A8E8467CDA6}.Release|x86.ActiveCfg = Release|Any CPU
		{88228306-0F68-41E2-AEBA-5A8E8467CDA6}.Release|x86.Build.0 = Release|Any CPU
		{74D192BF-81D7-47B5-A792-0CB20C85DDA9}.Debug|Any CPU.ActiveCfg = Debug|Any CPU
		{74D192BF-81D7-47B5-A792-0CB20C85DDA9}.Debug|Any CPU.Build.0 = Debug|Any CPU
		{74D192BF-81D7-47B5-A792-0CB20C85DDA9}.Debug|ARM.ActiveCfg = Debug|Any CPU
		{74D192BF-81D7-47B5-A792-0CB20C85DDA9}.Debug|ARM.Build.0 = Debug|Any CPU
		{74D192BF-81D7-47B5-A792-0CB20C85DDA9}.Debug|ARM64.ActiveCfg = Debug|Any CPU
		{74D192BF-81D7-47B5-A792-0CB20C85DDA9}.Debug|ARM64.Build.0 = Debug|Any CPU
		{74D192BF-81D7-47B5-A792-0CB20C85DDA9}.Debug|x64.ActiveCfg = Debug|Any CPU
		{74D192BF-81D7-47B5-A792-0CB20C85DDA9}.Debug|x64.Build.0 = Debug|Any CPU
		{74D192BF-81D7-47B5-A792-0CB20C85DDA9}.Debug|x86.ActiveCfg = Debug|Any CPU
		{74D192BF-81D7-47B5-A792-0CB20C85DDA9}.Debug|x86.Build.0 = Debug|Any CPU
		{74D192BF-81D7-47B5-A792-0CB20C85DDA9}.Release|Any CPU.ActiveCfg = Release|Any CPU
		{74D192BF-81D7-47B5-A792-0CB20C85DDA9}.Release|Any CPU.Build.0 = Release|Any CPU
		{74D192BF-81D7-47B5-A792-0CB20C85DDA9}.Release|ARM.ActiveCfg = Release|Any CPU
		{74D192BF-81D7-47B5-A792-0CB20C85DDA9}.Release|ARM.Build.0 = Release|Any CPU
		{74D192BF-81D7-47B5-A792-0CB20C85DDA9}.Release|ARM64.ActiveCfg = Release|Any CPU
		{74D192BF-81D7-47B5-A792-0CB20C85DDA9}.Release|ARM64.Build.0 = Release|Any CPU
		{74D192BF-81D7-47B5-A792-0CB20C85DDA9}.Release|x64.ActiveCfg = Release|Any CPU
		{74D192BF-81D7-47B5-A792-0CB20C85DDA9}.Release|x64.Build.0 = Release|Any CPU
		{74D192BF-81D7-47B5-A792-0CB20C85DDA9}.Release|x86.ActiveCfg = Release|Any CPU
		{74D192BF-81D7-47B5-A792-0CB20C85DDA9}.Release|x86.Build.0 = Release|Any CPU
		{EDB745FE-24F4-41E6-BD3B-C806C959458C}.Debug|Any CPU.ActiveCfg = Debug|Any CPU
		{EDB745FE-24F4-41E6-BD3B-C806C959458C}.Debug|Any CPU.Build.0 = Debug|Any CPU
		{EDB745FE-24F4-41E6-BD3B-C806C959458C}.Debug|ARM.ActiveCfg = Debug|Any CPU
		{EDB745FE-24F4-41E6-BD3B-C806C959458C}.Debug|ARM.Build.0 = Debug|Any CPU
		{EDB745FE-24F4-41E6-BD3B-C806C959458C}.Debug|ARM64.ActiveCfg = Debug|Any CPU
		{EDB745FE-24F4-41E6-BD3B-C806C959458C}.Debug|ARM64.Build.0 = Debug|Any CPU
		{EDB745FE-24F4-41E6-BD3B-C806C959458C}.Debug|x64.ActiveCfg = Debug|Any CPU
		{EDB745FE-24F4-41E6-BD3B-C806C959458C}.Debug|x64.Build.0 = Debug|Any CPU
		{EDB745FE-24F4-41E6-BD3B-C806C959458C}.Debug|x86.ActiveCfg = Debug|Any CPU
		{EDB745FE-24F4-41E6-BD3B-C806C959458C}.Debug|x86.Build.0 = Debug|Any CPU
		{EDB745FE-24F4-41E6-BD3B-C806C959458C}.Release|Any CPU.ActiveCfg = Release|Any CPU
		{EDB745FE-24F4-41E6-BD3B-C806C959458C}.Release|Any CPU.Build.0 = Release|Any CPU
		{EDB745FE-24F4-41E6-BD3B-C806C959458C}.Release|ARM.ActiveCfg = Release|Any CPU
		{EDB745FE-24F4-41E6-BD3B-C806C959458C}.Release|ARM.Build.0 = Release|Any CPU
		{EDB745FE-24F4-41E6-BD3B-C806C959458C}.Release|ARM64.ActiveCfg = Release|Any CPU
		{EDB745FE-24F4-41E6-BD3B-C806C959458C}.Release|ARM64.Build.0 = Release|Any CPU
		{EDB745FE-24F4-41E6-BD3B-C806C959458C}.Release|x64.ActiveCfg = Release|Any CPU
		{EDB745FE-24F4-41E6-BD3B-C806C959458C}.Release|x64.Build.0 = Release|Any CPU
		{EDB745FE-24F4-41E6-BD3B-C806C959458C}.Release|x86.ActiveCfg = Release|Any CPU
		{EDB745FE-24F4-41E6-BD3B-C806C959458C}.Release|x86.Build.0 = Release|Any CPU
		{B60BE8AA-D81C-4047-9B3F-E682196CBF39}.Debug|Any CPU.ActiveCfg = Debug|Any CPU
		{B60BE8AA-D81C-4047-9B3F-E682196CBF39}.Debug|Any CPU.Build.0 = Debug|Any CPU
		{B60BE8AA-D81C-4047-9B3F-E682196CBF39}.Debug|ARM.ActiveCfg = Debug|Any CPU
		{B60BE8AA-D81C-4047-9B3F-E682196CBF39}.Debug|ARM.Build.0 = Debug|Any CPU
		{B60BE8AA-D81C-4047-9B3F-E682196CBF39}.Debug|ARM64.ActiveCfg = Debug|Any CPU
		{B60BE8AA-D81C-4047-9B3F-E682196CBF39}.Debug|ARM64.Build.0 = Debug|Any CPU
		{B60BE8AA-D81C-4047-9B3F-E682196CBF39}.Debug|x64.ActiveCfg = Debug|Any CPU
		{B60BE8AA-D81C-4047-9B3F-E682196CBF39}.Debug|x64.Build.0 = Debug|Any CPU
		{B60BE8AA-D81C-4047-9B3F-E682196CBF39}.Debug|x86.ActiveCfg = Debug|Any CPU
		{B60BE8AA-D81C-4047-9B3F-E682196CBF39}.Debug|x86.Build.0 = Debug|Any CPU
		{B60BE8AA-D81C-4047-9B3F-E682196CBF39}.Release|Any CPU.ActiveCfg = Release|Any CPU
		{B60BE8AA-D81C-4047-9B3F-E682196CBF39}.Release|Any CPU.Build.0 = Release|Any CPU
		{B60BE8AA-D81C-4047-9B3F-E682196CBF39}.Release|ARM.ActiveCfg = Release|Any CPU
		{B60BE8AA-D81C-4047-9B3F-E682196CBF39}.Release|ARM.Build.0 = Release|Any CPU
		{B60BE8AA-D81C-4047-9B3F-E682196CBF39}.Release|ARM64.ActiveCfg = Release|Any CPU
		{B60BE8AA-D81C-4047-9B3F-E682196CBF39}.Release|ARM64.Build.0 = Release|Any CPU
		{B60BE8AA-D81C-4047-9B3F-E682196CBF39}.Release|x64.ActiveCfg = Release|Any CPU
		{B60BE8AA-D81C-4047-9B3F-E682196CBF39}.Release|x64.Build.0 = Release|Any CPU
		{B60BE8AA-D81C-4047-9B3F-E682196CBF39}.Release|x86.ActiveCfg = Release|Any CPU
		{B60BE8AA-D81C-4047-9B3F-E682196CBF39}.Release|x86.Build.0 = Release|Any CPU
		{FEBAABAF-97CB-43A9-B96F-3A0B86DDC9AA}.Debug|Any CPU.ActiveCfg = Debug|Any CPU
		{FEBAABAF-97CB-43A9-B96F-3A0B86DDC9AA}.Debug|Any CPU.Build.0 = Debug|Any CPU
		{FEBAABAF-97CB-43A9-B96F-3A0B86DDC9AA}.Debug|ARM.ActiveCfg = Debug|Any CPU
		{FEBAABAF-97CB-43A9-B96F-3A0B86DDC9AA}.Debug|ARM.Build.0 = Debug|Any CPU
		{FEBAABAF-97CB-43A9-B96F-3A0B86DDC9AA}.Debug|ARM64.ActiveCfg = Debug|Any CPU
		{FEBAABAF-97CB-43A9-B96F-3A0B86DDC9AA}.Debug|ARM64.Build.0 = Debug|Any CPU
		{FEBAABAF-97CB-43A9-B96F-3A0B86DDC9AA}.Debug|x64.ActiveCfg = Debug|Any CPU
		{FEBAABAF-97CB-43A9-B96F-3A0B86DDC9AA}.Debug|x64.Build.0 = Debug|Any CPU
		{FEBAABAF-97CB-43A9-B96F-3A0B86DDC9AA}.Debug|x86.ActiveCfg = Debug|Any CPU
		{FEBAABAF-97CB-43A9-B96F-3A0B86DDC9AA}.Debug|x86.Build.0 = Debug|Any CPU
		{FEBAABAF-97CB-43A9-B96F-3A0B86DDC9AA}.Release|Any CPU.ActiveCfg = Release|Any CPU
		{FEBAABAF-97CB-43A9-B96F-3A0B86DDC9AA}.Release|Any CPU.Build.0 = Release|Any CPU
		{FEBAABAF-97CB-43A9-B96F-3A0B86DDC9AA}.Release|ARM.ActiveCfg = Release|Any CPU
		{FEBAABAF-97CB-43A9-B96F-3A0B86DDC9AA}.Release|ARM.Build.0 = Release|Any CPU
		{FEBAABAF-97CB-43A9-B96F-3A0B86DDC9AA}.Release|ARM64.ActiveCfg = Release|Any CPU
		{FEBAABAF-97CB-43A9-B96F-3A0B86DDC9AA}.Release|ARM64.Build.0 = Release|Any CPU
		{FEBAABAF-97CB-43A9-B96F-3A0B86DDC9AA}.Release|x64.ActiveCfg = Release|Any CPU
		{FEBAABAF-97CB-43A9-B96F-3A0B86DDC9AA}.Release|x64.Build.0 = Release|Any CPU
		{FEBAABAF-97CB-43A9-B96F-3A0B86DDC9AA}.Release|x86.ActiveCfg = Release|Any CPU
		{FEBAABAF-97CB-43A9-B96F-3A0B86DDC9AA}.Release|x86.Build.0 = Release|Any CPU
		{54FEDB5D-7AA2-4380-AA2D-5D9EEF737B32}.Debug|Any CPU.ActiveCfg = Debug|Any CPU
		{54FEDB5D-7AA2-4380-AA2D-5D9EEF737B32}.Debug|Any CPU.Build.0 = Debug|Any CPU
		{54FEDB5D-7AA2-4380-AA2D-5D9EEF737B32}.Debug|ARM.ActiveCfg = Debug|Any CPU
		{54FEDB5D-7AA2-4380-AA2D-5D9EEF737B32}.Debug|ARM.Build.0 = Debug|Any CPU
		{54FEDB5D-7AA2-4380-AA2D-5D9EEF737B32}.Debug|ARM64.ActiveCfg = Debug|Any CPU
		{54FEDB5D-7AA2-4380-AA2D-5D9EEF737B32}.Debug|ARM64.Build.0 = Debug|Any CPU
		{54FEDB5D-7AA2-4380-AA2D-5D9EEF737B32}.Debug|x64.ActiveCfg = Debug|Any CPU
		{54FEDB5D-7AA2-4380-AA2D-5D9EEF737B32}.Debug|x64.Build.0 = Debug|Any CPU
		{54FEDB5D-7AA2-4380-AA2D-5D9EEF737B32}.Debug|x86.ActiveCfg = Debug|Any CPU
		{54FEDB5D-7AA2-4380-AA2D-5D9EEF737B32}.Debug|x86.Build.0 = Debug|Any CPU
		{54FEDB5D-7AA2-4380-AA2D-5D9EEF737B32}.Release|Any CPU.ActiveCfg = Release|Any CPU
		{54FEDB5D-7AA2-4380-AA2D-5D9EEF737B32}.Release|Any CPU.Build.0 = Release|Any CPU
		{54FEDB5D-7AA2-4380-AA2D-5D9EEF737B32}.Release|ARM.ActiveCfg = Release|Any CPU
		{54FEDB5D-7AA2-4380-AA2D-5D9EEF737B32}.Release|ARM.Build.0 = Release|Any CPU
		{54FEDB5D-7AA2-4380-AA2D-5D9EEF737B32}.Release|ARM64.ActiveCfg = Release|Any CPU
		{54FEDB5D-7AA2-4380-AA2D-5D9EEF737B32}.Release|ARM64.Build.0 = Release|Any CPU
		{54FEDB5D-7AA2-4380-AA2D-5D9EEF737B32}.Release|x64.ActiveCfg = Release|Any CPU
		{54FEDB5D-7AA2-4380-AA2D-5D9EEF737B32}.Release|x64.Build.0 = Release|Any CPU
		{54FEDB5D-7AA2-4380-AA2D-5D9EEF737B32}.Release|x86.ActiveCfg = Release|Any CPU
		{54FEDB5D-7AA2-4380-AA2D-5D9EEF737B32}.Release|x86.Build.0 = Release|Any CPU
		{DC4DD43A-E365-4505-983A-9DFB725FA51C}.Debug|Any CPU.ActiveCfg = Debug|Any CPU
		{DC4DD43A-E365-4505-983A-9DFB725FA51C}.Debug|Any CPU.Build.0 = Debug|Any CPU
		{DC4DD43A-E365-4505-983A-9DFB725FA51C}.Debug|ARM.ActiveCfg = Debug|Any CPU
		{DC4DD43A-E365-4505-983A-9DFB725FA51C}.Debug|ARM.Build.0 = Debug|Any CPU
		{DC4DD43A-E365-4505-983A-9DFB725FA51C}.Debug|ARM64.ActiveCfg = Debug|Any CPU
		{DC4DD43A-E365-4505-983A-9DFB725FA51C}.Debug|ARM64.Build.0 = Debug|Any CPU
		{DC4DD43A-E365-4505-983A-9DFB725FA51C}.Debug|x64.ActiveCfg = Debug|Any CPU
		{DC4DD43A-E365-4505-983A-9DFB725FA51C}.Debug|x64.Build.0 = Debug|Any CPU
		{DC4DD43A-E365-4505-983A-9DFB725FA51C}.Debug|x86.ActiveCfg = Debug|Any CPU
		{DC4DD43A-E365-4505-983A-9DFB725FA51C}.Debug|x86.Build.0 = Debug|Any CPU
		{DC4DD43A-E365-4505-983A-9DFB725FA51C}.Release|Any CPU.ActiveCfg = Release|Any CPU
		{DC4DD43A-E365-4505-983A-9DFB725FA51C}.Release|Any CPU.Build.0 = Release|Any CPU
		{DC4DD43A-E365-4505-983A-9DFB725FA51C}.Release|ARM.ActiveCfg = Release|Any CPU
		{DC4DD43A-E365-4505-983A-9DFB725FA51C}.Release|ARM.Build.0 = Release|Any CPU
		{DC4DD43A-E365-4505-983A-9DFB725FA51C}.Release|ARM64.ActiveCfg = Release|Any CPU
		{DC4DD43A-E365-4505-983A-9DFB725FA51C}.Release|ARM64.Build.0 = Release|Any CPU
		{DC4DD43A-E365-4505-983A-9DFB725FA51C}.Release|x64.ActiveCfg = Release|Any CPU
		{DC4DD43A-E365-4505-983A-9DFB725FA51C}.Release|x64.Build.0 = Release|Any CPU
		{DC4DD43A-E365-4505-983A-9DFB725FA51C}.Release|x86.ActiveCfg = Release|Any CPU
		{DC4DD43A-E365-4505-983A-9DFB725FA51C}.Release|x86.Build.0 = Release|Any CPU
		{E34E7AE5-34E1-4861-93C1-D035E51A3243}.Debug|Any CPU.ActiveCfg = Debug|Any CPU
		{E34E7AE5-34E1-4861-93C1-D035E51A3243}.Debug|Any CPU.Build.0 = Debug|Any CPU
		{E34E7AE5-34E1-4861-93C1-D035E51A3243}.Debug|ARM.ActiveCfg = Debug|Any CPU
		{E34E7AE5-34E1-4861-93C1-D035E51A3243}.Debug|ARM.Build.0 = Debug|Any CPU
		{E34E7AE5-34E1-4861-93C1-D035E51A3243}.Debug|ARM64.ActiveCfg = Debug|Any CPU
		{E34E7AE5-34E1-4861-93C1-D035E51A3243}.Debug|ARM64.Build.0 = Debug|Any CPU
		{E34E7AE5-34E1-4861-93C1-D035E51A3243}.Debug|x64.ActiveCfg = Debug|Any CPU
		{E34E7AE5-34E1-4861-93C1-D035E51A3243}.Debug|x64.Build.0 = Debug|Any CPU
		{E34E7AE5-34E1-4861-93C1-D035E51A3243}.Debug|x86.ActiveCfg = Debug|Any CPU
		{E34E7AE5-34E1-4861-93C1-D035E51A3243}.Debug|x86.Build.0 = Debug|Any CPU
		{E34E7AE5-34E1-4861-93C1-D035E51A3243}.Release|Any CPU.ActiveCfg = Release|Any CPU
		{E34E7AE5-34E1-4861-93C1-D035E51A3243}.Release|Any CPU.Build.0 = Release|Any CPU
		{E34E7AE5-34E1-4861-93C1-D035E51A3243}.Release|ARM.ActiveCfg = Release|Any CPU
		{E34E7AE5-34E1-4861-93C1-D035E51A3243}.Release|ARM.Build.0 = Release|Any CPU
		{E34E7AE5-34E1-4861-93C1-D035E51A3243}.Release|ARM64.ActiveCfg = Release|Any CPU
		{E34E7AE5-34E1-4861-93C1-D035E51A3243}.Release|ARM64.Build.0 = Release|Any CPU
		{E34E7AE5-34E1-4861-93C1-D035E51A3243}.Release|x64.ActiveCfg = Release|Any CPU
		{E34E7AE5-34E1-4861-93C1-D035E51A3243}.Release|x64.Build.0 = Release|Any CPU
		{E34E7AE5-34E1-4861-93C1-D035E51A3243}.Release|x86.ActiveCfg = Release|Any CPU
		{E34E7AE5-34E1-4861-93C1-D035E51A3243}.Release|x86.Build.0 = Release|Any CPU
		{2275EF31-85BD-4C81-9CA9-153EF2717709}.Debug|Any CPU.ActiveCfg = Debug|Any CPU
		{2275EF31-85BD-4C81-9CA9-153EF2717709}.Debug|Any CPU.Build.0 = Debug|Any CPU
		{2275EF31-85BD-4C81-9CA9-153EF2717709}.Debug|ARM.ActiveCfg = Debug|Any CPU
		{2275EF31-85BD-4C81-9CA9-153EF2717709}.Debug|ARM.Build.0 = Debug|Any CPU
		{2275EF31-85BD-4C81-9CA9-153EF2717709}.Debug|ARM64.ActiveCfg = Debug|Any CPU
		{2275EF31-85BD-4C81-9CA9-153EF2717709}.Debug|ARM64.Build.0 = Debug|Any CPU
		{2275EF31-85BD-4C81-9CA9-153EF2717709}.Debug|x64.ActiveCfg = Debug|Any CPU
		{2275EF31-85BD-4C81-9CA9-153EF2717709}.Debug|x64.Build.0 = Debug|Any CPU
		{2275EF31-85BD-4C81-9CA9-153EF2717709}.Debug|x86.ActiveCfg = Debug|Any CPU
		{2275EF31-85BD-4C81-9CA9-153EF2717709}.Debug|x86.Build.0 = Debug|Any CPU
		{2275EF31-85BD-4C81-9CA9-153EF2717709}.Release|Any CPU.ActiveCfg = Release|Any CPU
		{2275EF31-85BD-4C81-9CA9-153EF2717709}.Release|Any CPU.Build.0 = Release|Any CPU
		{2275EF31-85BD-4C81-9CA9-153EF2717709}.Release|ARM.ActiveCfg = Release|Any CPU
		{2275EF31-85BD-4C81-9CA9-153EF2717709}.Release|ARM.Build.0 = Release|Any CPU
		{2275EF31-85BD-4C81-9CA9-153EF2717709}.Release|ARM64.ActiveCfg = Release|Any CPU
		{2275EF31-85BD-4C81-9CA9-153EF2717709}.Release|ARM64.Build.0 = Release|Any CPU
		{2275EF31-85BD-4C81-9CA9-153EF2717709}.Release|x64.ActiveCfg = Release|Any CPU
		{2275EF31-85BD-4C81-9CA9-153EF2717709}.Release|x64.Build.0 = Release|Any CPU
		{2275EF31-85BD-4C81-9CA9-153EF2717709}.Release|x86.ActiveCfg = Release|Any CPU
		{2275EF31-85BD-4C81-9CA9-153EF2717709}.Release|x86.Build.0 = Release|Any CPU
		{AD8161DB-8568-48F4-AF51-A67DBE8FD7DB}.Debug|Any CPU.ActiveCfg = Debug|Any CPU
		{AD8161DB-8568-48F4-AF51-A67DBE8FD7DB}.Debug|Any CPU.Build.0 = Debug|Any CPU
		{AD8161DB-8568-48F4-AF51-A67DBE8FD7DB}.Debug|ARM.ActiveCfg = Debug|Any CPU
		{AD8161DB-8568-48F4-AF51-A67DBE8FD7DB}.Debug|ARM.Build.0 = Debug|Any CPU
		{AD8161DB-8568-48F4-AF51-A67DBE8FD7DB}.Debug|ARM64.ActiveCfg = Debug|Any CPU
		{AD8161DB-8568-48F4-AF51-A67DBE8FD7DB}.Debug|ARM64.Build.0 = Debug|Any CPU
		{AD8161DB-8568-48F4-AF51-A67DBE8FD7DB}.Debug|x64.ActiveCfg = Debug|Any CPU
		{AD8161DB-8568-48F4-AF51-A67DBE8FD7DB}.Debug|x64.Build.0 = Debug|Any CPU
		{AD8161DB-8568-48F4-AF51-A67DBE8FD7DB}.Debug|x86.ActiveCfg = Debug|Any CPU
		{AD8161DB-8568-48F4-AF51-A67DBE8FD7DB}.Debug|x86.Build.0 = Debug|Any CPU
		{AD8161DB-8568-48F4-AF51-A67DBE8FD7DB}.Release|Any CPU.ActiveCfg = Release|Any CPU
		{AD8161DB-8568-48F4-AF51-A67DBE8FD7DB}.Release|Any CPU.Build.0 = Release|Any CPU
		{AD8161DB-8568-48F4-AF51-A67DBE8FD7DB}.Release|ARM.ActiveCfg = Release|Any CPU
		{AD8161DB-8568-48F4-AF51-A67DBE8FD7DB}.Release|ARM.Build.0 = Release|Any CPU
		{AD8161DB-8568-48F4-AF51-A67DBE8FD7DB}.Release|ARM64.ActiveCfg = Release|Any CPU
		{AD8161DB-8568-48F4-AF51-A67DBE8FD7DB}.Release|ARM64.Build.0 = Release|Any CPU
		{AD8161DB-8568-48F4-AF51-A67DBE8FD7DB}.Release|x64.ActiveCfg = Release|Any CPU
		{AD8161DB-8568-48F4-AF51-A67DBE8FD7DB}.Release|x64.Build.0 = Release|Any CPU
		{AD8161DB-8568-48F4-AF51-A67DBE8FD7DB}.Release|x86.ActiveCfg = Release|Any CPU
		{AD8161DB-8568-48F4-AF51-A67DBE8FD7DB}.Release|x86.Build.0 = Release|Any CPU
		{2594F04F-AB25-40BF-83D3-1F6C29C0D0D3}.Debug|Any CPU.ActiveCfg = Debug|Any CPU
		{2594F04F-AB25-40BF-83D3-1F6C29C0D0D3}.Debug|Any CPU.Build.0 = Debug|Any CPU
		{2594F04F-AB25-40BF-83D3-1F6C29C0D0D3}.Debug|ARM.ActiveCfg = Debug|Any CPU
		{2594F04F-AB25-40BF-83D3-1F6C29C0D0D3}.Debug|ARM.Build.0 = Debug|Any CPU
		{2594F04F-AB25-40BF-83D3-1F6C29C0D0D3}.Debug|ARM64.ActiveCfg = Debug|Any CPU
		{2594F04F-AB25-40BF-83D3-1F6C29C0D0D3}.Debug|ARM64.Build.0 = Debug|Any CPU
		{2594F04F-AB25-40BF-83D3-1F6C29C0D0D3}.Debug|x64.ActiveCfg = Debug|Any CPU
		{2594F04F-AB25-40BF-83D3-1F6C29C0D0D3}.Debug|x64.Build.0 = Debug|Any CPU
		{2594F04F-AB25-40BF-83D3-1F6C29C0D0D3}.Debug|x86.ActiveCfg = Debug|Any CPU
		{2594F04F-AB25-40BF-83D3-1F6C29C0D0D3}.Debug|x86.Build.0 = Debug|Any CPU
		{2594F04F-AB25-40BF-83D3-1F6C29C0D0D3}.Release|Any CPU.ActiveCfg = Release|Any CPU
		{2594F04F-AB25-40BF-83D3-1F6C29C0D0D3}.Release|Any CPU.Build.0 = Release|Any CPU
		{2594F04F-AB25-40BF-83D3-1F6C29C0D0D3}.Release|ARM.ActiveCfg = Release|Any CPU
		{2594F04F-AB25-40BF-83D3-1F6C29C0D0D3}.Release|ARM.Build.0 = Release|Any CPU
		{2594F04F-AB25-40BF-83D3-1F6C29C0D0D3}.Release|ARM64.ActiveCfg = Release|Any CPU
		{2594F04F-AB25-40BF-83D3-1F6C29C0D0D3}.Release|ARM64.Build.0 = Release|Any CPU
		{2594F04F-AB25-40BF-83D3-1F6C29C0D0D3}.Release|x64.ActiveCfg = Release|Any CPU
		{2594F04F-AB25-40BF-83D3-1F6C29C0D0D3}.Release|x64.Build.0 = Release|Any CPU
		{2594F04F-AB25-40BF-83D3-1F6C29C0D0D3}.Release|x86.ActiveCfg = Release|Any CPU
		{2594F04F-AB25-40BF-83D3-1F6C29C0D0D3}.Release|x86.Build.0 = Release|Any CPU
		{D72D30B3-2259-42B8-8FD8-EF251BFD745E}.Debug|Any CPU.ActiveCfg = Debug|Any CPU
		{D72D30B3-2259-42B8-8FD8-EF251BFD745E}.Debug|Any CPU.Build.0 = Debug|Any CPU
		{D72D30B3-2259-42B8-8FD8-EF251BFD745E}.Debug|ARM.ActiveCfg = Debug|Any CPU
		{D72D30B3-2259-42B8-8FD8-EF251BFD745E}.Debug|ARM.Build.0 = Debug|Any CPU
		{D72D30B3-2259-42B8-8FD8-EF251BFD745E}.Debug|ARM64.ActiveCfg = Debug|Any CPU
		{D72D30B3-2259-42B8-8FD8-EF251BFD745E}.Debug|ARM64.Build.0 = Debug|Any CPU
		{D72D30B3-2259-42B8-8FD8-EF251BFD745E}.Debug|x64.ActiveCfg = Debug|Any CPU
		{D72D30B3-2259-42B8-8FD8-EF251BFD745E}.Debug|x64.Build.0 = Debug|Any CPU
		{D72D30B3-2259-42B8-8FD8-EF251BFD745E}.Debug|x86.ActiveCfg = Debug|Any CPU
		{D72D30B3-2259-42B8-8FD8-EF251BFD745E}.Debug|x86.Build.0 = Debug|Any CPU
		{D72D30B3-2259-42B8-8FD8-EF251BFD745E}.Release|Any CPU.ActiveCfg = Release|Any CPU
		{D72D30B3-2259-42B8-8FD8-EF251BFD745E}.Release|Any CPU.Build.0 = Release|Any CPU
		{D72D30B3-2259-42B8-8FD8-EF251BFD745E}.Release|ARM.ActiveCfg = Release|Any CPU
		{D72D30B3-2259-42B8-8FD8-EF251BFD745E}.Release|ARM.Build.0 = Release|Any CPU
		{D72D30B3-2259-42B8-8FD8-EF251BFD745E}.Release|ARM64.ActiveCfg = Release|Any CPU
		{D72D30B3-2259-42B8-8FD8-EF251BFD745E}.Release|ARM64.Build.0 = Release|Any CPU
		{D72D30B3-2259-42B8-8FD8-EF251BFD745E}.Release|x64.ActiveCfg = Release|Any CPU
		{D72D30B3-2259-42B8-8FD8-EF251BFD745E}.Release|x64.Build.0 = Release|Any CPU
		{D72D30B3-2259-42B8-8FD8-EF251BFD745E}.Release|x86.ActiveCfg = Release|Any CPU
		{D72D30B3-2259-42B8-8FD8-EF251BFD745E}.Release|x86.Build.0 = Release|Any CPU
		{D8D33FAD-8343-425C-A90A-1864B915D902}.Debug|Any CPU.ActiveCfg = Debug|Any CPU
		{D8D33FAD-8343-425C-A90A-1864B915D902}.Debug|Any CPU.Build.0 = Debug|Any CPU
		{D8D33FAD-8343-425C-A90A-1864B915D902}.Debug|ARM.ActiveCfg = Debug|Any CPU
		{D8D33FAD-8343-425C-A90A-1864B915D902}.Debug|ARM.Build.0 = Debug|Any CPU
		{D8D33FAD-8343-425C-A90A-1864B915D902}.Debug|ARM64.ActiveCfg = Debug|Any CPU
		{D8D33FAD-8343-425C-A90A-1864B915D902}.Debug|ARM64.Build.0 = Debug|Any CPU
		{D8D33FAD-8343-425C-A90A-1864B915D902}.Debug|x64.ActiveCfg = Debug|Any CPU
		{D8D33FAD-8343-425C-A90A-1864B915D902}.Debug|x64.Build.0 = Debug|Any CPU
		{D8D33FAD-8343-425C-A90A-1864B915D902}.Debug|x86.ActiveCfg = Debug|Any CPU
		{D8D33FAD-8343-425C-A90A-1864B915D902}.Debug|x86.Build.0 = Debug|Any CPU
		{D8D33FAD-8343-425C-A90A-1864B915D902}.Release|Any CPU.ActiveCfg = Release|Any CPU
		{D8D33FAD-8343-425C-A90A-1864B915D902}.Release|Any CPU.Build.0 = Release|Any CPU
		{D8D33FAD-8343-425C-A90A-1864B915D902}.Release|ARM.ActiveCfg = Release|Any CPU
		{D8D33FAD-8343-425C-A90A-1864B915D902}.Release|ARM.Build.0 = Release|Any CPU
		{D8D33FAD-8343-425C-A90A-1864B915D902}.Release|ARM64.ActiveCfg = Release|Any CPU
		{D8D33FAD-8343-425C-A90A-1864B915D902}.Release|ARM64.Build.0 = Release|Any CPU
		{D8D33FAD-8343-425C-A90A-1864B915D902}.Release|x64.ActiveCfg = Release|Any CPU
		{D8D33FAD-8343-425C-A90A-1864B915D902}.Release|x64.Build.0 = Release|Any CPU
		{D8D33FAD-8343-425C-A90A-1864B915D902}.Release|x86.ActiveCfg = Release|Any CPU
		{D8D33FAD-8343-425C-A90A-1864B915D902}.Release|x86.Build.0 = Release|Any CPU
		{6E9423B2-284C-416C-86B1-01BBF8689F0B}.Debug|Any CPU.ActiveCfg = Debug|Any CPU
		{6E9423B2-284C-416C-86B1-01BBF8689F0B}.Debug|Any CPU.Build.0 = Debug|Any CPU
		{6E9423B2-284C-416C-86B1-01BBF8689F0B}.Debug|ARM.ActiveCfg = Debug|Any CPU
		{6E9423B2-284C-416C-86B1-01BBF8689F0B}.Debug|ARM.Build.0 = Debug|Any CPU
		{6E9423B2-284C-416C-86B1-01BBF8689F0B}.Debug|ARM64.ActiveCfg = Debug|Any CPU
		{6E9423B2-284C-416C-86B1-01BBF8689F0B}.Debug|ARM64.Build.0 = Debug|Any CPU
		{6E9423B2-284C-416C-86B1-01BBF8689F0B}.Debug|x64.ActiveCfg = Debug|Any CPU
		{6E9423B2-284C-416C-86B1-01BBF8689F0B}.Debug|x64.Build.0 = Debug|Any CPU
		{6E9423B2-284C-416C-86B1-01BBF8689F0B}.Debug|x86.ActiveCfg = Debug|Any CPU
		{6E9423B2-284C-416C-86B1-01BBF8689F0B}.Debug|x86.Build.0 = Debug|Any CPU
		{6E9423B2-284C-416C-86B1-01BBF8689F0B}.Release|Any CPU.ActiveCfg = Release|Any CPU
		{6E9423B2-284C-416C-86B1-01BBF8689F0B}.Release|Any CPU.Build.0 = Release|Any CPU
		{6E9423B2-284C-416C-86B1-01BBF8689F0B}.Release|ARM.ActiveCfg = Release|Any CPU
		{6E9423B2-284C-416C-86B1-01BBF8689F0B}.Release|ARM.Build.0 = Release|Any CPU
		{6E9423B2-284C-416C-86B1-01BBF8689F0B}.Release|ARM64.ActiveCfg = Release|Any CPU
		{6E9423B2-284C-416C-86B1-01BBF8689F0B}.Release|ARM64.Build.0 = Release|Any CPU
		{6E9423B2-284C-416C-86B1-01BBF8689F0B}.Release|x64.ActiveCfg = Release|Any CPU
		{6E9423B2-284C-416C-86B1-01BBF8689F0B}.Release|x64.Build.0 = Release|Any CPU
		{6E9423B2-284C-416C-86B1-01BBF8689F0B}.Release|x86.ActiveCfg = Release|Any CPU
		{6E9423B2-284C-416C-86B1-01BBF8689F0B}.Release|x86.Build.0 = Release|Any CPU
		{4012E05C-ADF4-43A6-B7CC-5DF56BBDC9E4}.Debug|Any CPU.ActiveCfg = Debug|Any CPU
		{4012E05C-ADF4-43A6-B7CC-5DF56BBDC9E4}.Debug|Any CPU.Build.0 = Debug|Any CPU
		{4012E05C-ADF4-43A6-B7CC-5DF56BBDC9E4}.Debug|ARM.ActiveCfg = Debug|Any CPU
		{4012E05C-ADF4-43A6-B7CC-5DF56BBDC9E4}.Debug|ARM.Build.0 = Debug|Any CPU
		{4012E05C-ADF4-43A6-B7CC-5DF56BBDC9E4}.Debug|ARM64.ActiveCfg = Debug|Any CPU
		{4012E05C-ADF4-43A6-B7CC-5DF56BBDC9E4}.Debug|ARM64.Build.0 = Debug|Any CPU
		{4012E05C-ADF4-43A6-B7CC-5DF56BBDC9E4}.Debug|x64.ActiveCfg = Debug|Any CPU
		{4012E05C-ADF4-43A6-B7CC-5DF56BBDC9E4}.Debug|x64.Build.0 = Debug|Any CPU
		{4012E05C-ADF4-43A6-B7CC-5DF56BBDC9E4}.Debug|x86.ActiveCfg = Debug|Any CPU
		{4012E05C-ADF4-43A6-B7CC-5DF56BBDC9E4}.Debug|x86.Build.0 = Debug|Any CPU
		{4012E05C-ADF4-43A6-B7CC-5DF56BBDC9E4}.Release|Any CPU.ActiveCfg = Release|Any CPU
		{4012E05C-ADF4-43A6-B7CC-5DF56BBDC9E4}.Release|Any CPU.Build.0 = Release|Any CPU
		{4012E05C-ADF4-43A6-B7CC-5DF56BBDC9E4}.Release|ARM.ActiveCfg = Release|Any CPU
		{4012E05C-ADF4-43A6-B7CC-5DF56BBDC9E4}.Release|ARM.Build.0 = Release|Any CPU
		{4012E05C-ADF4-43A6-B7CC-5DF56BBDC9E4}.Release|ARM64.ActiveCfg = Release|Any CPU
		{4012E05C-ADF4-43A6-B7CC-5DF56BBDC9E4}.Release|ARM64.Build.0 = Release|Any CPU
		{4012E05C-ADF4-43A6-B7CC-5DF56BBDC9E4}.Release|x64.ActiveCfg = Release|Any CPU
		{4012E05C-ADF4-43A6-B7CC-5DF56BBDC9E4}.Release|x64.Build.0 = Release|Any CPU
		{4012E05C-ADF4-43A6-B7CC-5DF56BBDC9E4}.Release|x86.ActiveCfg = Release|Any CPU
		{4012E05C-ADF4-43A6-B7CC-5DF56BBDC9E4}.Release|x86.Build.0 = Release|Any CPU
		{867C8C08-6918-4B5A-A429-2A4E083E5B7B}.Debug|Any CPU.ActiveCfg = Debug|Any CPU
		{867C8C08-6918-4B5A-A429-2A4E083E5B7B}.Debug|Any CPU.Build.0 = Debug|Any CPU
		{867C8C08-6918-4B5A-A429-2A4E083E5B7B}.Debug|ARM.ActiveCfg = Debug|Any CPU
		{867C8C08-6918-4B5A-A429-2A4E083E5B7B}.Debug|ARM.Build.0 = Debug|Any CPU
		{867C8C08-6918-4B5A-A429-2A4E083E5B7B}.Debug|ARM64.ActiveCfg = Debug|Any CPU
		{867C8C08-6918-4B5A-A429-2A4E083E5B7B}.Debug|ARM64.Build.0 = Debug|Any CPU
		{867C8C08-6918-4B5A-A429-2A4E083E5B7B}.Debug|x64.ActiveCfg = Debug|Any CPU
		{867C8C08-6918-4B5A-A429-2A4E083E5B7B}.Debug|x64.Build.0 = Debug|Any CPU
		{867C8C08-6918-4B5A-A429-2A4E083E5B7B}.Debug|x86.ActiveCfg = Debug|Any CPU
		{867C8C08-6918-4B5A-A429-2A4E083E5B7B}.Debug|x86.Build.0 = Debug|Any CPU
		{867C8C08-6918-4B5A-A429-2A4E083E5B7B}.Release|Any CPU.ActiveCfg = Release|Any CPU
		{867C8C08-6918-4B5A-A429-2A4E083E5B7B}.Release|Any CPU.Build.0 = Release|Any CPU
		{867C8C08-6918-4B5A-A429-2A4E083E5B7B}.Release|ARM.ActiveCfg = Release|Any CPU
		{867C8C08-6918-4B5A-A429-2A4E083E5B7B}.Release|ARM.Build.0 = Release|Any CPU
		{867C8C08-6918-4B5A-A429-2A4E083E5B7B}.Release|ARM64.ActiveCfg = Release|Any CPU
		{867C8C08-6918-4B5A-A429-2A4E083E5B7B}.Release|ARM64.Build.0 = Release|Any CPU
		{867C8C08-6918-4B5A-A429-2A4E083E5B7B}.Release|x64.ActiveCfg = Release|Any CPU
		{867C8C08-6918-4B5A-A429-2A4E083E5B7B}.Release|x64.Build.0 = Release|Any CPU
		{867C8C08-6918-4B5A-A429-2A4E083E5B7B}.Release|x86.ActiveCfg = Release|Any CPU
		{867C8C08-6918-4B5A-A429-2A4E083E5B7B}.Release|x86.Build.0 = Release|Any CPU
		{49E768F8-A828-4450-BCD3-47FB647F94CD}.Debug|Any CPU.ActiveCfg = Debug|Any CPU
		{49E768F8-A828-4450-BCD3-47FB647F94CD}.Debug|Any CPU.Build.0 = Debug|Any CPU
		{49E768F8-A828-4450-BCD3-47FB647F94CD}.Debug|ARM.ActiveCfg = Debug|Any CPU
		{49E768F8-A828-4450-BCD3-47FB647F94CD}.Debug|ARM.Build.0 = Debug|Any CPU
		{49E768F8-A828-4450-BCD3-47FB647F94CD}.Debug|ARM64.ActiveCfg = Debug|Any CPU
		{49E768F8-A828-4450-BCD3-47FB647F94CD}.Debug|ARM64.Build.0 = Debug|Any CPU
		{49E768F8-A828-4450-BCD3-47FB647F94CD}.Debug|x64.ActiveCfg = Debug|Any CPU
		{49E768F8-A828-4450-BCD3-47FB647F94CD}.Debug|x64.Build.0 = Debug|Any CPU
		{49E768F8-A828-4450-BCD3-47FB647F94CD}.Debug|x86.ActiveCfg = Debug|Any CPU
		{49E768F8-A828-4450-BCD3-47FB647F94CD}.Debug|x86.Build.0 = Debug|Any CPU
		{49E768F8-A828-4450-BCD3-47FB647F94CD}.Release|Any CPU.ActiveCfg = Release|Any CPU
		{49E768F8-A828-4450-BCD3-47FB647F94CD}.Release|Any CPU.Build.0 = Release|Any CPU
		{49E768F8-A828-4450-BCD3-47FB647F94CD}.Release|ARM.ActiveCfg = Release|Any CPU
		{49E768F8-A828-4450-BCD3-47FB647F94CD}.Release|ARM.Build.0 = Release|Any CPU
		{49E768F8-A828-4450-BCD3-47FB647F94CD}.Release|ARM64.ActiveCfg = Release|Any CPU
		{49E768F8-A828-4450-BCD3-47FB647F94CD}.Release|ARM64.Build.0 = Release|Any CPU
		{49E768F8-A828-4450-BCD3-47FB647F94CD}.Release|x64.ActiveCfg = Release|Any CPU
		{49E768F8-A828-4450-BCD3-47FB647F94CD}.Release|x64.Build.0 = Release|Any CPU
		{49E768F8-A828-4450-BCD3-47FB647F94CD}.Release|x86.ActiveCfg = Release|Any CPU
		{49E768F8-A828-4450-BCD3-47FB647F94CD}.Release|x86.Build.0 = Release|Any CPU
		{31045E9F-270B-439B-B128-A5521623455F}.Debug|Any CPU.ActiveCfg = Debug|Any CPU
		{31045E9F-270B-439B-B128-A5521623455F}.Debug|Any CPU.Build.0 = Debug|Any CPU
		{31045E9F-270B-439B-B128-A5521623455F}.Debug|ARM.ActiveCfg = Debug|Any CPU
		{31045E9F-270B-439B-B128-A5521623455F}.Debug|ARM.Build.0 = Debug|Any CPU
		{31045E9F-270B-439B-B128-A5521623455F}.Debug|ARM64.ActiveCfg = Debug|Any CPU
		{31045E9F-270B-439B-B128-A5521623455F}.Debug|ARM64.Build.0 = Debug|Any CPU
		{31045E9F-270B-439B-B128-A5521623455F}.Debug|x64.ActiveCfg = Debug|Any CPU
		{31045E9F-270B-439B-B128-A5521623455F}.Debug|x64.Build.0 = Debug|Any CPU
		{31045E9F-270B-439B-B128-A5521623455F}.Debug|x86.ActiveCfg = Debug|Any CPU
		{31045E9F-270B-439B-B128-A5521623455F}.Debug|x86.Build.0 = Debug|Any CPU
		{31045E9F-270B-439B-B128-A5521623455F}.Release|Any CPU.ActiveCfg = Release|Any CPU
		{31045E9F-270B-439B-B128-A5521623455F}.Release|Any CPU.Build.0 = Release|Any CPU
		{31045E9F-270B-439B-B128-A5521623455F}.Release|ARM.ActiveCfg = Release|Any CPU
		{31045E9F-270B-439B-B128-A5521623455F}.Release|ARM.Build.0 = Release|Any CPU
		{31045E9F-270B-439B-B128-A5521623455F}.Release|ARM64.ActiveCfg = Release|Any CPU
		{31045E9F-270B-439B-B128-A5521623455F}.Release|ARM64.Build.0 = Release|Any CPU
		{31045E9F-270B-439B-B128-A5521623455F}.Release|x64.ActiveCfg = Release|Any CPU
		{31045E9F-270B-439B-B128-A5521623455F}.Release|x64.Build.0 = Release|Any CPU
		{31045E9F-270B-439B-B128-A5521623455F}.Release|x86.ActiveCfg = Release|Any CPU
		{31045E9F-270B-439B-B128-A5521623455F}.Release|x86.Build.0 = Release|Any CPU
		{4279B30C-CDFE-4BB4-BD97-ED7B674E7932}.Debug|Any CPU.ActiveCfg = Debug|Any CPU
		{4279B30C-CDFE-4BB4-BD97-ED7B674E7932}.Debug|Any CPU.Build.0 = Debug|Any CPU
		{4279B30C-CDFE-4BB4-BD97-ED7B674E7932}.Debug|ARM.ActiveCfg = Debug|Any CPU
		{4279B30C-CDFE-4BB4-BD97-ED7B674E7932}.Debug|ARM.Build.0 = Debug|Any CPU
		{4279B30C-CDFE-4BB4-BD97-ED7B674E7932}.Debug|ARM64.ActiveCfg = Debug|Any CPU
		{4279B30C-CDFE-4BB4-BD97-ED7B674E7932}.Debug|ARM64.Build.0 = Debug|Any CPU
		{4279B30C-CDFE-4BB4-BD97-ED7B674E7932}.Debug|x64.ActiveCfg = Debug|Any CPU
		{4279B30C-CDFE-4BB4-BD97-ED7B674E7932}.Debug|x64.Build.0 = Debug|Any CPU
		{4279B30C-CDFE-4BB4-BD97-ED7B674E7932}.Debug|x86.ActiveCfg = Debug|Any CPU
		{4279B30C-CDFE-4BB4-BD97-ED7B674E7932}.Debug|x86.Build.0 = Debug|Any CPU
		{4279B30C-CDFE-4BB4-BD97-ED7B674E7932}.Release|Any CPU.ActiveCfg = Release|Any CPU
		{4279B30C-CDFE-4BB4-BD97-ED7B674E7932}.Release|Any CPU.Build.0 = Release|Any CPU
		{4279B30C-CDFE-4BB4-BD97-ED7B674E7932}.Release|ARM.ActiveCfg = Release|Any CPU
		{4279B30C-CDFE-4BB4-BD97-ED7B674E7932}.Release|ARM.Build.0 = Release|Any CPU
		{4279B30C-CDFE-4BB4-BD97-ED7B674E7932}.Release|ARM64.ActiveCfg = Release|Any CPU
		{4279B30C-CDFE-4BB4-BD97-ED7B674E7932}.Release|ARM64.Build.0 = Release|Any CPU
		{4279B30C-CDFE-4BB4-BD97-ED7B674E7932}.Release|x64.ActiveCfg = Release|Any CPU
		{4279B30C-CDFE-4BB4-BD97-ED7B674E7932}.Release|x64.Build.0 = Release|Any CPU
		{4279B30C-CDFE-4BB4-BD97-ED7B674E7932}.Release|x86.ActiveCfg = Release|Any CPU
		{4279B30C-CDFE-4BB4-BD97-ED7B674E7932}.Release|x86.Build.0 = Release|Any CPU
		{5BF89009-9230-4B93-A7F9-B490B648EB28}.Debug|Any CPU.ActiveCfg = Debug|Any CPU
		{5BF89009-9230-4B93-A7F9-B490B648EB28}.Debug|Any CPU.Build.0 = Debug|Any CPU
		{5BF89009-9230-4B93-A7F9-B490B648EB28}.Debug|ARM.ActiveCfg = Debug|Any CPU
		{5BF89009-9230-4B93-A7F9-B490B648EB28}.Debug|ARM.Build.0 = Debug|Any CPU
		{5BF89009-9230-4B93-A7F9-B490B648EB28}.Debug|ARM64.ActiveCfg = Debug|Any CPU
		{5BF89009-9230-4B93-A7F9-B490B648EB28}.Debug|ARM64.Build.0 = Debug|Any CPU
		{5BF89009-9230-4B93-A7F9-B490B648EB28}.Debug|x64.ActiveCfg = Debug|Any CPU
		{5BF89009-9230-4B93-A7F9-B490B648EB28}.Debug|x64.Build.0 = Debug|Any CPU
		{5BF89009-9230-4B93-A7F9-B490B648EB28}.Debug|x86.ActiveCfg = Debug|Any CPU
		{5BF89009-9230-4B93-A7F9-B490B648EB28}.Debug|x86.Build.0 = Debug|Any CPU
		{5BF89009-9230-4B93-A7F9-B490B648EB28}.Release|Any CPU.ActiveCfg = Release|Any CPU
		{5BF89009-9230-4B93-A7F9-B490B648EB28}.Release|Any CPU.Build.0 = Release|Any CPU
		{5BF89009-9230-4B93-A7F9-B490B648EB28}.Release|ARM.ActiveCfg = Release|Any CPU
		{5BF89009-9230-4B93-A7F9-B490B648EB28}.Release|ARM.Build.0 = Release|Any CPU
		{5BF89009-9230-4B93-A7F9-B490B648EB28}.Release|ARM64.ActiveCfg = Release|Any CPU
		{5BF89009-9230-4B93-A7F9-B490B648EB28}.Release|ARM64.Build.0 = Release|Any CPU
		{5BF89009-9230-4B93-A7F9-B490B648EB28}.Release|x64.ActiveCfg = Release|Any CPU
		{5BF89009-9230-4B93-A7F9-B490B648EB28}.Release|x64.Build.0 = Release|Any CPU
		{5BF89009-9230-4B93-A7F9-B490B648EB28}.Release|x86.ActiveCfg = Release|Any CPU
		{5BF89009-9230-4B93-A7F9-B490B648EB28}.Release|x86.Build.0 = Release|Any CPU
		{44902F0E-19A9-40B5-BD50-CEE5D08A553B}.Debug|Any CPU.ActiveCfg = Debug|Any CPU
		{44902F0E-19A9-40B5-BD50-CEE5D08A553B}.Debug|Any CPU.Build.0 = Debug|Any CPU
		{44902F0E-19A9-40B5-BD50-CEE5D08A553B}.Debug|ARM.ActiveCfg = Debug|Any CPU
		{44902F0E-19A9-40B5-BD50-CEE5D08A553B}.Debug|ARM.Build.0 = Debug|Any CPU
		{44902F0E-19A9-40B5-BD50-CEE5D08A553B}.Debug|ARM64.ActiveCfg = Debug|Any CPU
		{44902F0E-19A9-40B5-BD50-CEE5D08A553B}.Debug|ARM64.Build.0 = Debug|Any CPU
		{44902F0E-19A9-40B5-BD50-CEE5D08A553B}.Debug|x64.ActiveCfg = Debug|Any CPU
		{44902F0E-19A9-40B5-BD50-CEE5D08A553B}.Debug|x64.Build.0 = Debug|Any CPU
		{44902F0E-19A9-40B5-BD50-CEE5D08A553B}.Debug|x86.ActiveCfg = Debug|Any CPU
		{44902F0E-19A9-40B5-BD50-CEE5D08A553B}.Debug|x86.Build.0 = Debug|Any CPU
		{44902F0E-19A9-40B5-BD50-CEE5D08A553B}.Release|Any CPU.ActiveCfg = Release|Any CPU
		{44902F0E-19A9-40B5-BD50-CEE5D08A553B}.Release|Any CPU.Build.0 = Release|Any CPU
		{44902F0E-19A9-40B5-BD50-CEE5D08A553B}.Release|ARM.ActiveCfg = Release|Any CPU
		{44902F0E-19A9-40B5-BD50-CEE5D08A553B}.Release|ARM.Build.0 = Release|Any CPU
		{44902F0E-19A9-40B5-BD50-CEE5D08A553B}.Release|ARM64.ActiveCfg = Release|Any CPU
		{44902F0E-19A9-40B5-BD50-CEE5D08A553B}.Release|ARM64.Build.0 = Release|Any CPU
		{44902F0E-19A9-40B5-BD50-CEE5D08A553B}.Release|x64.ActiveCfg = Release|Any CPU
		{44902F0E-19A9-40B5-BD50-CEE5D08A553B}.Release|x64.Build.0 = Release|Any CPU
		{44902F0E-19A9-40B5-BD50-CEE5D08A553B}.Release|x86.ActiveCfg = Release|Any CPU
		{44902F0E-19A9-40B5-BD50-CEE5D08A553B}.Release|x86.Build.0 = Release|Any CPU
		{202F5225-F580-4887-A2CF-0F2D3F800D5E}.Debug|Any CPU.ActiveCfg = Debug|Any CPU
		{202F5225-F580-4887-A2CF-0F2D3F800D5E}.Debug|Any CPU.Build.0 = Debug|Any CPU
		{202F5225-F580-4887-A2CF-0F2D3F800D5E}.Debug|ARM.ActiveCfg = Debug|Any CPU
		{202F5225-F580-4887-A2CF-0F2D3F800D5E}.Debug|ARM.Build.0 = Debug|Any CPU
		{202F5225-F580-4887-A2CF-0F2D3F800D5E}.Debug|ARM64.ActiveCfg = Debug|Any CPU
		{202F5225-F580-4887-A2CF-0F2D3F800D5E}.Debug|ARM64.Build.0 = Debug|Any CPU
		{202F5225-F580-4887-A2CF-0F2D3F800D5E}.Debug|x64.ActiveCfg = Debug|Any CPU
		{202F5225-F580-4887-A2CF-0F2D3F800D5E}.Debug|x64.Build.0 = Debug|Any CPU
		{202F5225-F580-4887-A2CF-0F2D3F800D5E}.Debug|x86.ActiveCfg = Debug|Any CPU
		{202F5225-F580-4887-A2CF-0F2D3F800D5E}.Debug|x86.Build.0 = Debug|Any CPU
		{202F5225-F580-4887-A2CF-0F2D3F800D5E}.Release|Any CPU.ActiveCfg = Release|Any CPU
		{202F5225-F580-4887-A2CF-0F2D3F800D5E}.Release|Any CPU.Build.0 = Release|Any CPU
		{202F5225-F580-4887-A2CF-0F2D3F800D5E}.Release|ARM.ActiveCfg = Release|Any CPU
		{202F5225-F580-4887-A2CF-0F2D3F800D5E}.Release|ARM.Build.0 = Release|Any CPU
		{202F5225-F580-4887-A2CF-0F2D3F800D5E}.Release|ARM64.ActiveCfg = Release|Any CPU
		{202F5225-F580-4887-A2CF-0F2D3F800D5E}.Release|ARM64.Build.0 = Release|Any CPU
		{202F5225-F580-4887-A2CF-0F2D3F800D5E}.Release|x64.ActiveCfg = Release|Any CPU
		{202F5225-F580-4887-A2CF-0F2D3F800D5E}.Release|x64.Build.0 = Release|Any CPU
		{202F5225-F580-4887-A2CF-0F2D3F800D5E}.Release|x86.ActiveCfg = Release|Any CPU
		{202F5225-F580-4887-A2CF-0F2D3F800D5E}.Release|x86.Build.0 = Release|Any CPU
		{F9E9FE20-D26C-4BF1-AE73-625E5D35D7A6}.Debug|Any CPU.ActiveCfg = Debug|Any CPU
		{F9E9FE20-D26C-4BF1-AE73-625E5D35D7A6}.Debug|Any CPU.Build.0 = Debug|Any CPU
		{F9E9FE20-D26C-4BF1-AE73-625E5D35D7A6}.Debug|ARM.ActiveCfg = Debug|Any CPU
		{F9E9FE20-D26C-4BF1-AE73-625E5D35D7A6}.Debug|ARM.Build.0 = Debug|Any CPU
		{F9E9FE20-D26C-4BF1-AE73-625E5D35D7A6}.Debug|ARM64.ActiveCfg = Debug|Any CPU
		{F9E9FE20-D26C-4BF1-AE73-625E5D35D7A6}.Debug|ARM64.Build.0 = Debug|Any CPU
		{F9E9FE20-D26C-4BF1-AE73-625E5D35D7A6}.Debug|x64.ActiveCfg = Debug|Any CPU
		{F9E9FE20-D26C-4BF1-AE73-625E5D35D7A6}.Debug|x64.Build.0 = Debug|Any CPU
		{F9E9FE20-D26C-4BF1-AE73-625E5D35D7A6}.Debug|x86.ActiveCfg = Debug|Any CPU
		{F9E9FE20-D26C-4BF1-AE73-625E5D35D7A6}.Debug|x86.Build.0 = Debug|Any CPU
		{F9E9FE20-D26C-4BF1-AE73-625E5D35D7A6}.Release|Any CPU.ActiveCfg = Release|Any CPU
		{F9E9FE20-D26C-4BF1-AE73-625E5D35D7A6}.Release|Any CPU.Build.0 = Release|Any CPU
		{F9E9FE20-D26C-4BF1-AE73-625E5D35D7A6}.Release|ARM.ActiveCfg = Release|Any CPU
		{F9E9FE20-D26C-4BF1-AE73-625E5D35D7A6}.Release|ARM.Build.0 = Release|Any CPU
		{F9E9FE20-D26C-4BF1-AE73-625E5D35D7A6}.Release|ARM64.ActiveCfg = Release|Any CPU
		{F9E9FE20-D26C-4BF1-AE73-625E5D35D7A6}.Release|ARM64.Build.0 = Release|Any CPU
		{F9E9FE20-D26C-4BF1-AE73-625E5D35D7A6}.Release|x64.ActiveCfg = Release|Any CPU
		{F9E9FE20-D26C-4BF1-AE73-625E5D35D7A6}.Release|x64.Build.0 = Release|Any CPU
		{F9E9FE20-D26C-4BF1-AE73-625E5D35D7A6}.Release|x86.ActiveCfg = Release|Any CPU
		{F9E9FE20-D26C-4BF1-AE73-625E5D35D7A6}.Release|x86.Build.0 = Release|Any CPU
		{C556372C-545A-4CF6-877F-A9AD20C7C2C7}.Debug|Any CPU.ActiveCfg = Debug|Any CPU
		{C556372C-545A-4CF6-877F-A9AD20C7C2C7}.Debug|Any CPU.Build.0 = Debug|Any CPU
		{C556372C-545A-4CF6-877F-A9AD20C7C2C7}.Debug|ARM.ActiveCfg = Debug|Any CPU
		{C556372C-545A-4CF6-877F-A9AD20C7C2C7}.Debug|ARM.Build.0 = Debug|Any CPU
		{C556372C-545A-4CF6-877F-A9AD20C7C2C7}.Debug|ARM64.ActiveCfg = Debug|Any CPU
		{C556372C-545A-4CF6-877F-A9AD20C7C2C7}.Debug|ARM64.Build.0 = Debug|Any CPU
		{C556372C-545A-4CF6-877F-A9AD20C7C2C7}.Debug|x64.ActiveCfg = Debug|Any CPU
		{C556372C-545A-4CF6-877F-A9AD20C7C2C7}.Debug|x64.Build.0 = Debug|Any CPU
		{C556372C-545A-4CF6-877F-A9AD20C7C2C7}.Debug|x86.ActiveCfg = Debug|Any CPU
		{C556372C-545A-4CF6-877F-A9AD20C7C2C7}.Debug|x86.Build.0 = Debug|Any CPU
		{C556372C-545A-4CF6-877F-A9AD20C7C2C7}.Release|Any CPU.ActiveCfg = Release|Any CPU
		{C556372C-545A-4CF6-877F-A9AD20C7C2C7}.Release|Any CPU.Build.0 = Release|Any CPU
		{C556372C-545A-4CF6-877F-A9AD20C7C2C7}.Release|ARM.ActiveCfg = Release|Any CPU
		{C556372C-545A-4CF6-877F-A9AD20C7C2C7}.Release|ARM.Build.0 = Release|Any CPU
		{C556372C-545A-4CF6-877F-A9AD20C7C2C7}.Release|ARM64.ActiveCfg = Release|Any CPU
		{C556372C-545A-4CF6-877F-A9AD20C7C2C7}.Release|ARM64.Build.0 = Release|Any CPU
		{C556372C-545A-4CF6-877F-A9AD20C7C2C7}.Release|x64.ActiveCfg = Release|Any CPU
		{C556372C-545A-4CF6-877F-A9AD20C7C2C7}.Release|x64.Build.0 = Release|Any CPU
		{C556372C-545A-4CF6-877F-A9AD20C7C2C7}.Release|x86.ActiveCfg = Release|Any CPU
		{C556372C-545A-4CF6-877F-A9AD20C7C2C7}.Release|x86.Build.0 = Release|Any CPU
		{34A5E2DA-ADB5-4D20-9113-DC6AD6564A79}.Debug|Any CPU.ActiveCfg = Debug|Any CPU
		{34A5E2DA-ADB5-4D20-9113-DC6AD6564A79}.Debug|Any CPU.Build.0 = Debug|Any CPU
		{34A5E2DA-ADB5-4D20-9113-DC6AD6564A79}.Debug|ARM.ActiveCfg = Debug|Any CPU
		{34A5E2DA-ADB5-4D20-9113-DC6AD6564A79}.Debug|ARM.Build.0 = Debug|Any CPU
		{34A5E2DA-ADB5-4D20-9113-DC6AD6564A79}.Debug|ARM64.ActiveCfg = Debug|Any CPU
		{34A5E2DA-ADB5-4D20-9113-DC6AD6564A79}.Debug|ARM64.Build.0 = Debug|Any CPU
		{34A5E2DA-ADB5-4D20-9113-DC6AD6564A79}.Debug|x64.ActiveCfg = Debug|Any CPU
		{34A5E2DA-ADB5-4D20-9113-DC6AD6564A79}.Debug|x64.Build.0 = Debug|Any CPU
		{34A5E2DA-ADB5-4D20-9113-DC6AD6564A79}.Debug|x86.ActiveCfg = Debug|Any CPU
		{34A5E2DA-ADB5-4D20-9113-DC6AD6564A79}.Debug|x86.Build.0 = Debug|Any CPU
		{34A5E2DA-ADB5-4D20-9113-DC6AD6564A79}.Release|Any CPU.ActiveCfg = Release|Any CPU
		{34A5E2DA-ADB5-4D20-9113-DC6AD6564A79}.Release|Any CPU.Build.0 = Release|Any CPU
		{34A5E2DA-ADB5-4D20-9113-DC6AD6564A79}.Release|ARM.ActiveCfg = Release|Any CPU
		{34A5E2DA-ADB5-4D20-9113-DC6AD6564A79}.Release|ARM.Build.0 = Release|Any CPU
		{34A5E2DA-ADB5-4D20-9113-DC6AD6564A79}.Release|ARM64.ActiveCfg = Release|Any CPU
		{34A5E2DA-ADB5-4D20-9113-DC6AD6564A79}.Release|ARM64.Build.0 = Release|Any CPU
		{34A5E2DA-ADB5-4D20-9113-DC6AD6564A79}.Release|x64.ActiveCfg = Release|Any CPU
		{34A5E2DA-ADB5-4D20-9113-DC6AD6564A79}.Release|x64.Build.0 = Release|Any CPU
		{34A5E2DA-ADB5-4D20-9113-DC6AD6564A79}.Release|x86.ActiveCfg = Release|Any CPU
		{34A5E2DA-ADB5-4D20-9113-DC6AD6564A79}.Release|x86.Build.0 = Release|Any CPU
		{12416B28-47CE-40DC-92E3-FCFD36E40D0A}.Debug|Any CPU.ActiveCfg = Debug|Any CPU
		{12416B28-47CE-40DC-92E3-FCFD36E40D0A}.Debug|Any CPU.Build.0 = Debug|Any CPU
		{12416B28-47CE-40DC-92E3-FCFD36E40D0A}.Debug|ARM.ActiveCfg = Debug|Any CPU
		{12416B28-47CE-40DC-92E3-FCFD36E40D0A}.Debug|ARM.Build.0 = Debug|Any CPU
		{12416B28-47CE-40DC-92E3-FCFD36E40D0A}.Debug|ARM64.ActiveCfg = Debug|Any CPU
		{12416B28-47CE-40DC-92E3-FCFD36E40D0A}.Debug|ARM64.Build.0 = Debug|Any CPU
		{12416B28-47CE-40DC-92E3-FCFD36E40D0A}.Debug|x64.ActiveCfg = Debug|Any CPU
		{12416B28-47CE-40DC-92E3-FCFD36E40D0A}.Debug|x64.Build.0 = Debug|Any CPU
		{12416B28-47CE-40DC-92E3-FCFD36E40D0A}.Debug|x86.ActiveCfg = Debug|Any CPU
		{12416B28-47CE-40DC-92E3-FCFD36E40D0A}.Debug|x86.Build.0 = Debug|Any CPU
		{12416B28-47CE-40DC-92E3-FCFD36E40D0A}.Release|Any CPU.ActiveCfg = Release|Any CPU
		{12416B28-47CE-40DC-92E3-FCFD36E40D0A}.Release|Any CPU.Build.0 = Release|Any CPU
		{12416B28-47CE-40DC-92E3-FCFD36E40D0A}.Release|ARM.ActiveCfg = Release|Any CPU
		{12416B28-47CE-40DC-92E3-FCFD36E40D0A}.Release|ARM.Build.0 = Release|Any CPU
		{12416B28-47CE-40DC-92E3-FCFD36E40D0A}.Release|ARM64.ActiveCfg = Release|Any CPU
		{12416B28-47CE-40DC-92E3-FCFD36E40D0A}.Release|ARM64.Build.0 = Release|Any CPU
		{12416B28-47CE-40DC-92E3-FCFD36E40D0A}.Release|x64.ActiveCfg = Release|Any CPU
		{12416B28-47CE-40DC-92E3-FCFD36E40D0A}.Release|x64.Build.0 = Release|Any CPU
		{12416B28-47CE-40DC-92E3-FCFD36E40D0A}.Release|x86.ActiveCfg = Release|Any CPU
		{12416B28-47CE-40DC-92E3-FCFD36E40D0A}.Release|x86.Build.0 = Release|Any CPU
		{5ACDF685-F5C1-45DC-A099-EADE86560D1E}.Debug|Any CPU.ActiveCfg = Debug|Any CPU
		{5ACDF685-F5C1-45DC-A099-EADE86560D1E}.Debug|Any CPU.Build.0 = Debug|Any CPU
		{5ACDF685-F5C1-45DC-A099-EADE86560D1E}.Debug|ARM.ActiveCfg = Debug|Any CPU
		{5ACDF685-F5C1-45DC-A099-EADE86560D1E}.Debug|ARM.Build.0 = Debug|Any CPU
		{5ACDF685-F5C1-45DC-A099-EADE86560D1E}.Debug|ARM64.ActiveCfg = Debug|Any CPU
		{5ACDF685-F5C1-45DC-A099-EADE86560D1E}.Debug|ARM64.Build.0 = Debug|Any CPU
		{5ACDF685-F5C1-45DC-A099-EADE86560D1E}.Debug|x64.ActiveCfg = Debug|Any CPU
		{5ACDF685-F5C1-45DC-A099-EADE86560D1E}.Debug|x64.Build.0 = Debug|Any CPU
		{5ACDF685-F5C1-45DC-A099-EADE86560D1E}.Debug|x86.ActiveCfg = Debug|Any CPU
		{5ACDF685-F5C1-45DC-A099-EADE86560D1E}.Debug|x86.Build.0 = Debug|Any CPU
		{5ACDF685-F5C1-45DC-A099-EADE86560D1E}.Release|Any CPU.ActiveCfg = Release|Any CPU
		{5ACDF685-F5C1-45DC-A099-EADE86560D1E}.Release|Any CPU.Build.0 = Release|Any CPU
		{5ACDF685-F5C1-45DC-A099-EADE86560D1E}.Release|ARM.ActiveCfg = Release|Any CPU
		{5ACDF685-F5C1-45DC-A099-EADE86560D1E}.Release|ARM.Build.0 = Release|Any CPU
		{5ACDF685-F5C1-45DC-A099-EADE86560D1E}.Release|ARM64.ActiveCfg = Release|Any CPU
		{5ACDF685-F5C1-45DC-A099-EADE86560D1E}.Release|ARM64.Build.0 = Release|Any CPU
		{5ACDF685-F5C1-45DC-A099-EADE86560D1E}.Release|x64.ActiveCfg = Release|Any CPU
		{5ACDF685-F5C1-45DC-A099-EADE86560D1E}.Release|x64.Build.0 = Release|Any CPU
		{5ACDF685-F5C1-45DC-A099-EADE86560D1E}.Release|x86.ActiveCfg = Release|Any CPU
		{5ACDF685-F5C1-45DC-A099-EADE86560D1E}.Release|x86.Build.0 = Release|Any CPU
		{EC500405-D4D9-44BB-ABE9-14853562DD85}.Debug|Any CPU.ActiveCfg = Debug|Any CPU
		{EC500405-D4D9-44BB-ABE9-14853562DD85}.Debug|Any CPU.Build.0 = Debug|Any CPU
		{EC500405-D4D9-44BB-ABE9-14853562DD85}.Debug|ARM.ActiveCfg = Debug|Any CPU
		{EC500405-D4D9-44BB-ABE9-14853562DD85}.Debug|ARM.Build.0 = Debug|Any CPU
		{EC500405-D4D9-44BB-ABE9-14853562DD85}.Debug|ARM64.ActiveCfg = Debug|Any CPU
		{EC500405-D4D9-44BB-ABE9-14853562DD85}.Debug|ARM64.Build.0 = Debug|Any CPU
		{EC500405-D4D9-44BB-ABE9-14853562DD85}.Debug|x64.ActiveCfg = Debug|Any CPU
		{EC500405-D4D9-44BB-ABE9-14853562DD85}.Debug|x64.Build.0 = Debug|Any CPU
		{EC500405-D4D9-44BB-ABE9-14853562DD85}.Debug|x86.ActiveCfg = Debug|Any CPU
		{EC500405-D4D9-44BB-ABE9-14853562DD85}.Debug|x86.Build.0 = Debug|Any CPU
		{EC500405-D4D9-44BB-ABE9-14853562DD85}.Release|Any CPU.ActiveCfg = Release|Any CPU
		{EC500405-D4D9-44BB-ABE9-14853562DD85}.Release|Any CPU.Build.0 = Release|Any CPU
		{EC500405-D4D9-44BB-ABE9-14853562DD85}.Release|ARM.ActiveCfg = Release|Any CPU
		{EC500405-D4D9-44BB-ABE9-14853562DD85}.Release|ARM.Build.0 = Release|Any CPU
		{EC500405-D4D9-44BB-ABE9-14853562DD85}.Release|ARM64.ActiveCfg = Release|Any CPU
		{EC500405-D4D9-44BB-ABE9-14853562DD85}.Release|ARM64.Build.0 = Release|Any CPU
		{EC500405-D4D9-44BB-ABE9-14853562DD85}.Release|x64.ActiveCfg = Release|Any CPU
		{EC500405-D4D9-44BB-ABE9-14853562DD85}.Release|x64.Build.0 = Release|Any CPU
		{EC500405-D4D9-44BB-ABE9-14853562DD85}.Release|x86.ActiveCfg = Release|Any CPU
		{EC500405-D4D9-44BB-ABE9-14853562DD85}.Release|x86.Build.0 = Release|Any CPU
		{275B53D2-2342-4EF7-A378-1A57B253625C}.Debug|Any CPU.ActiveCfg = Debug|Any CPU
		{275B53D2-2342-4EF7-A378-1A57B253625C}.Debug|Any CPU.Build.0 = Debug|Any CPU
		{275B53D2-2342-4EF7-A378-1A57B253625C}.Debug|ARM.ActiveCfg = Debug|Any CPU
		{275B53D2-2342-4EF7-A378-1A57B253625C}.Debug|ARM.Build.0 = Debug|Any CPU
		{275B53D2-2342-4EF7-A378-1A57B253625C}.Debug|ARM64.ActiveCfg = Debug|Any CPU
		{275B53D2-2342-4EF7-A378-1A57B253625C}.Debug|ARM64.Build.0 = Debug|Any CPU
		{275B53D2-2342-4EF7-A378-1A57B253625C}.Debug|x64.ActiveCfg = Debug|Any CPU
		{275B53D2-2342-4EF7-A378-1A57B253625C}.Debug|x64.Build.0 = Debug|Any CPU
		{275B53D2-2342-4EF7-A378-1A57B253625C}.Debug|x86.ActiveCfg = Debug|Any CPU
		{275B53D2-2342-4EF7-A378-1A57B253625C}.Debug|x86.Build.0 = Debug|Any CPU
		{275B53D2-2342-4EF7-A378-1A57B253625C}.Release|Any CPU.ActiveCfg = Release|Any CPU
		{275B53D2-2342-4EF7-A378-1A57B253625C}.Release|Any CPU.Build.0 = Release|Any CPU
		{275B53D2-2342-4EF7-A378-1A57B253625C}.Release|ARM.ActiveCfg = Release|Any CPU
		{275B53D2-2342-4EF7-A378-1A57B253625C}.Release|ARM.Build.0 = Release|Any CPU
		{275B53D2-2342-4EF7-A378-1A57B253625C}.Release|ARM64.ActiveCfg = Release|Any CPU
		{275B53D2-2342-4EF7-A378-1A57B253625C}.Release|ARM64.Build.0 = Release|Any CPU
		{275B53D2-2342-4EF7-A378-1A57B253625C}.Release|x64.ActiveCfg = Release|Any CPU
		{275B53D2-2342-4EF7-A378-1A57B253625C}.Release|x64.Build.0 = Release|Any CPU
		{275B53D2-2342-4EF7-A378-1A57B253625C}.Release|x86.ActiveCfg = Release|Any CPU
		{275B53D2-2342-4EF7-A378-1A57B253625C}.Release|x86.Build.0 = Release|Any CPU
		{96F368C4-098C-4ED5-A3F6-613C3B404C4D}.Debug|Any CPU.ActiveCfg = Debug|Any CPU
		{96F368C4-098C-4ED5-A3F6-613C3B404C4D}.Debug|Any CPU.Build.0 = Debug|Any CPU
		{96F368C4-098C-4ED5-A3F6-613C3B404C4D}.Debug|ARM.ActiveCfg = Debug|Any CPU
		{96F368C4-098C-4ED5-A3F6-613C3B404C4D}.Debug|ARM.Build.0 = Debug|Any CPU
		{96F368C4-098C-4ED5-A3F6-613C3B404C4D}.Debug|ARM64.ActiveCfg = Debug|Any CPU
		{96F368C4-098C-4ED5-A3F6-613C3B404C4D}.Debug|ARM64.Build.0 = Debug|Any CPU
		{96F368C4-098C-4ED5-A3F6-613C3B404C4D}.Debug|x64.ActiveCfg = Debug|Any CPU
		{96F368C4-098C-4ED5-A3F6-613C3B404C4D}.Debug|x64.Build.0 = Debug|Any CPU
		{96F368C4-098C-4ED5-A3F6-613C3B404C4D}.Debug|x86.ActiveCfg = Debug|Any CPU
		{96F368C4-098C-4ED5-A3F6-613C3B404C4D}.Debug|x86.Build.0 = Debug|Any CPU
		{96F368C4-098C-4ED5-A3F6-613C3B404C4D}.Release|Any CPU.ActiveCfg = Release|Any CPU
		{96F368C4-098C-4ED5-A3F6-613C3B404C4D}.Release|Any CPU.Build.0 = Release|Any CPU
		{96F368C4-098C-4ED5-A3F6-613C3B404C4D}.Release|ARM.ActiveCfg = Release|Any CPU
		{96F368C4-098C-4ED5-A3F6-613C3B404C4D}.Release|ARM.Build.0 = Release|Any CPU
		{96F368C4-098C-4ED5-A3F6-613C3B404C4D}.Release|ARM64.ActiveCfg = Release|Any CPU
		{96F368C4-098C-4ED5-A3F6-613C3B404C4D}.Release|ARM64.Build.0 = Release|Any CPU
		{96F368C4-098C-4ED5-A3F6-613C3B404C4D}.Release|x64.ActiveCfg = Release|Any CPU
		{96F368C4-098C-4ED5-A3F6-613C3B404C4D}.Release|x64.Build.0 = Release|Any CPU
		{96F368C4-098C-4ED5-A3F6-613C3B404C4D}.Release|x86.ActiveCfg = Release|Any CPU
		{96F368C4-098C-4ED5-A3F6-613C3B404C4D}.Release|x86.Build.0 = Release|Any CPU
		{FC998E1D-CAC5-46FC-A310-F1AD2EA4E5B2}.Debug|Any CPU.ActiveCfg = Debug|Any CPU
		{FC998E1D-CAC5-46FC-A310-F1AD2EA4E5B2}.Debug|Any CPU.Build.0 = Debug|Any CPU
		{FC998E1D-CAC5-46FC-A310-F1AD2EA4E5B2}.Debug|ARM.ActiveCfg = Debug|Any CPU
		{FC998E1D-CAC5-46FC-A310-F1AD2EA4E5B2}.Debug|ARM.Build.0 = Debug|Any CPU
		{FC998E1D-CAC5-46FC-A310-F1AD2EA4E5B2}.Debug|ARM64.ActiveCfg = Debug|Any CPU
		{FC998E1D-CAC5-46FC-A310-F1AD2EA4E5B2}.Debug|ARM64.Build.0 = Debug|Any CPU
		{FC998E1D-CAC5-46FC-A310-F1AD2EA4E5B2}.Debug|x64.ActiveCfg = Debug|Any CPU
		{FC998E1D-CAC5-46FC-A310-F1AD2EA4E5B2}.Debug|x64.Build.0 = Debug|Any CPU
		{FC998E1D-CAC5-46FC-A310-F1AD2EA4E5B2}.Debug|x86.ActiveCfg = Debug|Any CPU
		{FC998E1D-CAC5-46FC-A310-F1AD2EA4E5B2}.Debug|x86.Build.0 = Debug|Any CPU
		{FC998E1D-CAC5-46FC-A310-F1AD2EA4E5B2}.Release|Any CPU.ActiveCfg = Release|Any CPU
		{FC998E1D-CAC5-46FC-A310-F1AD2EA4E5B2}.Release|Any CPU.Build.0 = Release|Any CPU
		{FC998E1D-CAC5-46FC-A310-F1AD2EA4E5B2}.Release|ARM.ActiveCfg = Release|Any CPU
		{FC998E1D-CAC5-46FC-A310-F1AD2EA4E5B2}.Release|ARM.Build.0 = Release|Any CPU
		{FC998E1D-CAC5-46FC-A310-F1AD2EA4E5B2}.Release|ARM64.ActiveCfg = Release|Any CPU
		{FC998E1D-CAC5-46FC-A310-F1AD2EA4E5B2}.Release|ARM64.Build.0 = Release|Any CPU
		{FC998E1D-CAC5-46FC-A310-F1AD2EA4E5B2}.Release|x64.ActiveCfg = Release|Any CPU
		{FC998E1D-CAC5-46FC-A310-F1AD2EA4E5B2}.Release|x64.Build.0 = Release|Any CPU
		{FC998E1D-CAC5-46FC-A310-F1AD2EA4E5B2}.Release|x86.ActiveCfg = Release|Any CPU
		{FC998E1D-CAC5-46FC-A310-F1AD2EA4E5B2}.Release|x86.Build.0 = Release|Any CPU
		{708EADA8-5513-43FD-9005-0DE03A1AD0F7}.Debug|Any CPU.ActiveCfg = Debug|Any CPU
		{708EADA8-5513-43FD-9005-0DE03A1AD0F7}.Debug|Any CPU.Build.0 = Debug|Any CPU
		{708EADA8-5513-43FD-9005-0DE03A1AD0F7}.Debug|ARM.ActiveCfg = Debug|Any CPU
		{708EADA8-5513-43FD-9005-0DE03A1AD0F7}.Debug|ARM.Build.0 = Debug|Any CPU
		{708EADA8-5513-43FD-9005-0DE03A1AD0F7}.Debug|ARM64.ActiveCfg = Debug|Any CPU
		{708EADA8-5513-43FD-9005-0DE03A1AD0F7}.Debug|ARM64.Build.0 = Debug|Any CPU
		{708EADA8-5513-43FD-9005-0DE03A1AD0F7}.Debug|x64.ActiveCfg = Debug|Any CPU
		{708EADA8-5513-43FD-9005-0DE03A1AD0F7}.Debug|x64.Build.0 = Debug|Any CPU
		{708EADA8-5513-43FD-9005-0DE03A1AD0F7}.Debug|x86.ActiveCfg = Debug|Any CPU
		{708EADA8-5513-43FD-9005-0DE03A1AD0F7}.Debug|x86.Build.0 = Debug|Any CPU
		{708EADA8-5513-43FD-9005-0DE03A1AD0F7}.Release|Any CPU.ActiveCfg = Release|Any CPU
		{708EADA8-5513-43FD-9005-0DE03A1AD0F7}.Release|Any CPU.Build.0 = Release|Any CPU
		{708EADA8-5513-43FD-9005-0DE03A1AD0F7}.Release|ARM.ActiveCfg = Release|Any CPU
		{708EADA8-5513-43FD-9005-0DE03A1AD0F7}.Release|ARM.Build.0 = Release|Any CPU
		{708EADA8-5513-43FD-9005-0DE03A1AD0F7}.Release|ARM64.ActiveCfg = Release|Any CPU
		{708EADA8-5513-43FD-9005-0DE03A1AD0F7}.Release|ARM64.Build.0 = Release|Any CPU
		{708EADA8-5513-43FD-9005-0DE03A1AD0F7}.Release|x64.ActiveCfg = Release|Any CPU
		{708EADA8-5513-43FD-9005-0DE03A1AD0F7}.Release|x64.Build.0 = Release|Any CPU
		{708EADA8-5513-43FD-9005-0DE03A1AD0F7}.Release|x86.ActiveCfg = Release|Any CPU
		{708EADA8-5513-43FD-9005-0DE03A1AD0F7}.Release|x86.Build.0 = Release|Any CPU
		{D1E661C8-E386-49C0-97C6-3B5B6EF3B327}.Debug|Any CPU.ActiveCfg = Debug|Any CPU
		{D1E661C8-E386-49C0-97C6-3B5B6EF3B327}.Debug|Any CPU.Build.0 = Debug|Any CPU
		{D1E661C8-E386-49C0-97C6-3B5B6EF3B327}.Debug|ARM.ActiveCfg = Debug|Any CPU
		{D1E661C8-E386-49C0-97C6-3B5B6EF3B327}.Debug|ARM.Build.0 = Debug|Any CPU
		{D1E661C8-E386-49C0-97C6-3B5B6EF3B327}.Debug|ARM64.ActiveCfg = Debug|Any CPU
		{D1E661C8-E386-49C0-97C6-3B5B6EF3B327}.Debug|ARM64.Build.0 = Debug|Any CPU
		{D1E661C8-E386-49C0-97C6-3B5B6EF3B327}.Debug|x64.ActiveCfg = Debug|Any CPU
		{D1E661C8-E386-49C0-97C6-3B5B6EF3B327}.Debug|x64.Build.0 = Debug|Any CPU
		{D1E661C8-E386-49C0-97C6-3B5B6EF3B327}.Debug|x86.ActiveCfg = Debug|Any CPU
		{D1E661C8-E386-49C0-97C6-3B5B6EF3B327}.Debug|x86.Build.0 = Debug|Any CPU
		{D1E661C8-E386-49C0-97C6-3B5B6EF3B327}.Release|Any CPU.ActiveCfg = Release|Any CPU
		{D1E661C8-E386-49C0-97C6-3B5B6EF3B327}.Release|Any CPU.Build.0 = Release|Any CPU
		{D1E661C8-E386-49C0-97C6-3B5B6EF3B327}.Release|ARM.ActiveCfg = Release|Any CPU
		{D1E661C8-E386-49C0-97C6-3B5B6EF3B327}.Release|ARM.Build.0 = Release|Any CPU
		{D1E661C8-E386-49C0-97C6-3B5B6EF3B327}.Release|ARM64.ActiveCfg = Release|Any CPU
		{D1E661C8-E386-49C0-97C6-3B5B6EF3B327}.Release|ARM64.Build.0 = Release|Any CPU
		{D1E661C8-E386-49C0-97C6-3B5B6EF3B327}.Release|x64.ActiveCfg = Release|Any CPU
		{D1E661C8-E386-49C0-97C6-3B5B6EF3B327}.Release|x64.Build.0 = Release|Any CPU
		{D1E661C8-E386-49C0-97C6-3B5B6EF3B327}.Release|x86.ActiveCfg = Release|Any CPU
		{D1E661C8-E386-49C0-97C6-3B5B6EF3B327}.Release|x86.Build.0 = Release|Any CPU
	EndGlobalSection
	GlobalSection(SolutionProperties) = preSolution
		HideSolutionNode = FALSE
	EndGlobalSection
	GlobalSection(NestedProjects) = preSolution
		{4BEE7B32-53CD-4950-8994-CF74F1B41122} = {2846624C-CC77-47D0-90B7-F9EE09EC6BF1}
		{2388DCE4-CDD6-49E1-BD1A-34AB700D633B} = {AB061EFA-363F-430A-BBF5-B8668F081868}
		{FCD2BF67-8361-4E30-AD2A-4ED7CECB2C69} = {29FE33B2-1281-45DC-817C-52786F64DE7D}
		{99C37FB0-59D6-465B-9EC6-B7AA29D51522} = {18FF3D36-B0CA-446B-A048-05A83171CA7B}
		{F1CB2ACF-FE68-4052-B2E6-5F1FA5F10DFF} = {E3E3182B-8DAF-412F-A957-056C3929F5CF}
		{E92547FA-F144-4367-96D3-FAFA20087F48} = {18FF3D36-B0CA-446B-A048-05A83171CA7B}
		{5DA487BA-909F-4962-9898-9D05BDC52945} = {AB061EFA-363F-430A-BBF5-B8668F081868}
		{BC4DD6EB-7DD8-41BC-8CEC-4218D6CBB8DC} = {D6519E7C-FC81-4EE7-A7BB-FC3F49D8D627}
		{37188F5A-8A3B-4DF4-A792-3D98C23BF633} = {21737D5B-3644-40E1-8619-15F59390BB30}
		{095C9FDA-372E-4E31-A4B3-7758EC5B67E0} = {D6519E7C-FC81-4EE7-A7BB-FC3F49D8D627}
		{85D55C25-95AC-429E-8283-ECE37EBEDB89} = {21737D5B-3644-40E1-8619-15F59390BB30}
		{4551A897-E421-4CAF-BE73-EFA66641D8A2} = {21737D5B-3644-40E1-8619-15F59390BB30}
		{BFFA9D30-BF78-46D1-8F3E-F7EB13AEDD25} = {21737D5B-3644-40E1-8619-15F59390BB30}
		{88228306-0F68-41E2-AEBA-5A8E8467CDA6} = {21737D5B-3644-40E1-8619-15F59390BB30}
		{74D192BF-81D7-47B5-A792-0CB20C85DDA9} = {E3E3182B-8DAF-412F-A957-056C3929F5CF}
		{EDB745FE-24F4-41E6-BD3B-C806C959458C} = {E3E3182B-8DAF-412F-A957-056C3929F5CF}
		{B60BE8AA-D81C-4047-9B3F-E682196CBF39} = {D6519E7C-FC81-4EE7-A7BB-FC3F49D8D627}
		{FEBAABAF-97CB-43A9-B96F-3A0B86DDC9AA} = {D6519E7C-FC81-4EE7-A7BB-FC3F49D8D627}
		{54FEDB5D-7AA2-4380-AA2D-5D9EEF737B32} = {27623C85-C07C-48CD-BCFB-6C350C7E4D40}
		{DC4DD43A-E365-4505-983A-9DFB725FA51C} = {27623C85-C07C-48CD-BCFB-6C350C7E4D40}
		{29FE33B2-1281-45DC-817C-52786F64DE7D} = {97040347-AE2C-4854-AC26-01B4CCDA8527}
		{6F149B9E-F2DA-47A8-8B9F-F8AE3570F4A8} = {97040347-AE2C-4854-AC26-01B4CCDA8527}
		{18FF3D36-B0CA-446B-A048-05A83171CA7B} = {97040347-AE2C-4854-AC26-01B4CCDA8527}
		{AB061EFA-363F-430A-BBF5-B8668F081868} = {6F149B9E-F2DA-47A8-8B9F-F8AE3570F4A8}
		{2846624C-CC77-47D0-90B7-F9EE09EC6BF1} = {6F149B9E-F2DA-47A8-8B9F-F8AE3570F4A8}
		{E34E7AE5-34E1-4861-93C1-D035E51A3243} = {AB061EFA-363F-430A-BBF5-B8668F081868}
		{2275EF31-85BD-4C81-9CA9-153EF2717709} = {AB061EFA-363F-430A-BBF5-B8668F081868}
		{AD8161DB-8568-48F4-AF51-A67DBE8FD7DB} = {AB061EFA-363F-430A-BBF5-B8668F081868}
		{2594F04F-AB25-40BF-83D3-1F6C29C0D0D3} = {AB061EFA-363F-430A-BBF5-B8668F081868}
		{D72D30B3-2259-42B8-8FD8-EF251BFD745E} = {AB061EFA-363F-430A-BBF5-B8668F081868}
		{D8D33FAD-8343-425C-A90A-1864B915D902} = {AB061EFA-363F-430A-BBF5-B8668F081868}
		{6E9423B2-284C-416C-86B1-01BBF8689F0B} = {AB061EFA-363F-430A-BBF5-B8668F081868}
		{A6CEAA1A-85A3-4760-A958-37B1A92D840D} = {97040347-AE2C-4854-AC26-01B4CCDA8527}
		{4012E05C-ADF4-43A6-B7CC-5DF56BBDC9E4} = {A6CEAA1A-85A3-4760-A958-37B1A92D840D}
		{867C8C08-6918-4B5A-A429-2A4E083E5B7B} = {AB061EFA-363F-430A-BBF5-B8668F081868}
		{49E768F8-A828-4450-BCD3-47FB647F94CD} = {1ED048B8-6078-4CEB-BDD5-FD3CD6B8A868}
		{31045E9F-270B-439B-B128-A5521623455F} = {1ED048B8-6078-4CEB-BDD5-FD3CD6B8A868}
		{4279B30C-CDFE-4BB4-BD97-ED7B674E7932} = {1ED048B8-6078-4CEB-BDD5-FD3CD6B8A868}
		{5BF89009-9230-4B93-A7F9-B490B648EB28} = {1ED048B8-6078-4CEB-BDD5-FD3CD6B8A868}
		{44902F0E-19A9-40B5-BD50-CEE5D08A553B} = {1ED048B8-6078-4CEB-BDD5-FD3CD6B8A868}
		{202F5225-F580-4887-A2CF-0F2D3F800D5E} = {1FF79FD3-D814-4D14-8491-70607153E531}
		{F9E9FE20-D26C-4BF1-AE73-625E5D35D7A6} = {1FF79FD3-D814-4D14-8491-70607153E531}
		{C556372C-545A-4CF6-877F-A9AD20C7C2C7} = {1FF79FD3-D814-4D14-8491-70607153E531}
		{34A5E2DA-ADB5-4D20-9113-DC6AD6564A79} = {1FF79FD3-D814-4D14-8491-70607153E531}
		{12416B28-47CE-40DC-92E3-FCFD36E40D0A} = {1FF79FD3-D814-4D14-8491-70607153E531}
		{5ACDF685-F5C1-45DC-A099-EADE86560D1E} = {D6519E7C-FC81-4EE7-A7BB-FC3F49D8D627}
		{EC500405-D4D9-44BB-ABE9-14853562DD85} = {2846624C-CC77-47D0-90B7-F9EE09EC6BF1}
		{275B53D2-2342-4EF7-A378-1A57B253625C} = {C402C9F2-CB27-4361-A79C-C76599B2D564}
		{96F368C4-098C-4ED5-A3F6-613C3B404C4D} = {C402C9F2-CB27-4361-A79C-C76599B2D564}
		{FC998E1D-CAC5-46FC-A310-F1AD2EA4E5B2} = {27623C85-C07C-48CD-BCFB-6C350C7E4D40}
		{708EADA8-5513-43FD-9005-0DE03A1AD0F7} = {0AD54B7F-5170-4B84-A7AA-862A95DD0EE2}
		{D1E661C8-E386-49C0-97C6-3B5B6EF3B327} = {02EA681E-C7D8-13C7-8484-4AC65E1B71E8}
	EndGlobalSection
	GlobalSection(ExtensibilityGlobals) = postSolution
		SolutionGuid = {10135AC3-E570-42BD-A319-B0268E299C9D}
	EndGlobalSection
EndGlobal
