
Microsoft Visual Studio Solution File, Format Version 12.00
# Visual Studio Version 17
VisualStudioVersion = 17.0.31710.8
MinimumVisualStudioVersion = 10.0.40219.1
Project("{9A19103F-16F7-4668-BE54-9A1E7A4F7556}") = "CnGalWebSite.WebAssembly", "CnGalWebSite\CnGalWebSite.WebAssembly\CnGalWebSite.WebAssembly.csproj", "{4BEE7B32-53CD-4950-8994-CF74F1B41122}"
EndProject
Project("{9A19103F-16F7-4668-BE54-9A1E7A4F7556}") = "CnGalWebSite.Shared", "CnGalWebSite\CnGalWebSite.Shared\CnGalWebSite.Shared.csproj", "{2388DCE4-CDD6-49E1-BD1A-34AB700D633B}"
EndProject
Project("{9A19103F-16F7-4668-BE54-9A1E7A4F7556}") = "CnGalWebSite.APIServer", "CnGalWebSite\CnGalWebSite.APIServer\CnGalWebSite.APIServer.csproj", "{FCD2BF67-8361-4E30-AD2A-4ED7CECB2C69}"
EndProject
Project("{9A19103F-16F7-4668-BE54-9A1E7A4F7556}") = "CnGalWebSite.Server", "CnGalWebSite\CnGalWebSite.Server\CnGalWebSite.Server.csproj", "{7A6DC2C5-6B3B-47D5-8064-92BFF9F74D95}"
EndProject
Project("{9A19103F-16F7-4668-BE54-9A1E7A4F7556}") = "CnGalWebSite.DataModel", "CnGalWebSite\CnGalWebSite.DataModel\CnGalWebSite.DataModel.csproj", "{99C37FB0-59D6-465B-9EC6-B7AA29D51522}"
EndProject
Project("{9A19103F-16F7-4668-BE54-9A1E7A4F7556}") = "CnGalWebSite.DrawingBed", "CnGalWebSite\CnGalWebSite.DrawingBed\CnGalWebSite.DrawingBed.csproj", "{F1CB2ACF-FE68-4052-B2E6-5F1FA5F10DFF}"
EndProject
Project("{9A19103F-16F7-4668-BE54-9A1E7A4F7556}") = "CnGalWebSite.Helper", "CnGalWebSite\CnGalWebSite.Helper\CnGalWebSite.Helper.csproj", "{E92547FA-F144-4367-96D3-FAFA20087F48}"
EndProject
Project("{9A19103F-16F7-4668-BE54-9A1E7A4F7556}") = "CnGalWebSite.RobotClient", "CnGalWebSite\CnGalWebSite.RobotClient\CnGalWebSite.RobotClient.csproj", "{B09309AB-CBB3-47C2-9BA5-18816A77C719}"
EndProject
Project("{9A19103F-16F7-4668-BE54-9A1E7A4F7556}") = "CnGalWebSite.PublicToolbox", "CnGalWebSite\CnGalWebSite.PublicToolbox\CnGalWebSite.PublicToolbox.csproj", "{5DA487BA-909F-4962-9898-9D05BDC52945}"
EndProject
Project("{9A19103F-16F7-4668-BE54-9A1E7A4F7556}") = "CnGalWebSite.HealthCheck", "CnGalWebSite\CnGalWebSite.HealthCheck\CnGalWebSite.HealthCheck.csproj", "{BC4DD6EB-7DD8-41BC-8CEC-4218D6CBB8DC}"
EndProject
Project("{9A19103F-16F7-4668-BE54-9A1E7A4F7556}") = "CnGalWebSite.IdentityServer", "CnGalWebSite\CnGalWebSite.IdentityServer\CnGalWebSite.IdentityServer.csproj", "{37188F5A-8A3B-4DF4-A792-3D98C23BF633}"
EndProject
Project("{9A19103F-16F7-4668-BE54-9A1E7A4F7556}") = "CnGalWebSite.Extensions", "CnGalWebSite\CnGalWebSite.Extensions\CnGalWebSite.Extensions.csproj", "{095C9FDA-372E-4E31-A4B3-7758EC5B67E0}"
EndProject
Project("{9A19103F-16F7-4668-BE54-9A1E7A4F7556}") = "CnGalWebSite.IdentityServer.Models", "CnGalWebSite\CnGalWebSite.IdentityServer.Models\CnGalWebSite.IdentityServer.Models.csproj", "{85D55C25-95AC-429E-8283-ECE37EBEDB89}"
EndProject
Project("{9A19103F-16F7-4668-BE54-9A1E7A4F7556}") = "CnGalWebSite.IdentityServer.Admin.SSR", "CnGalWebSite\CnGalWebSite.IdentityServer.Admin.SSR\CnGalWebSite.IdentityServer.Admin.SSR.csproj", "{4551A897-E421-4CAF-BE73-EFA66641D8A2}"
EndProject
Project("{9A19103F-16F7-4668-BE54-9A1E7A4F7556}") = "CnGalWebSite.IdentityServer.Admin.WASM", "CnGalWebSite\CnGalWebSite.IdentityServer.Admin.WASM\CnGalWebSite.IdentityServer.Admin.WASM.csproj", "{BFFA9D30-BF78-46D1-8F3E-F7EB13AEDD25}"
EndProject
Project("{9A19103F-16F7-4668-BE54-9A1E7A4F7556}") = "CnGalWebSite.IdentityServer.Admin.Shared", "CnGalWebSite\CnGalWebSite.IdentityServer.Admin.Shared\CnGalWebSite.IdentityServer.Admin.Shared.csproj", "{88228306-0F68-41E2-AEBA-5A8E8467CDA6}"
EndProject
Project("{9A19103F-16F7-4668-BE54-9A1E7A4F7556}") = "CnGalWebSite.DrawingBed.Models", "CnGalWebSite\CnGalWebSite.DrawingBed.Models\CnGalWebSite.DrawingBed.Models.csproj", "{74D192BF-81D7-47B5-A792-0CB20C85DDA9}"
EndProject
Project("{9A19103F-16F7-4668-BE54-9A1E7A4F7556}") = "CnGalWebSite.DrawingBed.Helper", "CnGalWebSite\CnGalWebSite.DrawingBed.Helper\CnGalWebSite.DrawingBed.Helper.csproj", "{EDB745FE-24F4-41E6-BD3B-C806C959458C}"
EndProject
Project("{9A19103F-16F7-4668-BE54-9A1E7A4F7556}") = "CnGalWebSite.Core", "CnGalWebSite\CnGalWebSite.Core\CnGalWebSite.Core.csproj", "{B60BE8AA-D81C-4047-9B3F-E682196CBF39}"
EndProject
Project("{9A19103F-16F7-4668-BE54-9A1E7A4F7556}") = "CnGalWebSite.Components", "CnGalWebSite\CnGalWebSite.Components\CnGalWebSite.Components.csproj", "{FEBAABAF-97CB-43A9-B96F-3A0B86DDC9AA}"
EndProject
Global
	GlobalSection(SolutionConfigurationPlatforms) = preSolution
		Debug|Any CPU = Debug|Any CPU
		Debug|ARM = Debug|ARM
		Debug|ARM64 = Debug|ARM64
		Debug|x64 = Debug|x64
		Debug|x86 = Debug|x86
		Release|Any CPU = Release|Any CPU
		Release|ARM = Release|ARM
		Release|ARM64 = Release|ARM64
		Release|x64 = Release|x64
		Release|x86 = Release|x86
	EndGlobalSection
	GlobalSection(ProjectConfigurationPlatforms) = postSolution
		{4BEE7B32-53CD-4950-8994-CF74F1B41122}.Debug|Any CPU.ActiveCfg = Debug|Any CPU
		{4BEE7B32-53CD-4950-8994-CF74F1B41122}.Debug|Any CPU.Build.0 = Debug|Any CPU
		{4BEE7B32-53CD-4950-8994-CF74F1B41122}.Debug|ARM.ActiveCfg = Debug|Any CPU
		{4BEE7B32-53CD-4950-8994-CF74F1B41122}.Debug|ARM.Build.0 = Debug|Any CPU
		{4BEE7B32-53CD-4950-8994-CF74F1B41122}.Debug|ARM64.ActiveCfg = Debug|Any CPU
		{4BEE7B32-53CD-4950-8994-CF74F1B41122}.Debug|ARM64.Build.0 = Debug|Any CPU
		{4BEE7B32-53CD-4950-8994-CF74F1B41122}.Debug|x64.ActiveCfg = Debug|Any CPU
		{4BEE7B32-53CD-4950-8994-CF74F1B41122}.Debug|x64.Build.0 = Debug|Any CPU
		{4BEE7B32-53CD-4950-8994-CF74F1B41122}.Debug|x86.ActiveCfg = Debug|Any CPU
		{4BEE7B32-53CD-4950-8994-CF74F1B41122}.Debug|x86.Build.0 = Debug|Any CPU
		{4BEE7B32-53CD-4950-8994-CF74F1B41122}.Release|Any CPU.ActiveCfg = Release|Any CPU
		{4BEE7B32-53CD-4950-8994-CF74F1B41122}.Release|Any CPU.Build.0 = Release|Any CPU
		{4BEE7B32-53CD-4950-8994-CF74F1B41122}.Release|ARM.ActiveCfg = Release|Any CPU
		{4BEE7B32-53CD-4950-8994-CF74F1B41122}.Release|ARM.Build.0 = Release|Any CPU
		{4BEE7B32-53CD-4950-8994-CF74F1B41122}.Release|ARM64.ActiveCfg = Release|Any CPU
		{4BEE7B32-53CD-4950-8994-CF74F1B41122}.Release|ARM64.Build.0 = Release|Any CPU
		{4BEE7B32-53CD-4950-8994-CF74F1B41122}.Release|x64.ActiveCfg = Release|Any CPU
		{4BEE7B32-53CD-4950-8994-CF74F1B41122}.Release|x64.Build.0 = Release|Any CPU
		{4BEE7B32-53CD-4950-8994-CF74F1B41122}.Release|x86.ActiveCfg = Release|Any CPU
		{4BEE7B32-53CD-4950-8994-CF74F1B41122}.Release|x86.Build.0 = Release|Any CPU
		{2388DCE4-CDD6-49E1-BD1A-34AB700D633B}.Debug|Any CPU.ActiveCfg = Debug|Any CPU
		{2388DCE4-CDD6-49E1-BD1A-34AB700D633B}.Debug|Any CPU.Build.0 = Debug|Any CPU
		{2388DCE4-CDD6-49E1-BD1A-34AB700D633B}.Debug|ARM.ActiveCfg = Debug|Any CPU
		{2388DCE4-CDD6-49E1-BD1A-34AB700D633B}.Debug|ARM.Build.0 = Debug|Any CPU
		{2388DCE4-CDD6-49E1-BD1A-34AB700D633B}.Debug|ARM64.ActiveCfg = Debug|Any CPU
		{2388DCE4-CDD6-49E1-BD1A-34AB700D633B}.Debug|ARM64.Build.0 = Debug|Any CPU
		{2388DCE4-CDD6-49E1-BD1A-34AB700D633B}.Debug|x64.ActiveCfg = Debug|Any CPU
		{2388DCE4-CDD6-49E1-BD1A-34AB700D633B}.Debug|x64.Build.0 = Debug|Any CPU
		{2388DCE4-CDD6-49E1-BD1A-34AB700D633B}.Debug|x86.ActiveCfg = Debug|Any CPU
		{2388DCE4-CDD6-49E1-BD1A-34AB700D633B}.Debug|x86.Build.0 = Debug|Any CPU
		{2388DCE4-CDD6-49E1-BD1A-34AB700D633B}.Release|Any CPU.ActiveCfg = Release|Any CPU
		{2388DCE4-CDD6-49E1-BD1A-34AB700D633B}.Release|Any CPU.Build.0 = Release|Any CPU
		{2388DCE4-CDD6-49E1-BD1A-34AB700D633B}.Release|ARM.ActiveCfg = Release|Any CPU
		{2388DCE4-CDD6-49E1-BD1A-34AB700D633B}.Release|ARM.Build.0 = Release|Any CPU
		{2388DCE4-CDD6-49E1-BD1A-34AB700D633B}.Release|ARM64.ActiveCfg = Release|Any CPU
		{2388DCE4-CDD6-49E1-BD1A-34AB700D633B}.Release|ARM64.Build.0 = Release|Any CPU
		{2388DCE4-CDD6-49E1-BD1A-34AB700D633B}.Release|x64.ActiveCfg = Release|Any CPU
		{2388DCE4-CDD6-49E1-BD1A-34AB700D633B}.Release|x64.Build.0 = Release|Any CPU
		{2388DCE4-CDD6-49E1-BD1A-34AB700D633B}.Release|x86.ActiveCfg = Release|Any CPU
		{2388DCE4-CDD6-49E1-BD1A-34AB700D633B}.Release|x86.Build.0 = Release|Any CPU
		{FCD2BF67-8361-4E30-AD2A-4ED7CECB2C69}.Debug|Any CPU.ActiveCfg = Debug|Any CPU
		{FCD2BF67-8361-4E30-AD2A-4ED7CECB2C69}.Debug|Any CPU.Build.0 = Debug|Any CPU
		{FCD2BF67-8361-4E30-AD2A-4ED7CECB2C69}.Debug|ARM.ActiveCfg = Debug|Any CPU
		{FCD2BF67-8361-4E30-AD2A-4ED7CECB2C69}.Debug|ARM.Build.0 = Debug|Any CPU
		{FCD2BF67-8361-4E30-AD2A-4ED7CECB2C69}.Debug|ARM64.ActiveCfg = Debug|Any CPU
		{FCD2BF67-8361-4E30-AD2A-4ED7CECB2C69}.Debug|ARM64.Build.0 = Debug|Any CPU
		{FCD2BF67-8361-4E30-AD2A-4ED7CECB2C69}.Debug|x64.ActiveCfg = Debug|Any CPU
		{FCD2BF67-8361-4E30-AD2A-4ED7CECB2C69}.Debug|x64.Build.0 = Debug|Any CPU
		{FCD2BF67-8361-4E30-AD2A-4ED7CECB2C69}.Debug|x86.ActiveCfg = Debug|Any CPU
		{FCD2BF67-8361-4E30-AD2A-4ED7CECB2C69}.Debug|x86.Build.0 = Debug|Any CPU
		{FCD2BF67-8361-4E30-AD2A-4ED7CECB2C69}.Release|Any CPU.ActiveCfg = Release|Any CPU
		{FCD2BF67-8361-4E30-AD2A-4ED7CECB2C69}.Release|Any CPU.Build.0 = Release|Any CPU
		{FCD2BF67-8361-4E30-AD2A-4ED7CECB2C69}.Release|ARM.ActiveCfg = Release|Any CPU
		{FCD2BF67-8361-4E30-AD2A-4ED7CECB2C69}.Release|ARM.Build.0 = Release|Any CPU
		{FCD2BF67-8361-4E30-AD2A-4ED7CECB2C69}.Release|ARM64.ActiveCfg = Release|Any CPU
		{FCD2BF67-8361-4E30-AD2A-4ED7CECB2C69}.Release|ARM64.Build.0 = Release|Any CPU
		{FCD2BF67-8361-4E30-AD2A-4ED7CECB2C69}.Release|x64.ActiveCfg = Release|Any CPU
		{FCD2BF67-8361-4E30-AD2A-4ED7CECB2C69}.Release|x64.Build.0 = Release|Any CPU
		{FCD2BF67-8361-4E30-AD2A-4ED7CECB2C69}.Release|x86.ActiveCfg = Release|Any CPU
		{FCD2BF67-8361-4E30-AD2A-4ED7CECB2C69}.Release|x86.Build.0 = Release|Any CPU
		{7A6DC2C5-6B3B-47D5-8064-92BFF9F74D95}.Debug|Any CPU.ActiveCfg = Debug|Any CPU
		{7A6DC2C5-6B3B-47D5-8064-92BFF9F74D95}.Debug|Any CPU.Build.0 = Debug|Any CPU
		{7A6DC2C5-6B3B-47D5-8064-92BFF9F74D95}.Debug|ARM.ActiveCfg = Debug|Any CPU
		{7A6DC2C5-6B3B-47D5-8064-92BFF9F74D95}.Debug|ARM.Build.0 = Debug|Any CPU
		{7A6DC2C5-6B3B-47D5-8064-92BFF9F74D95}.Debug|ARM64.ActiveCfg = Debug|Any CPU
		{7A6DC2C5-6B3B-47D5-8064-92BFF9F74D95}.Debug|ARM64.Build.0 = Debug|Any CPU
		{7A6DC2C5-6B3B-47D5-8064-92BFF9F74D95}.Debug|x64.ActiveCfg = Debug|Any CPU
		{7A6DC2C5-6B3B-47D5-8064-92BFF9F74D95}.Debug|x64.Build.0 = Debug|Any CPU
		{7A6DC2C5-6B3B-47D5-8064-92BFF9F74D95}.Debug|x86.ActiveCfg = Debug|Any CPU
		{7A6DC2C5-6B3B-47D5-8064-92BFF9F74D95}.Debug|x86.Build.0 = Debug|Any CPU
		{7A6DC2C5-6B3B-47D5-8064-92BFF9F74D95}.Release|Any CPU.ActiveCfg = Release|Any CPU
		{7A6DC2C5-6B3B-47D5-8064-92BFF9F74D95}.Release|Any CPU.Build.0 = Release|Any CPU
		{7A6DC2C5-6B3B-47D5-8064-92BFF9F74D95}.Release|ARM.ActiveCfg = Release|Any CPU
		{7A6DC2C5-6B3B-47D5-8064-92BFF9F74D95}.Release|ARM.Build.0 = Release|Any CPU
		{7A6DC2C5-6B3B-47D5-8064-92BFF9F74D95}.Release|ARM64.ActiveCfg = Release|Any CPU
		{7A6DC2C5-6B3B-47D5-8064-92BFF9F74D95}.Release|ARM64.Build.0 = Release|Any CPU
		{7A6DC2C5-6B3B-47D5-8064-92BFF9F74D95}.Release|x64.ActiveCfg = Release|Any CPU
		{7A6DC2C5-6B3B-47D5-8064-92BFF9F74D95}.Release|x64.Build.0 = Release|Any CPU
		{7A6DC2C5-6B3B-47D5-8064-92BFF9F74D95}.Release|x86.ActiveCfg = Release|Any CPU
		{7A6DC2C5-6B3B-47D5-8064-92BFF9F74D95}.Release|x86.Build.0 = Release|Any CPU
		{99C37FB0-59D6-465B-9EC6-B7AA29D51522}.Debug|Any CPU.ActiveCfg = Debug|Any CPU
		{99C37FB0-59D6-465B-9EC6-B7AA29D51522}.Debug|Any CPU.Build.0 = Debug|Any CPU
		{99C37FB0-59D6-465B-9EC6-B7AA29D51522}.Debug|ARM.ActiveCfg = Debug|Any CPU
		{99C37FB0-59D6-465B-9EC6-B7AA29D51522}.Debug|ARM.Build.0 = Debug|Any CPU
		{99C37FB0-59D6-465B-9EC6-B7AA29D51522}.Debug|ARM64.ActiveCfg = Debug|Any CPU
		{99C37FB0-59D6-465B-9EC6-B7AA29D51522}.Debug|ARM64.Build.0 = Debug|Any CPU
		{99C37FB0-59D6-465B-9EC6-B7AA29D51522}.Debug|x64.ActiveCfg = Debug|Any CPU
		{99C37FB0-59D6-465B-9EC6-B7AA29D51522}.Debug|x64.Build.0 = Debug|Any CPU
		{99C37FB0-59D6-465B-9EC6-B7AA29D51522}.Debug|x86.ActiveCfg = Debug|Any CPU
		{99C37FB0-59D6-465B-9EC6-B7AA29D51522}.Debug|x86.Build.0 = Debug|Any CPU
		{99C37FB0-59D6-465B-9EC6-B7AA29D51522}.Release|Any CPU.ActiveCfg = Release|Any CPU
		{99C37FB0-59D6-465B-9EC6-B7AA29D51522}.Release|Any CPU.Build.0 = Release|Any CPU
		{99C37FB0-59D6-465B-9EC6-B7AA29D51522}.Release|ARM.ActiveCfg = Release|Any CPU
		{99C37FB0-59D6-465B-9EC6-B7AA29D51522}.Release|ARM.Build.0 = Release|Any CPU
		{99C37FB0-59D6-465B-9EC6-B7AA29D51522}.Release|ARM64.ActiveCfg = Release|Any CPU
		{99C37FB0-59D6-465B-9EC6-B7AA29D51522}.Release|ARM64.Build.0 = Release|Any CPU
		{99C37FB0-59D6-465B-9EC6-B7AA29D51522}.Release|x64.ActiveCfg = Release|Any CPU
		{99C37FB0-59D6-465B-9EC6-B7AA29D51522}.Release|x64.Build.0 = Release|Any CPU
		{99C37FB0-59D6-465B-9EC6-B7AA29D51522}.Release|x86.ActiveCfg = Release|Any CPU
		{99C37FB0-59D6-465B-9EC6-B7AA29D51522}.Release|x86.Build.0 = Release|Any CPU
		{F1CB2ACF-FE68-4052-B2E6-5F1FA5F10DFF}.Debug|Any CPU.ActiveCfg = Debug|Any CPU
		{F1CB2ACF-FE68-4052-B2E6-5F1FA5F10DFF}.Debug|Any CPU.Build.0 = Debug|Any CPU
		{F1CB2ACF-FE68-4052-B2E6-5F1FA5F10DFF}.Debug|ARM.ActiveCfg = Debug|Any CPU
		{F1CB2ACF-FE68-4052-B2E6-5F1FA5F10DFF}.Debug|ARM.Build.0 = Debug|Any CPU
		{F1CB2ACF-FE68-4052-B2E6-5F1FA5F10DFF}.Debug|ARM64.ActiveCfg = Debug|Any CPU
		{F1CB2ACF-FE68-4052-B2E6-5F1FA5F10DFF}.Debug|ARM64.Build.0 = Debug|Any CPU
		{F1CB2ACF-FE68-4052-B2E6-5F1FA5F10DFF}.Debug|x64.ActiveCfg = Debug|Any CPU
		{F1CB2ACF-FE68-4052-B2E6-5F1FA5F10DFF}.Debug|x64.Build.0 = Debug|Any CPU
		{F1CB2ACF-FE68-4052-B2E6-5F1FA5F10DFF}.Debug|x86.ActiveCfg = Debug|Any CPU
		{F1CB2ACF-FE68-4052-B2E6-5F1FA5F10DFF}.Debug|x86.Build.0 = Debug|Any CPU
		{F1CB2ACF-FE68-4052-B2E6-5F1FA5F10DFF}.Release|Any CPU.ActiveCfg = Release|Any CPU
		{F1CB2ACF-FE68-4052-B2E6-5F1FA5F10DFF}.Release|Any CPU.Build.0 = Release|Any CPU
		{F1CB2ACF-FE68-4052-B2E6-5F1FA5F10DFF}.Release|ARM.ActiveCfg = Release|Any CPU
		{F1CB2ACF-FE68-4052-B2E6-5F1FA5F10DFF}.Release|ARM.Build.0 = Release|Any CPU
		{F1CB2ACF-FE68-4052-B2E6-5F1FA5F10DFF}.Release|ARM64.ActiveCfg = Release|Any CPU
		{F1CB2ACF-FE68-4052-B2E6-5F1FA5F10DFF}.Release|ARM64.Build.0 = Release|Any CPU
		{F1CB2ACF-FE68-4052-B2E6-5F1FA5F10DFF}.Release|x64.ActiveCfg = Release|Any CPU
		{F1CB2ACF-FE68-4052-B2E6-5F1FA5F10DFF}.Release|x64.Build.0 = Release|Any CPU
		{F1CB2ACF-FE68-4052-B2E6-5F1FA5F10DFF}.Release|x86.ActiveCfg = Release|Any CPU
		{F1CB2ACF-FE68-4052-B2E6-5F1FA5F10DFF}.Release|x86.Build.0 = Release|Any CPU
		{E92547FA-F144-4367-96D3-FAFA20087F48}.Debug|Any CPU.ActiveCfg = Debug|Any CPU
		{E92547FA-F144-4367-96D3-FAFA20087F48}.Debug|Any CPU.Build.0 = Debug|Any CPU
		{E92547FA-F144-4367-96D3-FAFA20087F48}.Debug|ARM.ActiveCfg = Debug|Any CPU
		{E92547FA-F144-4367-96D3-FAFA20087F48}.Debug|ARM.Build.0 = Debug|Any CPU
		{E92547FA-F144-4367-96D3-FAFA20087F48}.Debug|ARM64.ActiveCfg = Debug|Any CPU
		{E92547FA-F144-4367-96D3-FAFA20087F48}.Debug|ARM64.Build.0 = Debug|Any CPU
		{E92547FA-F144-4367-96D3-FAFA20087F48}.Debug|x64.ActiveCfg = Debug|Any CPU
		{E92547FA-F144-4367-96D3-FAFA20087F48}.Debug|x64.Build.0 = Debug|Any CPU
		{E92547FA-F144-4367-96D3-FAFA20087F48}.Debug|x86.ActiveCfg = Debug|Any CPU
		{E92547FA-F144-4367-96D3-FAFA20087F48}.Debug|x86.Build.0 = Debug|Any CPU
		{E92547FA-F144-4367-96D3-FAFA20087F48}.Release|Any CPU.ActiveCfg = Release|Any CPU
		{E92547FA-F144-4367-96D3-FAFA20087F48}.Release|Any CPU.Build.0 = Release|Any CPU
		{E92547FA-F144-4367-96D3-FAFA20087F48}.Release|ARM.ActiveCfg = Release|Any CPU
		{E92547FA-F144-4367-96D3-FAFA20087F48}.Release|ARM.Build.0 = Release|Any CPU
		{E92547FA-F144-4367-96D3-FAFA20087F48}.Release|ARM64.ActiveCfg = Release|Any CPU
		{E92547FA-F144-4367-96D3-FAFA20087F48}.Release|ARM64.Build.0 = Release|Any CPU
		{E92547FA-F144-4367-96D3-FAFA20087F48}.Release|x64.ActiveCfg = Release|Any CPU
		{E92547FA-F144-4367-96D3-FAFA20087F48}.Release|x64.Build.0 = Release|Any CPU
		{E92547FA-F144-4367-96D3-FAFA20087F48}.Release|x86.ActiveCfg = Release|Any CPU
		{E92547FA-F144-4367-96D3-FAFA20087F48}.Release|x86.Build.0 = Release|Any CPU
		{B09309AB-CBB3-47C2-9BA5-18816A77C719}.Debug|Any CPU.ActiveCfg = Debug|Any CPU
		{B09309AB-CBB3-47C2-9BA5-18816A77C719}.Debug|Any CPU.Build.0 = Debug|Any CPU
		{B09309AB-CBB3-47C2-9BA5-18816A77C719}.Debug|ARM.ActiveCfg = Debug|Any CPU
		{B09309AB-CBB3-47C2-9BA5-18816A77C719}.Debug|ARM.Build.0 = Debug|Any CPU
		{B09309AB-CBB3-47C2-9BA5-18816A77C719}.Debug|ARM64.ActiveCfg = Debug|Any CPU
		{B09309AB-CBB3-47C2-9BA5-18816A77C719}.Debug|ARM64.Build.0 = Debug|Any CPU
		{B09309AB-CBB3-47C2-9BA5-18816A77C719}.Debug|x64.ActiveCfg = Debug|Any CPU
		{B09309AB-CBB3-47C2-9BA5-18816A77C719}.Debug|x64.Build.0 = Debug|Any CPU
		{B09309AB-CBB3-47C2-9BA5-18816A77C719}.Debug|x86.ActiveCfg = Debug|Any CPU
		{B09309AB-CBB3-47C2-9BA5-18816A77C719}.Debug|x86.Build.0 = Debug|Any CPU
		{B09309AB-CBB3-47C2-9BA5-18816A77C719}.Release|Any CPU.ActiveCfg = Release|Any CPU
		{B09309AB-CBB3-47C2-9BA5-18816A77C719}.Release|Any CPU.Build.0 = Release|Any CPU
		{B09309AB-CBB3-47C2-9BA5-18816A77C719}.Release|ARM.ActiveCfg = Release|Any CPU
		{B09309AB-CBB3-47C2-9BA5-18816A77C719}.Release|ARM.Build.0 = Release|Any CPU
		{B09309AB-CBB3-47C2-9BA5-18816A77C719}.Release|ARM64.ActiveCfg = Release|Any CPU
		{B09309AB-CBB3-47C2-9BA5-18816A77C719}.Release|ARM64.Build.0 = Release|Any CPU
		{B09309AB-CBB3-47C2-9BA5-18816A77C719}.Release|x64.ActiveCfg = Release|Any CPU
		{B09309AB-CBB3-47C2-9BA5-18816A77C719}.Release|x64.Build.0 = Release|Any CPU
		{B09309AB-CBB3-47C2-9BA5-18816A77C719}.Release|x86.ActiveCfg = Release|Any CPU
		{B09309AB-CBB3-47C2-9BA5-18816A77C719}.Release|x86.Build.0 = Release|Any CPU
		{5DA487BA-909F-4962-9898-9D05BDC52945}.Debug|Any CPU.ActiveCfg = Debug|Any CPU
		{5DA487BA-909F-4962-9898-9D05BDC52945}.Debug|Any CPU.Build.0 = Debug|Any CPU
		{5DA487BA-909F-4962-9898-9D05BDC52945}.Debug|ARM.ActiveCfg = Debug|Any CPU
		{5DA487BA-909F-4962-9898-9D05BDC52945}.Debug|ARM.Build.0 = Debug|Any CPU
		{5DA487BA-909F-4962-9898-9D05BDC52945}.Debug|ARM64.ActiveCfg = Debug|Any CPU
		{5DA487BA-909F-4962-9898-9D05BDC52945}.Debug|ARM64.Build.0 = Debug|Any CPU
		{5DA487BA-909F-4962-9898-9D05BDC52945}.Debug|x64.ActiveCfg = Debug|Any CPU
		{5DA487BA-909F-4962-9898-9D05BDC52945}.Debug|x64.Build.0 = Debug|Any CPU
		{5DA487BA-909F-4962-9898-9D05BDC52945}.Debug|x86.ActiveCfg = Debug|Any CPU
		{5DA487BA-909F-4962-9898-9D05BDC52945}.Debug|x86.Build.0 = Debug|Any CPU
		{5DA487BA-909F-4962-9898-9D05BDC52945}.Release|Any CPU.ActiveCfg = Release|Any CPU
		{5DA487BA-909F-4962-9898-9D05BDC52945}.Release|Any CPU.Build.0 = Release|Any CPU
		{5DA487BA-909F-4962-9898-9D05BDC52945}.Release|ARM.ActiveCfg = Release|Any CPU
		{5DA487BA-909F-4962-9898-9D05BDC52945}.Release|ARM.Build.0 = Release|Any CPU
		{5DA487BA-909F-4962-9898-9D05BDC52945}.Release|ARM64.ActiveCfg = Release|Any CPU
		{5DA487BA-909F-4962-9898-9D05BDC52945}.Release|ARM64.Build.0 = Release|Any CPU
		{5DA487BA-909F-4962-9898-9D05BDC52945}.Release|x64.ActiveCfg = Release|Any CPU
		{5DA487BA-909F-4962-9898-9D05BDC52945}.Release|x64.Build.0 = Release|Any CPU
		{5DA487BA-909F-4962-9898-9D05BDC52945}.Release|x86.ActiveCfg = Release|Any CPU
		{5DA487BA-909F-4962-9898-9D05BDC52945}.Release|x86.Build.0 = Release|Any CPU
		{BC4DD6EB-7DD8-41BC-8CEC-4218D6CBB8DC}.Debug|Any CPU.ActiveCfg = Debug|Any CPU
		{BC4DD6EB-7DD8-41BC-8CEC-4218D6CBB8DC}.Debug|Any CPU.Build.0 = Debug|Any CPU
		{BC4DD6EB-7DD8-41BC-8CEC-4218D6CBB8DC}.Debug|ARM.ActiveCfg = Debug|Any CPU
		{BC4DD6EB-7DD8-41BC-8CEC-4218D6CBB8DC}.Debug|ARM.Build.0 = Debug|Any CPU
		{BC4DD6EB-7DD8-41BC-8CEC-4218D6CBB8DC}.Debug|ARM64.ActiveCfg = Debug|Any CPU
		{BC4DD6EB-7DD8-41BC-8CEC-4218D6CBB8DC}.Debug|ARM64.Build.0 = Debug|Any CPU
		{BC4DD6EB-7DD8-41BC-8CEC-4218D6CBB8DC}.Debug|x64.ActiveCfg = Debug|Any CPU
		{BC4DD6EB-7DD8-41BC-8CEC-4218D6CBB8DC}.Debug|x64.Build.0 = Debug|Any CPU
		{BC4DD6EB-7DD8-41BC-8CEC-4218D6CBB8DC}.Debug|x86.ActiveCfg = Debug|Any CPU
		{BC4DD6EB-7DD8-41BC-8CEC-4218D6CBB8DC}.Debug|x86.Build.0 = Debug|Any CPU
		{BC4DD6EB-7DD8-41BC-8CEC-4218D6CBB8DC}.Release|Any CPU.ActiveCfg = Release|Any CPU
		{BC4DD6EB-7DD8-41BC-8CEC-4218D6CBB8DC}.Release|Any CPU.Build.0 = Release|Any CPU
		{BC4DD6EB-7DD8-41BC-8CEC-4218D6CBB8DC}.Release|ARM.ActiveCfg = Release|Any CPU
		{BC4DD6EB-7DD8-41BC-8CEC-4218D6CBB8DC}.Release|ARM.Build.0 = Release|Any CPU
		{BC4DD6EB-7DD8-41BC-8CEC-4218D6CBB8DC}.Release|ARM64.ActiveCfg = Release|Any CPU
		{BC4DD6EB-7DD8-41BC-8CEC-4218D6CBB8DC}.Release|ARM64.Build.0 = Release|Any CPU
		{BC4DD6EB-7DD8-41BC-8CEC-4218D6CBB8DC}.Release|x64.ActiveCfg = Release|Any CPU
		{BC4DD6EB-7DD8-41BC-8CEC-4218D6CBB8DC}.Release|x64.Build.0 = Release|Any CPU
		{BC4DD6EB-7DD8-41BC-8CEC-4218D6CBB8DC}.Release|x86.ActiveCfg = Release|Any CPU
		{BC4DD6EB-7DD8-41BC-8CEC-4218D6CBB8DC}.Release|x86.Build.0 = Release|Any CPU
		{37188F5A-8A3B-4DF4-A792-3D98C23BF633}.Debug|Any CPU.ActiveCfg = Debug|Any CPU
		{37188F5A-8A3B-4DF4-A792-3D98C23BF633}.Debug|Any CPU.Build.0 = Debug|Any CPU
		{37188F5A-8A3B-4DF4-A792-3D98C23BF633}.Debug|ARM.ActiveCfg = Debug|Any CPU
		{37188F5A-8A3B-4DF4-A792-3D98C23BF633}.Debug|ARM.Build.0 = Debug|Any CPU
		{37188F5A-8A3B-4DF4-A792-3D98C23BF633}.Debug|ARM64.ActiveCfg = Debug|Any CPU
		{37188F5A-8A3B-4DF4-A792-3D98C23BF633}.Debug|ARM64.Build.0 = Debug|Any CPU
		{37188F5A-8A3B-4DF4-A792-3D98C23BF633}.Debug|x64.ActiveCfg = Debug|Any CPU
		{37188F5A-8A3B-4DF4-A792-3D98C23BF633}.Debug|x64.Build.0 = Debug|Any CPU
		{37188F5A-8A3B-4DF4-A792-3D98C23BF633}.Debug|x86.ActiveCfg = Debug|Any CPU
		{37188F5A-8A3B-4DF4-A792-3D98C23BF633}.Debug|x86.Build.0 = Debug|Any CPU
		{37188F5A-8A3B-4DF4-A792-3D98C23BF633}.Release|Any CPU.ActiveCfg = Release|Any CPU
		{37188F5A-8A3B-4DF4-A792-3D98C23BF633}.Release|Any CPU.Build.0 = Release|Any CPU
		{37188F5A-8A3B-4DF4-A792-3D98C23BF633}.Release|ARM.ActiveCfg = Release|Any CPU
		{37188F5A-8A3B-4DF4-A792-3D98C23BF633}.Release|ARM.Build.0 = Release|Any CPU
		{37188F5A-8A3B-4DF4-A792-3D98C23BF633}.Release|ARM64.ActiveCfg = Release|Any CPU
		{37188F5A-8A3B-4DF4-A792-3D98C23BF633}.Release|ARM64.Build.0 = Release|Any CPU
		{37188F5A-8A3B-4DF4-A792-3D98C23BF633}.Release|x64.ActiveCfg = Release|Any CPU
		{37188F5A-8A3B-4DF4-A792-3D98C23BF633}.Release|x64.Build.0 = Release|Any CPU
		{37188F5A-8A3B-4DF4-A792-3D98C23BF633}.Release|x86.ActiveCfg = Release|Any CPU
		{37188F5A-8A3B-4DF4-A792-3D98C23BF633}.Release|x86.Build.0 = Release|Any CPU
		{095C9FDA-372E-4E31-A4B3-7758EC5B67E0}.Debug|Any CPU.ActiveCfg = Debug|Any CPU
		{095C9FDA-372E-4E31-A4B3-7758EC5B67E0}.Debug|Any CPU.Build.0 = Debug|Any CPU
		{095C9FDA-372E-4E31-A4B3-7758EC5B67E0}.Debug|ARM.ActiveCfg = Debug|Any CPU
		{095C9FDA-372E-4E31-A4B3-7758EC5B67E0}.Debug|ARM.Build.0 = Debug|Any CPU
		{095C9FDA-372E-4E31-A4B3-7758EC5B67E0}.Debug|ARM64.ActiveCfg = Debug|Any CPU
		{095C9FDA-372E-4E31-A4B3-7758EC5B67E0}.Debug|ARM64.Build.0 = Debug|Any CPU
		{095C9FDA-372E-4E31-A4B3-7758EC5B67E0}.Debug|x64.ActiveCfg = Debug|Any CPU
		{095C9FDA-372E-4E31-A4B3-7758EC5B67E0}.Debug|x64.Build.0 = Debug|Any CPU
		{095C9FDA-372E-4E31-A4B3-7758EC5B67E0}.Debug|x86.ActiveCfg = Debug|Any CPU
		{095C9FDA-372E-4E31-A4B3-7758EC5B67E0}.Debug|x86.Build.0 = Debug|Any CPU
		{095C9FDA-372E-4E31-A4B3-7758EC5B67E0}.Release|Any CPU.ActiveCfg = Release|Any CPU
		{095C9FDA-372E-4E31-A4B3-7758EC5B67E0}.Release|Any CPU.Build.0 = Release|Any CPU
		{095C9FDA-372E-4E31-A4B3-7758EC5B67E0}.Release|ARM.ActiveCfg = Release|Any CPU
		{095C9FDA-372E-4E31-A4B3-7758EC5B67E0}.Release|ARM.Build.0 = Release|Any CPU
		{095C9FDA-372E-4E31-A4B3-7758EC5B67E0}.Release|ARM64.ActiveCfg = Release|Any CPU
		{095C9FDA-372E-4E31-A4B3-7758EC5B67E0}.Release|ARM64.Build.0 = Release|Any CPU
		{095C9FDA-372E-4E31-A4B3-7758EC5B67E0}.Release|x64.ActiveCfg = Release|Any CPU
		{095C9FDA-372E-4E31-A4B3-7758EC5B67E0}.Release|x64.Build.0 = Release|Any CPU
		{095C9FDA-372E-4E31-A4B3-7758EC5B67E0}.Release|x86.ActiveCfg = Release|Any CPU
		{095C9FDA-372E-4E31-A4B3-7758EC5B67E0}.Release|x86.Build.0 = Release|Any CPU
		{85D55C25-95AC-429E-8283-ECE37EBEDB89}.Debug|Any CPU.ActiveCfg = Debug|Any CPU
		{85D55C25-95AC-429E-8283-ECE37EBEDB89}.Debug|Any CPU.Build.0 = Debug|Any CPU
		{85D55C25-95AC-429E-8283-ECE37EBEDB89}.Debug|ARM.ActiveCfg = Debug|Any CPU
		{85D55C25-95AC-429E-8283-ECE37EBEDB89}.Debug|ARM.Build.0 = Debug|Any CPU
		{85D55C25-95AC-429E-8283-ECE37EBEDB89}.Debug|ARM64.ActiveCfg = Debug|Any CPU
		{85D55C25-95AC-429E-8283-ECE37EBEDB89}.Debug|ARM64.Build.0 = Debug|Any CPU
		{85D55C25-95AC-429E-8283-ECE37EBEDB89}.Debug|x64.ActiveCfg = Debug|Any CPU
		{85D55C25-95AC-429E-8283-ECE37EBEDB89}.Debug|x64.Build.0 = Debug|Any CPU
		{85D55C25-95AC-429E-8283-ECE37EBEDB89}.Debug|x86.ActiveCfg = Debug|Any CPU
		{85D55C25-95AC-429E-8283-ECE37EBEDB89}.Debug|x86.Build.0 = Debug|Any CPU
		{85D55C25-95AC-429E-8283-ECE37EBEDB89}.Release|Any CPU.ActiveCfg = Release|Any CPU
		{85D55C25-95AC-429E-8283-ECE37EBEDB89}.Release|Any CPU.Build.0 = Release|Any CPU
		{85D55C25-95AC-429E-8283-ECE37EBEDB89}.Release|ARM.ActiveCfg = Release|Any CPU
		{85D55C25-95AC-429E-8283-ECE37EBEDB89}.Release|ARM.Build.0 = Release|Any CPU
		{85D55C25-95AC-429E-8283-ECE37EBEDB89}.Release|ARM64.ActiveCfg = Release|Any CPU
		{85D55C25-95AC-429E-8283-ECE37EBEDB89}.Release|ARM64.Build.0 = Release|Any CPU
		{85D55C25-95AC-429E-8283-ECE37EBEDB89}.Release|x64.ActiveCfg = Release|Any CPU
		{85D55C25-95AC-429E-8283-ECE37EBEDB89}.Release|x64.Build.0 = Release|Any CPU
		{85D55C25-95AC-429E-8283-ECE37EBEDB89}.Release|x86.ActiveCfg = Release|Any CPU
		{85D55C25-95AC-429E-8283-ECE37EBEDB89}.Release|x86.Build.0 = Release|Any CPU
		{4551A897-E421-4CAF-BE73-EFA66641D8A2}.Debug|Any CPU.ActiveCfg = Debug|Any CPU
		{4551A897-E421-4CAF-BE73-EFA66641D8A2}.Debug|Any CPU.Build.0 = Debug|Any CPU
		{4551A897-E421-4CAF-BE73-EFA66641D8A2}.Debug|ARM.ActiveCfg = Debug|Any CPU
		{4551A897-E421-4CAF-BE73-EFA66641D8A2}.Debug|ARM.Build.0 = Debug|Any CPU
		{4551A897-E421-4CAF-BE73-EFA66641D8A2}.Debug|ARM64.ActiveCfg = Debug|Any CPU
		{4551A897-E421-4CAF-BE73-EFA66641D8A2}.Debug|ARM64.Build.0 = Debug|Any CPU
		{4551A897-E421-4CAF-BE73-EFA66641D8A2}.Debug|x64.ActiveCfg = Debug|Any CPU
		{4551A897-E421-4CAF-BE73-EFA66641D8A2}.Debug|x64.Build.0 = Debug|Any CPU
		{4551A897-E421-4CAF-BE73-EFA66641D8A2}.Debug|x86.ActiveCfg = Debug|Any CPU
		{4551A897-E421-4CAF-BE73-EFA66641D8A2}.Debug|x86.Build.0 = Debug|Any CPU
		{4551A897-E421-4CAF-BE73-EFA66641D8A2}.Release|Any CPU.ActiveCfg = Release|Any CPU
		{4551A897-E421-4CAF-BE73-EFA66641D8A2}.Release|Any CPU.Build.0 = Release|Any CPU
		{4551A897-E421-4CAF-BE73-EFA66641D8A2}.Release|ARM.ActiveCfg = Release|Any CPU
		{4551A897-E421-4CAF-BE73-EFA66641D8A2}.Release|ARM.Build.0 = Release|Any CPU
		{4551A897-E421-4CAF-BE73-EFA66641D8A2}.Release|ARM64.ActiveCfg = Release|Any CPU
		{4551A897-E421-4CAF-BE73-EFA66641D8A2}.Release|ARM64.Build.0 = Release|Any CPU
		{4551A897-E421-4CAF-BE73-EFA66641D8A2}.Release|x64.ActiveCfg = Release|Any CPU
		{4551A897-E421-4CAF-BE73-EFA66641D8A2}.Release|x64.Build.0 = Release|Any CPU
		{4551A897-E421-4CAF-BE73-EFA66641D8A2}.Release|x86.ActiveCfg = Release|Any CPU
		{4551A897-E421-4CAF-BE73-EFA66641D8A2}.Release|x86.Build.0 = Release|Any CPU
		{BFFA9D30-BF78-46D1-8F3E-F7EB13AEDD25}.Debug|Any CPU.ActiveCfg = Debug|Any CPU
		{BFFA9D30-BF78-46D1-8F3E-F7EB13AEDD25}.Debug|Any CPU.Build.0 = Debug|Any CPU
		{BFFA9D30-BF78-46D1-8F3E-F7EB13AEDD25}.Debug|ARM.ActiveCfg = Debug|Any CPU
		{BFFA9D30-BF78-46D1-8F3E-F7EB13AEDD25}.Debug|ARM.Build.0 = Debug|Any CPU
		{BFFA9D30-BF78-46D1-8F3E-F7EB13AEDD25}.Debug|ARM64.ActiveCfg = Debug|Any CPU
		{BFFA9D30-BF78-46D1-8F3E-F7EB13AEDD25}.Debug|ARM64.Build.0 = Debug|Any CPU
		{BFFA9D30-BF78-46D1-8F3E-F7EB13AEDD25}.Debug|x64.ActiveCfg = Debug|Any CPU
		{BFFA9D30-BF78-46D1-8F3E-F7EB13AEDD25}.Debug|x64.Build.0 = Debug|Any CPU
		{BFFA9D30-BF78-46D1-8F3E-F7EB13AEDD25}.Debug|x86.ActiveCfg = Debug|Any CPU
		{BFFA9D30-BF78-46D1-8F3E-F7EB13AEDD25}.Debug|x86.Build.0 = Debug|Any CPU
		{BFFA9D30-BF78-46D1-8F3E-F7EB13AEDD25}.Release|Any CPU.ActiveCfg = Release|Any CPU
		{BFFA9D30-BF78-46D1-8F3E-F7EB13AEDD25}.Release|Any CPU.Build.0 = Release|Any CPU
		{BFFA9D30-BF78-46D1-8F3E-F7EB13AEDD25}.Release|ARM.ActiveCfg = Release|Any CPU
		{BFFA9D30-BF78-46D1-8F3E-F7EB13AEDD25}.Release|ARM.Build.0 = Release|Any CPU
		{BFFA9D30-BF78-46D1-8F3E-F7EB13AEDD25}.Release|ARM64.ActiveCfg = Release|Any CPU
		{BFFA9D30-BF78-46D1-8F3E-F7EB13AEDD25}.Release|ARM64.Build.0 = Release|Any CPU
		{BFFA9D30-BF78-46D1-8F3E-F7EB13AEDD25}.Release|x64.ActiveCfg = Release|Any CPU
		{BFFA9D30-BF78-46D1-8F3E-F7EB13AEDD25}.Release|x64.Build.0 = Release|Any CPU
		{BFFA9D30-BF78-46D1-8F3E-F7EB13AEDD25}.Release|x86.ActiveCfg = Release|Any CPU
		{BFFA9D30-BF78-46D1-8F3E-F7EB13AEDD25}.Release|x86.Build.0 = Release|Any CPU
		{88228306-0F68-41E2-AEBA-5A8E8467CDA6}.Debug|Any CPU.ActiveCfg = Debug|Any CPU
		{88228306-0F68-41E2-AEBA-5A8E8467CDA6}.Debug|Any CPU.Build.0 = Debug|Any CPU
		{88228306-0F68-41E2-AEBA-5A8E8467CDA6}.Debug|ARM.ActiveCfg = Debug|Any CPU
		{88228306-0F68-41E2-AEBA-5A8E8467CDA6}.Debug|ARM.Build.0 = Debug|Any CPU
		{88228306-0F68-41E2-AEBA-5A8E8467CDA6}.Debug|ARM64.ActiveCfg = Debug|Any CPU
		{88228306-0F68-41E2-AEBA-5A8E8467CDA6}.Debug|ARM64.Build.0 = Debug|Any CPU
		{88228306-0F68-41E2-AEBA-5A8E8467CDA6}.Debug|x64.ActiveCfg = Debug|Any CPU
		{88228306-0F68-41E2-AEBA-5A8E8467CDA6}.Debug|x64.Build.0 = Debug|Any CPU
		{88228306-0F68-41E2-AEBA-5A8E8467CDA6}.Debug|x86.ActiveCfg = Debug|Any CPU
		{88228306-0F68-41E2-AEBA-5A8E8467CDA6}.Debug|x86.Build.0 = Debug|Any CPU
		{88228306-0F68-41E2-AEBA-5A8E8467CDA6}.Release|Any CPU.ActiveCfg = Release|Any CPU
		{88228306-0F68-41E2-AEBA-5A8E8467CDA6}.Release|Any CPU.Build.0 = Release|Any CPU
		{88228306-0F68-41E2-AEBA-5A8E8467CDA6}.Release|ARM.ActiveCfg = Release|Any CPU
		{88228306-0F68-41E2-AEBA-5A8E8467CDA6}.Release|ARM.Build.0 = Release|Any CPU
		{88228306-0F68-41E2-AEBA-5A8E8467CDA6}.Release|ARM64.ActiveCfg = Release|Any CPU
		{88228306-0F68-41E2-AEBA-5A8E8467CDA6}.Release|ARM64.Build.0 = Release|Any CPU
		{88228306-0F68-41E2-AEBA-5A8E8467CDA6}.Release|x64.ActiveCfg = Release|Any CPU
		{88228306-0F68-41E2-AEBA-5A8E8467CDA6}.Release|x64.Build.0 = Release|Any CPU
		{88228306-0F68-41E2-AEBA-5A8E8467CDA6}.Release|x86.ActiveCfg = Release|Any CPU
		{88228306-0F68-41E2-AEBA-5A8E8467CDA6}.Release|x86.Build.0 = Release|Any CPU
		{74D192BF-81D7-47B5-A792-0CB20C85DDA9}.Debug|Any CPU.ActiveCfg = Debug|Any CPU
		{74D192BF-81D7-47B5-A792-0CB20C85DDA9}.Debug|Any CPU.Build.0 = Debug|Any CPU
		{74D192BF-81D7-47B5-A792-0CB20C85DDA9}.Debug|ARM.ActiveCfg = Debug|Any CPU
		{74D192BF-81D7-47B5-A792-0CB20C85DDA9}.Debug|ARM.Build.0 = Debug|Any CPU
		{74D192BF-81D7-47B5-A792-0CB20C85DDA9}.Debug|ARM64.ActiveCfg = Debug|Any CPU
		{74D192BF-81D7-47B5-A792-0CB20C85DDA9}.Debug|ARM64.Build.0 = Debug|Any CPU
		{74D192BF-81D7-47B5-A792-0CB20C85DDA9}.Debug|x64.ActiveCfg = Debug|Any CPU
		{74D192BF-81D7-47B5-A792-0CB20C85DDA9}.Debug|x64.Build.0 = Debug|Any CPU
		{74D192BF-81D7-47B5-A792-0CB20C85DDA9}.Debug|x86.ActiveCfg = Debug|Any CPU
		{74D192BF-81D7-47B5-A792-0CB20C85DDA9}.Debug|x86.Build.0 = Debug|Any CPU
		{74D192BF-81D7-47B5-A792-0CB20C85DDA9}.Release|Any CPU.ActiveCfg = Release|Any CPU
		{74D192BF-81D7-47B5-A792-0CB20C85DDA9}.Release|Any CPU.Build.0 = Release|Any CPU
		{74D192BF-81D7-47B5-A792-0CB20C85DDA9}.Release|ARM.ActiveCfg = Release|Any CPU
		{74D192BF-81D7-47B5-A792-0CB20C85DDA9}.Release|ARM.Build.0 = Release|Any CPU
		{74D192BF-81D7-47B5-A792-0CB20C85DDA9}.Release|ARM64.ActiveCfg = Release|Any CPU
		{74D192BF-81D7-47B5-A792-0CB20C85DDA9}.Release|ARM64.Build.0 = Release|Any CPU
		{74D192BF-81D7-47B5-A792-0CB20C85DDA9}.Release|x64.ActiveCfg = Release|Any CPU
		{74D192BF-81D7-47B5-A792-0CB20C85DDA9}.Release|x64.Build.0 = Release|Any CPU
		{74D192BF-81D7-47B5-A792-0CB20C85DDA9}.Release|x86.ActiveCfg = Release|Any CPU
		{74D192BF-81D7-47B5-A792-0CB20C85DDA9}.Release|x86.Build.0 = Release|Any CPU
		{EDB745FE-24F4-41E6-BD3B-C806C959458C}.Debug|Any CPU.ActiveCfg = Debug|Any CPU
		{EDB745FE-24F4-41E6-BD3B-C806C959458C}.Debug|Any CPU.Build.0 = Debug|Any CPU
		{EDB745FE-24F4-41E6-BD3B-C806C959458C}.Debug|ARM.ActiveCfg = Debug|Any CPU
		{EDB745FE-24F4-41E6-BD3B-C806C959458C}.Debug|ARM.Build.0 = Debug|Any CPU
		{EDB745FE-24F4-41E6-BD3B-C806C959458C}.Debug|ARM64.ActiveCfg = Debug|Any CPU
		{EDB745FE-24F4-41E6-BD3B-C806C959458C}.Debug|ARM64.Build.0 = Debug|Any CPU
		{EDB745FE-24F4-41E6-BD3B-C806C959458C}.Debug|x64.ActiveCfg = Debug|Any CPU
		{EDB745FE-24F4-41E6-BD3B-C806C959458C}.Debug|x64.Build.0 = Debug|Any CPU
		{EDB745FE-24F4-41E6-BD3B-C806C959458C}.Debug|x86.ActiveCfg = Debug|Any CPU
		{EDB745FE-24F4-41E6-BD3B-C806C959458C}.Debug|x86.Build.0 = Debug|Any CPU
		{EDB745FE-24F4-41E6-BD3B-C806C959458C}.Release|Any CPU.ActiveCfg = Release|Any CPU
		{EDB745FE-24F4-41E6-BD3B-C806C959458C}.Release|Any CPU.Build.0 = Release|Any CPU
		{EDB745FE-24F4-41E6-BD3B-C806C959458C}.Release|ARM.ActiveCfg = Release|Any CPU
		{EDB745FE-24F4-41E6-BD3B-C806C959458C}.Release|ARM.Build.0 = Release|Any CPU
		{EDB745FE-24F4-41E6-BD3B-C806C959458C}.Release|ARM64.ActiveCfg = Release|Any CPU
		{EDB745FE-24F4-41E6-BD3B-C806C959458C}.Release|ARM64.Build.0 = Release|Any CPU
		{EDB745FE-24F4-41E6-BD3B-C806C959458C}.Release|x64.ActiveCfg = Release|Any CPU
		{EDB745FE-24F4-41E6-BD3B-C806C959458C}.Release|x64.Build.0 = Release|Any CPU
		{EDB745FE-24F4-41E6-BD3B-C806C959458C}.Release|x86.ActiveCfg = Release|Any CPU
		{EDB745FE-24F4-41E6-BD3B-C806C959458C}.Release|x86.Build.0 = Release|Any CPU
		{B60BE8AA-D81C-4047-9B3F-E682196CBF39}.Debug|Any CPU.ActiveCfg = Debug|Any CPU
		{B60BE8AA-D81C-4047-9B3F-E682196CBF39}.Debug|Any CPU.Build.0 = Debug|Any CPU
		{B60BE8AA-D81C-4047-9B3F-E682196CBF39}.Debug|ARM.ActiveCfg = Debug|Any CPU
		{B60BE8AA-D81C-4047-9B3F-E682196CBF39}.Debug|ARM.Build.0 = Debug|Any CPU
		{B60BE8AA-D81C-4047-9B3F-E682196CBF39}.Debug|ARM64.ActiveCfg = Debug|Any CPU
		{B60BE8AA-D81C-4047-9B3F-E682196CBF39}.Debug|ARM64.Build.0 = Debug|Any CPU
		{B60BE8AA-D81C-4047-9B3F-E682196CBF39}.Debug|x64.ActiveCfg = Debug|Any CPU
		{B60BE8AA-D81C-4047-9B3F-E682196CBF39}.Debug|x64.Build.0 = Debug|Any CPU
		{B60BE8AA-D81C-4047-9B3F-E682196CBF39}.Debug|x86.ActiveCfg = Debug|Any CPU
		{B60BE8AA-D81C-4047-9B3F-E682196CBF39}.Debug|x86.Build.0 = Debug|Any CPU
		{B60BE8AA-D81C-4047-9B3F-E682196CBF39}.Release|Any CPU.ActiveCfg = Release|Any CPU
		{B60BE8AA-D81C-4047-9B3F-E682196CBF39}.Release|Any CPU.Build.0 = Release|Any CPU
		{B60BE8AA-D81C-4047-9B3F-E682196CBF39}.Release|ARM.ActiveCfg = Release|Any CPU
		{B60BE8AA-D81C-4047-9B3F-E682196CBF39}.Release|ARM.Build.0 = Release|Any CPU
		{B60BE8AA-D81C-4047-9B3F-E682196CBF39}.Release|ARM64.ActiveCfg = Release|Any CPU
		{B60BE8AA-D81C-4047-9B3F-E682196CBF39}.Release|ARM64.Build.0 = Release|Any CPU
		{B60BE8AA-D81C-4047-9B3F-E682196CBF39}.Release|x64.ActiveCfg = Release|Any CPU
		{B60BE8AA-D81C-4047-9B3F-E682196CBF39}.Release|x64.Build.0 = Release|Any CPU
		{B60BE8AA-D81C-4047-9B3F-E682196CBF39}.Release|x86.ActiveCfg = Release|Any CPU
		{B60BE8AA-D81C-4047-9B3F-E682196CBF39}.Release|x86.Build.0 = Release|Any CPU
		{FEBAABAF-97CB-43A9-B96F-3A0B86DDC9AA}.Debug|Any CPU.ActiveCfg = Debug|Any CPU
		{FEBAABAF-97CB-43A9-B96F-3A0B86DDC9AA}.Debug|Any CPU.Build.0 = Debug|Any CPU
		{FEBAABAF-97CB-43A9-B96F-3A0B86DDC9AA}.Debug|ARM.ActiveCfg = Debug|Any CPU
		{FEBAABAF-97CB-43A9-B96F-3A0B86DDC9AA}.Debug|ARM.Build.0 = Debug|Any CPU
		{FEBAABAF-97CB-43A9-B96F-3A0B86DDC9AA}.Debug|ARM64.ActiveCfg = Debug|Any CPU
		{FEBAABAF-97CB-43A9-B96F-3A0B86DDC9AA}.Debug|ARM64.Build.0 = Debug|Any CPU
		{FEBAABAF-97CB-43A9-B96F-3A0B86DDC9AA}.Debug|x64.ActiveCfg = Debug|Any CPU
		{FEBAABAF-97CB-43A9-B96F-3A0B86DDC9AA}.Debug|x64.Build.0 = Debug|Any CPU
		{FEBAABAF-97CB-43A9-B96F-3A0B86DDC9AA}.Debug|x86.ActiveCfg = Debug|Any CPU
		{FEBAABAF-97CB-43A9-B96F-3A0B86DDC9AA}.Debug|x86.Build.0 = Debug|Any CPU
		{FEBAABAF-97CB-43A9-B96F-3A0B86DDC9AA}.Release|Any CPU.ActiveCfg = Release|Any CPU
		{FEBAABAF-97CB-43A9-B96F-3A0B86DDC9AA}.Release|Any CPU.Build.0 = Release|Any CPU
		{FEBAABAF-97CB-43A9-B96F-3A0B86DDC9AA}.Release|ARM.ActiveCfg = Release|Any CPU
		{FEBAABAF-97CB-43A9-B96F-3A0B86DDC9AA}.Release|ARM.Build.0 = Release|Any CPU
		{FEBAABAF-97CB-43A9-B96F-3A0B86DDC9AA}.Release|ARM64.ActiveCfg = Release|Any CPU
		{FEBAABAF-97CB-43A9-B96F-3A0B86DDC9AA}.Release|ARM64.Build.0 = Release|Any CPU
		{FEBAABAF-97CB-43A9-B96F-3A0B86DDC9AA}.Release|x64.ActiveCfg = Release|Any CPU
		{FEBAABAF-97CB-43A9-B96F-3A0B86DDC9AA}.Release|x64.Build.0 = Release|Any CPU
		{FEBAABAF-97CB-43A9-B96F-3A0B86DDC9AA}.Release|x86.ActiveCfg = Release|Any CPU
		{FEBAABAF-97CB-43A9-B96F-3A0B86DDC9AA}.Release|x86.Build.0 = Release|Any CPU
	EndGlobalSection
	GlobalSection(SolutionProperties) = preSolution
		HideSolutionNode = FALSE
	EndGlobalSection
	GlobalSection(ExtensibilityGlobals) = postSolution
		SolutionGuid = {10135AC3-E570-42BD-A319-B0268E299C9D}
	EndGlobalSection
EndGlobal
